// !$*UTF8*$!
{
	archiveVersion = 1;
	classes = {
	};
	objectVersion = 46;
	objects = {

/* Begin PBXBuildFile section */
		2FD0D4C016A83D01002803CB /* VAVAMViewController.m in Sources */ = {isa = PBXBuildFile; fileRef = 2FD0D4BF16A83D01002803CB /* VAVAMViewController.m */; };
		2FD0D4C316A83D5A002803CB /* VATaktTimeViewController.m in Sources */ = {isa = PBXBuildFile; fileRef = 2FD0D4C216A83D5A002803CB /* VATaktTimeViewController.m */; };
		2FD0D4C616A83DB7002803CB /* VACycleTimeViewController.m in Sources */ = {isa = PBXBuildFile; fileRef = 2FD0D4C516A83DB6002803CB /* VACycleTimeViewController.m */; };
		2FD0D4C916A83E63002803CB /* VASpaChartViewController.m in Sources */ = {isa = PBXBuildFile; fileRef = 2FD0D4C816A83E63002803CB /* VASpaChartViewController.m */; };
		2FD0D4CC16A83EDD002803CB /* VAPqprViewController.m in Sources */ = {isa = PBXBuildFile; fileRef = 2FD0D4CB16A83EDC002803CB /* VAPqprViewController.m */; };
		2FD0D4D016A83F00002803CB /* TDAppDelegate.m in Sources */ = {isa = PBXBuildFile; fileRef = 2FD0D4CF16A83F00002803CB /* TDAppDelegate.m */; };
		2FD0D4EB16A8439D002803CB /* VAProject.m in Sources */ = {isa = PBXBuildFile; fileRef = 2FD0D4EA16A8439D002803CB /* VAProject.m */; };
		2FD0D4EE16A8469F002803CB /* VAProjDetailViewController.m in Sources */ = {isa = PBXBuildFile; fileRef = 2FD0D4ED16A8469F002803CB /* VAProjDetailViewController.m */; };
		2FD0D4F716A85449002803CB /* TDLanguage.m in Sources */ = {isa = PBXBuildFile; fileRef = 2FD0D4F616A85449002803CB /* TDLanguage.m */; };
		2FD0D4FC16A85541002803CB /* Localizable.strings in Resources */ = {isa = PBXBuildFile; fileRef = 2FD0D4FA16A85541002803CB /* Localizable.strings */; };
		2FD0D50516A85B88002803CB /* UIGridView.m in Sources */ = {isa = PBXBuildFile; fileRef = 2FD0D4FF16A85B88002803CB /* UIGridView.m */; };
		2FD0D50616A85B88002803CB /* UIGridViewCell.m in Sources */ = {isa = PBXBuildFile; fileRef = 2FD0D50116A85B88002803CB /* UIGridViewCell.m */; };
		2FD0D50716A85B88002803CB /* UIGridViewRow.m in Sources */ = {isa = PBXBuildFile; fileRef = 2FD0D50416A85B88002803CB /* UIGridViewRow.m */; };
		2FD0D51B16A85E4C002803CB /* TDDatabase.m in Sources */ = {isa = PBXBuildFile; fileRef = 2FD0D51816A85E4C002803CB /* TDDatabase.m */; };
		2FD0D51C16A85E4C002803CB /* TDSqlManager.m in Sources */ = {isa = PBXBuildFile; fileRef = 2FD0D51A16A85E4C002803CB /* TDSqlManager.m */; };
		2FD0D51F16A860CA002803CB /* TDTextView.m in Sources */ = {isa = PBXBuildFile; fileRef = 2FD0D51E16A860CA002803CB /* TDTextView.m */; };
		2FDA03E116A5053B00F50D40 /* UIKit.framework in Frameworks */ = {isa = PBXBuildFile; fileRef = 2FDA03E016A5053B00F50D40 /* UIKit.framework */; };
		2FDA03E316A5053B00F50D40 /* Foundation.framework in Frameworks */ = {isa = PBXBuildFile; fileRef = 2FDA03E216A5053B00F50D40 /* Foundation.framework */; };
		2FDA03E516A5053B00F50D40 /* CoreGraphics.framework in Frameworks */ = {isa = PBXBuildFile; fileRef = 2FDA03E416A5053B00F50D40 /* CoreGraphics.framework */; };
		2FDA03EB16A5053B00F50D40 /* InfoPlist.strings in Resources */ = {isa = PBXBuildFile; fileRef = 2FDA03E916A5053B00F50D40 /* InfoPlist.strings */; };
		2FDA03ED16A5053B00F50D40 /* main.m in Sources */ = {isa = PBXBuildFile; fileRef = 2FDA03EC16A5053B00F50D40 /* main.m */; };
		2FDA03F316A5053C00F50D40 /* Default.png in Resources */ = {isa = PBXBuildFile; fileRef = 2FDA03F216A5053C00F50D40 /* Default.png */; };
		2FDA03F516A5053C00F50D40 /* Default@2x.png in Resources */ = {isa = PBXBuildFile; fileRef = 2FDA03F416A5053C00F50D40 /* Default@2x.png */; };
		2FDA03F716A5053C00F50D40 /* Default-568h@2x.png in Resources */ = {isa = PBXBuildFile; fileRef = 2FDA03F616A5053C00F50D40 /* Default-568h@2x.png */; };
		2FDA03FA16A5053C00F50D40 /* MainStoryboard.storyboard in Resources */ = {isa = PBXBuildFile; fileRef = 2FDA03F816A5053C00F50D40 /* MainStoryboard.storyboard */; };
		A73F391516A83B650055586C /* LeanApp.sqlite in Resources */ = {isa = PBXBuildFile; fileRef = A73F391416A83B650055586C /* LeanApp.sqlite */; };
/* End PBXBuildFile section */

/* Begin PBXFileReference section */
		2FD0D4BE16A83D01002803CB /* VAVAMViewController.h */ = {isa = PBXFileReference; fileEncoding = 4; lastKnownFileType = sourcecode.c.h; path = VAVAMViewController.h; sourceTree = "<group>"; };
		2FD0D4BF16A83D01002803CB /* VAVAMViewController.m */ = {isa = PBXFileReference; fileEncoding = 4; lastKnownFileType = sourcecode.c.objc; path = VAVAMViewController.m; sourceTree = "<group>"; };
		2FD0D4C116A83D5A002803CB /* VATaktTimeViewController.h */ = {isa = PBXFileReference; fileEncoding = 4; lastKnownFileType = sourcecode.c.h; path = VATaktTimeViewController.h; sourceTree = "<group>"; };
		2FD0D4C216A83D5A002803CB /* VATaktTimeViewController.m */ = {isa = PBXFileReference; fileEncoding = 4; lastKnownFileType = sourcecode.c.objc; path = VATaktTimeViewController.m; sourceTree = "<group>"; };
		2FD0D4C416A83DB6002803CB /* VACycleTimeViewController.h */ = {isa = PBXFileReference; fileEncoding = 4; lastKnownFileType = sourcecode.c.h; path = VACycleTimeViewController.h; sourceTree = "<group>"; };
		2FD0D4C516A83DB6002803CB /* VACycleTimeViewController.m */ = {isa = PBXFileReference; fileEncoding = 4; lastKnownFileType = sourcecode.c.objc; path = VACycleTimeViewController.m; sourceTree = "<group>"; };
		2FD0D4C716A83E63002803CB /* VASpaChartViewController.h */ = {isa = PBXFileReference; fileEncoding = 4; lastKnownFileType = sourcecode.c.h; path = VASpaChartViewController.h; sourceTree = "<group>"; };
		2FD0D4C816A83E63002803CB /* VASpaChartViewController.m */ = {isa = PBXFileReference; fileEncoding = 4; lastKnownFileType = sourcecode.c.objc; path = VASpaChartViewController.m; sourceTree = "<group>"; };
		2FD0D4CA16A83EDC002803CB /* VAPqprViewController.h */ = {isa = PBXFileReference; fileEncoding = 4; lastKnownFileType = sourcecode.c.h; path = VAPqprViewController.h; sourceTree = "<group>"; };
		2FD0D4CB16A83EDC002803CB /* VAPqprViewController.m */ = {isa = PBXFileReference; fileEncoding = 4; lastKnownFileType = sourcecode.c.objc; path = VAPqprViewController.m; sourceTree = "<group>"; };
		2FD0D4CE16A83F00002803CB /* TDAppDelegate.h */ = {isa = PBXFileReference; fileEncoding = 4; lastKnownFileType = sourcecode.c.h; path = TDAppDelegate.h; sourceTree = "<group>"; };
		2FD0D4CF16A83F00002803CB /* TDAppDelegate.m */ = {isa = PBXFileReference; fileEncoding = 4; lastKnownFileType = sourcecode.c.objc; path = TDAppDelegate.m; sourceTree = "<group>"; };
		2FD0D4E916A8439D002803CB /* VAProject.h */ = {isa = PBXFileReference; fileEncoding = 4; lastKnownFileType = sourcecode.c.h; path = VAProject.h; sourceTree = "<group>"; };
		2FD0D4EA16A8439D002803CB /* VAProject.m */ = {isa = PBXFileReference; fileEncoding = 4; lastKnownFileType = sourcecode.c.objc; path = VAProject.m; sourceTree = "<group>"; };
		2FD0D4EC16A8469F002803CB /* VAProjDetailViewController.h */ = {isa = PBXFileReference; fileEncoding = 4; lastKnownFileType = sourcecode.c.h; path = VAProjDetailViewController.h; sourceTree = "<group>"; };
		2FD0D4ED16A8469F002803CB /* VAProjDetailViewController.m */ = {isa = PBXFileReference; fileEncoding = 4; lastKnownFileType = sourcecode.c.objc; path = VAProjDetailViewController.m; sourceTree = "<group>"; };
		2FD0D4F516A85449002803CB /* TDLanguage.h */ = {isa = PBXFileReference; fileEncoding = 4; lastKnownFileType = sourcecode.c.h; path = TDLanguage.h; sourceTree = "<group>"; };
		2FD0D4F616A85449002803CB /* TDLanguage.m */ = {isa = PBXFileReference; fileEncoding = 4; lastKnownFileType = sourcecode.c.objc; path = TDLanguage.m; sourceTree = "<group>"; };
		2FD0D4F916A854DB002803CB /* TDCommonLibs.h */ = {isa = PBXFileReference; fileEncoding = 4; lastKnownFileType = sourcecode.c.h; path = TDCommonLibs.h; sourceTree = "<group>"; };
		2FD0D4FB16A85541002803CB /* en */ = {isa = PBXFileReference; lastKnownFileType = text.plist.strings; name = en; path = en.lproj/Localizable.strings; sourceTree = "<group>"; };
		2FD0D4FE16A85B88002803CB /* UIGridView.h */ = {isa = PBXFileReference; fileEncoding = 4; lastKnownFileType = sourcecode.c.h; path = UIGridView.h; sourceTree = "<group>"; };
		2FD0D4FF16A85B88002803CB /* UIGridView.m */ = {isa = PBXFileReference; fileEncoding = 4; lastKnownFileType = sourcecode.c.objc; path = UIGridView.m; sourceTree = "<group>"; };
		2FD0D50016A85B88002803CB /* UIGridViewCell.h */ = {isa = PBXFileReference; fileEncoding = 4; lastKnownFileType = sourcecode.c.h; path = UIGridViewCell.h; sourceTree = "<group>"; };
		2FD0D50116A85B88002803CB /* UIGridViewCell.m */ = {isa = PBXFileReference; fileEncoding = 4; lastKnownFileType = sourcecode.c.objc; path = UIGridViewCell.m; sourceTree = "<group>"; };
		2FD0D50216A85B88002803CB /* UIGridViewDelegate.h */ = {isa = PBXFileReference; fileEncoding = 4; lastKnownFileType = sourcecode.c.h; path = UIGridViewDelegate.h; sourceTree = "<group>"; };
		2FD0D50316A85B88002803CB /* UIGridViewRow.h */ = {isa = PBXFileReference; fileEncoding = 4; lastKnownFileType = sourcecode.c.h; path = UIGridViewRow.h; sourceTree = "<group>"; };
		2FD0D50416A85B88002803CB /* UIGridViewRow.m */ = {isa = PBXFileReference; fileEncoding = 4; lastKnownFileType = sourcecode.c.objc; path = UIGridViewRow.m; sourceTree = "<group>"; };
		2FD0D51516A85E1D002803CB /* TDLog.h */ = {isa = PBXFileReference; fileEncoding = 4; lastKnownFileType = sourcecode.c.h; path = TDLog.h; sourceTree = "<group>"; };
		2FD0D51716A85E4C002803CB /* TDDatabase.h */ = {isa = PBXFileReference; fileEncoding = 4; lastKnownFileType = sourcecode.c.h; path = TDDatabase.h; sourceTree = "<group>"; };
		2FD0D51816A85E4C002803CB /* TDDatabase.m */ = {isa = PBXFileReference; fileEncoding = 4; lastKnownFileType = sourcecode.c.objc; path = TDDatabase.m; sourceTree = "<group>"; };
		2FD0D51916A85E4C002803CB /* TDSqlManager.h */ = {isa = PBXFileReference; fileEncoding = 4; lastKnownFileType = sourcecode.c.h; path = TDSqlManager.h; sourceTree = "<group>"; };
		2FD0D51A16A85E4C002803CB /* TDSqlManager.m */ = {isa = PBXFileReference; fileEncoding = 4; lastKnownFileType = sourcecode.c.objc; path = TDSqlManager.m; sourceTree = "<group>"; };
		2FD0D51D16A860CA002803CB /* TDTextView.h */ = {isa = PBXFileReference; fileEncoding = 4; lastKnownFileType = sourcecode.c.h; path = TDTextView.h; sourceTree = "<group>"; };
		2FD0D51E16A860CA002803CB /* TDTextView.m */ = {isa = PBXFileReference; fileEncoding = 4; lastKnownFileType = sourcecode.c.objc; path = TDTextView.m; sourceTree = "<group>"; };
		2FDA03DC16A5053B00F50D40 /* LearnApp.app */ = {isa = PBXFileReference; explicitFileType = wrapper.application; includeInIndex = 0; path = LearnApp.app; sourceTree = BUILT_PRODUCTS_DIR; };
		2FDA03E016A5053B00F50D40 /* UIKit.framework */ = {isa = PBXFileReference; lastKnownFileType = wrapper.framework; name = UIKit.framework; path = System/Library/Frameworks/UIKit.framework; sourceTree = SDKROOT; };
		2FDA03E216A5053B00F50D40 /* Foundation.framework */ = {isa = PBXFileReference; lastKnownFileType = wrapper.framework; name = Foundation.framework; path = System/Library/Frameworks/Foundation.framework; sourceTree = SDKROOT; };
		2FDA03E416A5053B00F50D40 /* CoreGraphics.framework */ = {isa = PBXFileReference; lastKnownFileType = wrapper.framework; name = CoreGraphics.framework; path = System/Library/Frameworks/CoreGraphics.framework; sourceTree = SDKROOT; };
		2FDA03E816A5053B00F50D40 /* LearnApp-Info.plist */ = {isa = PBXFileReference; lastKnownFileType = text.plist.xml; path = "LearnApp-Info.plist"; sourceTree = "<group>"; };
		2FDA03EA16A5053B00F50D40 /* en */ = {isa = PBXFileReference; lastKnownFileType = text.plist.strings; name = en; path = en.lproj/InfoPlist.strings; sourceTree = "<group>"; };
		2FDA03EC16A5053B00F50D40 /* main.m */ = {isa = PBXFileReference; lastKnownFileType = sourcecode.c.objc; path = main.m; sourceTree = "<group>"; };
		2FDA03EE16A5053B00F50D40 /* LearnApp-Prefix.pch */ = {isa = PBXFileReference; lastKnownFileType = sourcecode.c.h; path = "LearnApp-Prefix.pch"; sourceTree = "<group>"; };
		2FDA03F216A5053C00F50D40 /* Default.png */ = {isa = PBXFileReference; lastKnownFileType = image.png; path = Default.png; sourceTree = "<group>"; };
		2FDA03F416A5053C00F50D40 /* Default@2x.png */ = {isa = PBXFileReference; lastKnownFileType = image.png; path = "Default@2x.png"; sourceTree = "<group>"; };
		2FDA03F616A5053C00F50D40 /* Default-568h@2x.png */ = {isa = PBXFileReference; lastKnownFileType = image.png; path = "Default-568h@2x.png"; sourceTree = "<group>"; };
		2FDA03F916A5053C00F50D40 /* en */ = {isa = PBXFileReference; lastKnownFileType = file.storyboard; name = en; path = en.lproj/MainStoryboard.storyboard; sourceTree = "<group>"; };
		A73F391416A83B650055586C /* LeanApp.sqlite */ = {isa = PBXFileReference; lastKnownFileType = file; path = LeanApp.sqlite; sourceTree = "<group>"; };
/* End PBXFileReference section */

/* Begin PBXFrameworksBuildPhase section */
		2FDA03D916A5053B00F50D40 /* Frameworks */ = {
			isa = PBXFrameworksBuildPhase;
			buildActionMask = 2147483647;
			files = (
				2FDA03E116A5053B00F50D40 /* UIKit.framework in Frameworks */,
				2FDA03E316A5053B00F50D40 /* Foundation.framework in Frameworks */,
				2FDA03E516A5053B00F50D40 /* CoreGraphics.framework in Frameworks */,
			);
			runOnlyForDeploymentPostprocessing = 0;
		};
/* End PBXFrameworksBuildPhase section */

/* Begin PBXGroup section */
		2FD0D4B716A83CC7002803CB /* SourceCode */ = {
			isa = PBXGroup;
			children = (
				2FD0D4CD16A83EFF002803CB /* AppDelegate */,
				2FD0D4D616A83F74002803CB /* Libs */,
				2FD0D4D916A83F74002803CB /* Model */,
				2FD0D4BD16A83CF2002803CB /* ViewController */,
			);
			path = SourceCode;
			sourceTree = "<group>";
		};
		2FD0D4BC16A83CCE002803CB /* StoryBoard */ = {
			isa = PBXGroup;
			children = (
				2FDA03F816A5053C00F50D40 /* MainStoryboard.storyboard */,
			);
			name = StoryBoard;
			sourceTree = "<group>";
		};
		2FD0D4BD16A83CF2002803CB /* ViewController */ = {
			isa = PBXGroup;
			children = (
				2FD0D4D116A83F10002803CB /* VAM */,
				2FD0D4D216A83F22002803CB /* TaktTime */,
				2FD0D4D316A83F2E002803CB /* CycleTime */,
				2FD0D4D416A83F38002803CB /* SpaChart */,
				2FD0D4D516A83F42002803CB /* PQPR */,
			);
			path = ViewController;
			sourceTree = "<group>";
		};
		2FD0D4CD16A83EFF002803CB /* AppDelegate */ = {
			isa = PBXGroup;
			children = (
				2FD0D4CE16A83F00002803CB /* TDAppDelegate.h */,
				2FD0D4CF16A83F00002803CB /* TDAppDelegate.m */,
			);
			path = AppDelegate;
			sourceTree = "<group>";
		};
		2FD0D4D116A83F10002803CB /* VAM */ = {
			isa = PBXGroup;
			children = (
				2FD0D4BE16A83D01002803CB /* VAVAMViewController.h */,
				2FD0D4BF16A83D01002803CB /* VAVAMViewController.m */,
				2FD0D4EC16A8469F002803CB /* VAProjDetailViewController.h */,
				2FD0D4ED16A8469F002803CB /* VAProjDetailViewController.m */,
			);
			name = VAM;
			sourceTree = "<group>";
		};
		2FD0D4D216A83F22002803CB /* TaktTime */ = {
			isa = PBXGroup;
			children = (
				2FD0D4C116A83D5A002803CB /* VATaktTimeViewController.h */,
				2FD0D4C216A83D5A002803CB /* VATaktTimeViewController.m */,
			);
			name = TaktTime;
			sourceTree = "<group>";
		};
		2FD0D4D316A83F2E002803CB /* CycleTime */ = {
			isa = PBXGroup;
			children = (
				2FD0D4C416A83DB6002803CB /* VACycleTimeViewController.h */,
				2FD0D4C516A83DB6002803CB /* VACycleTimeViewController.m */,
			);
			name = CycleTime;
			sourceTree = "<group>";
		};
		2FD0D4D416A83F38002803CB /* SpaChart */ = {
			isa = PBXGroup;
			children = (
				2FD0D4C716A83E63002803CB /* VASpaChartViewController.h */,
				2FD0D4C816A83E63002803CB /* VASpaChartViewController.m */,
			);
			name = SpaChart;
			sourceTree = "<group>";
		};
		2FD0D4D516A83F42002803CB /* PQPR */ = {
			isa = PBXGroup;
			children = (
				2FD0D4CA16A83EDC002803CB /* VAPqprViewController.h */,
				2FD0D4CB16A83EDC002803CB /* VAPqprViewController.m */,
			);
			name = PQPR;
			sourceTree = "<group>";
		};
		2FD0D4D616A83F74002803CB /* Libs */ = {
			isa = PBXGroup;
			children = (
				2FD0D4F916A854DB002803CB /* TDCommonLibs.h */,
				2FD0D51616A85E4C002803CB /* Database */,
				2FD0D4FD16A85B87002803CB /* UIGridView */,
				2FD0D4F416A85423002803CB /* Language */,
				2FD0D4EF16A85293002803CB /* DateTime */,
				2FD0D4F016A85293002803CB /* ToolKit */,
				2FD0D4D716A83F74002803CB /* Configs */,
			);
			path = Libs;
			sourceTree = "<group>";
		};
		2FD0D4D716A83F74002803CB /* Configs */ = {
			isa = PBXGroup;
			children = (
				2FD0D51516A85E1D002803CB /* TDLog.h */,
			);
			path = Configs;
			sourceTree = "<group>";
		};
		2FD0D4D916A83F74002803CB /* Model */ = {
			isa = PBXGroup;
			children = (
				2FD0D4E716A84382002803CB /* VAM */,
				2FD0D4DA16A83F74002803CB /* Const */,
			);
			path = Model;
			sourceTree = "<group>";
		};
		2FD0D4DA16A83F74002803CB /* Const */ = {
			isa = PBXGroup;
			children = (
			);
			path = Const;
			sourceTree = "<group>";
		};
		2FD0D4DB16A8407E002803CB /* Resource */ = {
			isa = PBXGroup;
			children = (
				2FD0D4DC16A8407E002803CB /* Database */,
				2FD0D4DD16A8407E002803CB /* Image */,
				2FD0D4DE16A8407E002803CB /* Sound */,
			);
			path = Resource;
			sourceTree = "<group>";
		};
		2FD0D4DC16A8407E002803CB /* Database */ = {
			isa = PBXGroup;
			children = (
			);
			path = Database;
			sourceTree = "<group>";
		};
		2FD0D4DD16A8407E002803CB /* Image */ = {
			isa = PBXGroup;
			children = (
			);
			path = Image;
			sourceTree = "<group>";
		};
		2FD0D4DE16A8407E002803CB /* Sound */ = {
			isa = PBXGroup;
			children = (
			);
			path = Sound;
			sourceTree = "<group>";
		};
		2FD0D4E716A84382002803CB /* VAM */ = {
			isa = PBXGroup;
			children = (
				2FD0D4E916A8439D002803CB /* VAProject.h */,
				2FD0D4EA16A8439D002803CB /* VAProject.m */,
			);
			path = VAM;
			sourceTree = "<group>";
		};
		2FD0D4EF16A85293002803CB /* DateTime */ = {
			isa = PBXGroup;
			children = (
			);
			path = DateTime;
			sourceTree = "<group>";
		};
		2FD0D4F016A85293002803CB /* ToolKit */ = {
			isa = PBXGroup;
			children = (
				2FD0D51D16A860CA002803CB /* TDTextView.h */,
				2FD0D51E16A860CA002803CB /* TDTextView.m */,
			);
			path = ToolKit;
			sourceTree = "<group>";
		};
		2FD0D4F416A85423002803CB /* Language */ = {
			isa = PBXGroup;
			children = (
				2FD0D4F516A85449002803CB /* TDLanguage.h */,
				2FD0D4F616A85449002803CB /* TDLanguage.m */,
			);
			path = Language;
			sourceTree = "<group>";
		};
		2FD0D4FD16A85B87002803CB /* UIGridView */ = {
			isa = PBXGroup;
			children = (
				2FD0D4FE16A85B88002803CB /* UIGridView.h */,
				2FD0D4FF16A85B88002803CB /* UIGridView.m */,
				2FD0D50016A85B88002803CB /* UIGridViewCell.h */,
				2FD0D50116A85B88002803CB /* UIGridViewCell.m */,
				2FD0D50216A85B88002803CB /* UIGridViewDelegate.h */,
				2FD0D50316A85B88002803CB /* UIGridViewRow.h */,
				2FD0D50416A85B88002803CB /* UIGridViewRow.m */,
			);
			path = UIGridView;
			sourceTree = "<group>";
		};
		2FD0D51616A85E4C002803CB /* Database */ = {
			isa = PBXGroup;
			children = (
				2FD0D51716A85E4C002803CB /* TDDatabase.h */,
				2FD0D51816A85E4C002803CB /* TDDatabase.m */,
				2FD0D51916A85E4C002803CB /* TDSqlManager.h */,
				2FD0D51A16A85E4C002803CB /* TDSqlManager.m */,
			);
			path = Database;
			sourceTree = "<group>";
		};
		2FDA03D116A5053B00F50D40 = {
			isa = PBXGroup;
			children = (
				2FDA03E616A5053B00F50D40 /* LearnApp */,
				2FDA03DF16A5053B00F50D40 /* Frameworks */,
				2FDA03DD16A5053B00F50D40 /* Products */,
			);
			sourceTree = "<group>";
		};
		2FDA03DD16A5053B00F50D40 /* Products */ = {
			isa = PBXGroup;
			children = (
				2FDA03DC16A5053B00F50D40 /* LearnApp.app */,
			);
			name = Products;
			sourceTree = "<group>";
		};
		2FDA03DF16A5053B00F50D40 /* Frameworks */ = {
			isa = PBXGroup;
			children = (
				2FDA03E016A5053B00F50D40 /* UIKit.framework */,
				2FDA03E216A5053B00F50D40 /* Foundation.framework */,
				2FDA03E416A5053B00F50D40 /* CoreGraphics.framework */,
			);
			name = Frameworks;
			sourceTree = "<group>";
		};
		2FDA03E616A5053B00F50D40 /* LearnApp */ = {
			isa = PBXGroup;
			children = (
				2FD0D4DB16A8407E002803CB /* Resource */,
				2FD0D4B716A83CC7002803CB /* SourceCode */,
				2FD0D4BC16A83CCE002803CB /* StoryBoard */,
				2FDA03E716A5053B00F50D40 /* Supporting Files */,
			);
			path = LearnApp;
			sourceTree = "<group>";
		};
		2FDA03E716A5053B00F50D40 /* Supporting Files */ = {
			isa = PBXGroup;
			children = (
				2FD0D4FA16A85541002803CB /* Localizable.strings */,
				A73F391416A83B650055586C /* LeanApp.sqlite */,
				2FDA03E816A5053B00F50D40 /* LearnApp-Info.plist */,
				2FDA03E916A5053B00F50D40 /* InfoPlist.strings */,
				2FDA03EC16A5053B00F50D40 /* main.m */,
				2FDA03EE16A5053B00F50D40 /* LearnApp-Prefix.pch */,
				2FDA03F216A5053C00F50D40 /* Default.png */,
				2FDA03F416A5053C00F50D40 /* Default@2x.png */,
				2FDA03F616A5053C00F50D40 /* Default-568h@2x.png */,
			);
			name = "Supporting Files";
			sourceTree = "<group>";
		};
/* End PBXGroup section */

/* Begin PBXNativeTarget section */
		2FDA03DB16A5053B00F50D40 /* LearnApp */ = {
			isa = PBXNativeTarget;
			buildConfigurationList = 2FDA040016A5053C00F50D40 /* Build configuration list for PBXNativeTarget "LearnApp" */;
			buildPhases = (
				2FDA03D816A5053B00F50D40 /* Sources */,
				2FDA03D916A5053B00F50D40 /* Frameworks */,
				2FDA03DA16A5053B00F50D40 /* Resources */,
			);
			buildRules = (
			);
			dependencies = (
			);
			name = LearnApp;
			productName = LearnApp;
			productReference = 2FDA03DC16A5053B00F50D40 /* LearnApp.app */;
			productType = "com.apple.product-type.application";
		};
/* End PBXNativeTarget section */

/* Begin PBXProject section */
		2FDA03D316A5053B00F50D40 /* Project object */ = {
			isa = PBXProject;
			attributes = {
				CLASSPREFIX = TD;
				LastUpgradeCheck = 0450;
				ORGANIZATIONNAME = tranduc;
			};
			buildConfigurationList = 2FDA03D616A5053B00F50D40 /* Build configuration list for PBXProject "LearnApp" */;
			compatibilityVersion = "Xcode 3.2";
			developmentRegion = English;
			hasScannedForEncodings = 0;
			knownRegions = (
				en,
			);
			mainGroup = 2FDA03D116A5053B00F50D40;
			productRefGroup = 2FDA03DD16A5053B00F50D40 /* Products */;
			projectDirPath = "";
			projectRoot = "";
			targets = (
				2FDA03DB16A5053B00F50D40 /* LearnApp */,
			);
		};
/* End PBXProject section */

/* Begin PBXResourcesBuildPhase section */
		2FDA03DA16A5053B00F50D40 /* Resources */ = {
			isa = PBXResourcesBuildPhase;
			buildActionMask = 2147483647;
			files = (
				2FDA03EB16A5053B00F50D40 /* InfoPlist.strings in Resources */,
				2FDA03F316A5053C00F50D40 /* Default.png in Resources */,
				2FDA03F516A5053C00F50D40 /* Default@2x.png in Resources */,
				2FDA03F716A5053C00F50D40 /* Default-568h@2x.png in Resources */,
				2FDA03FA16A5053C00F50D40 /* MainStoryboard.storyboard in Resources */,
				A73F391516A83B650055586C /* LeanApp.sqlite in Resources */,
				2FD0D4FC16A85541002803CB /* Localizable.strings in Resources */,
			);
			runOnlyForDeploymentPostprocessing = 0;
		};
/* End PBXResourcesBuildPhase section */

/* Begin PBXSourcesBuildPhase section */
		2FDA03D816A5053B00F50D40 /* Sources */ = {
			isa = PBXSourcesBuildPhase;
			buildActionMask = 2147483647;
			files = (
				2FDA03ED16A5053B00F50D40 /* main.m in Sources */,
				2FD0D4C016A83D01002803CB /* VAVAMViewController.m in Sources */,
				2FD0D4C316A83D5A002803CB /* VATaktTimeViewController.m in Sources */,
				2FD0D4C616A83DB7002803CB /* VACycleTimeViewController.m in Sources */,
				2FD0D4C916A83E63002803CB /* VASpaChartViewController.m in Sources */,
				2FD0D4CC16A83EDD002803CB /* VAPqprViewController.m in Sources */,
				2FD0D4D016A83F00002803CB /* TDAppDelegate.m in Sources */,
				2FD0D4EB16A8439D002803CB /* VAProject.m in Sources */,
				2FD0D4EE16A8469F002803CB /* VAProjDetailViewController.m in Sources */,
				2FD0D4F716A85449002803CB /* TDLanguage.m in Sources */,
				2FD0D50516A85B88002803CB /* UIGridView.m in Sources */,
				2FD0D50616A85B88002803CB /* UIGridViewCell.m in Sources */,
				2FD0D50716A85B88002803CB /* UIGridViewRow.m in Sources */,
				2FD0D51B16A85E4C002803CB /* TDDatabase.m in Sources */,
				2FD0D51C16A85E4C002803CB /* TDSqlManager.m in Sources */,
				2FD0D51F16A860CA002803CB /* TDTextView.m in Sources */,
			);
			runOnlyForDeploymentPostprocessing = 0;
		};
/* End PBXSourcesBuildPhase section */

/* Begin PBXVariantGroup section */
		2FD0D4FA16A85541002803CB /* Localizable.strings */ = {
			isa = PBXVariantGroup;
			children = (
				2FD0D4FB16A85541002803CB /* en */,
			);
			name = Localizable.strings;
			sourceTree = "<group>";
		};
		2FDA03E916A5053B00F50D40 /* InfoPlist.strings */ = {
			isa = PBXVariantGroup;
			children = (
				2FDA03EA16A5053B00F50D40 /* en */,
			);
			name = InfoPlist.strings;
			sourceTree = "<group>";
		};
		2FDA03F816A5053C00F50D40 /* MainStoryboard.storyboard */ = {
			isa = PBXVariantGroup;
			children = (
				2FDA03F916A5053C00F50D40 /* en */,
			);
			name = MainStoryboard.storyboard;
			sourceTree = "<group>";
		};
/* End PBXVariantGroup section */

/* Begin XCBuildConfiguration section */
		2FDA03FE16A5053C00F50D40 /* Debug */ = {
			isa = XCBuildConfiguration;
			buildSettings = {
				ALWAYS_SEARCH_USER_PATHS = NO;
				CLANG_CXX_LANGUAGE_STANDARD = "gnu++0x";
				CLANG_CXX_LIBRARY = "libc++";
				CLANG_WARN_EMPTY_BODY = YES;
				CLANG_WARN__DUPLICATE_METHOD_MATCH = YES;
				"CODE_SIGN_IDENTITY[sdk=iphoneos*]" = "iPhone Developer";
				COPY_PHASE_STRIP = NO;
				GCC_C_LANGUAGE_STANDARD = gnu99;
				GCC_DYNAMIC_NO_PIC = NO;
				GCC_OPTIMIZATION_LEVEL = 0;
				GCC_PREPROCESSOR_DEFINITIONS = (
					"DEBUG=1",
					"$(inherited)",
				);
				GCC_SYMBOLS_PRIVATE_EXTERN = NO;
				GCC_WARN_ABOUT_RETURN_TYPE = YES;
				GCC_WARN_UNINITIALIZED_AUTOS = YES;
				GCC_WARN_UNUSED_VARIABLE = YES;
				IPHONEOS_DEPLOYMENT_TARGET = 5.0;
				SDKROOT = iphoneos;
				TARGETED_DEVICE_FAMILY = 2;
			};
			name = Debug;
		};
		2FDA03FF16A5053C00F50D40 /* Release */ = {
			isa = XCBuildConfiguration;
			buildSettings = {
				ALWAYS_SEARCH_USER_PATHS = NO;
				CLANG_CXX_LANGUAGE_STANDARD = "gnu++0x";
				CLANG_CXX_LIBRARY = "libc++";
				CLANG_WARN_EMPTY_BODY = YES;
				CLANG_WARN__DUPLICATE_METHOD_MATCH = YES;
				"CODE_SIGN_IDENTITY[sdk=iphoneos*]" = "iPhone Developer";
				COPY_PHASE_STRIP = YES;
				GCC_C_LANGUAGE_STANDARD = gnu99;
				GCC_WARN_ABOUT_RETURN_TYPE = YES;
				GCC_WARN_UNINITIALIZED_AUTOS = YES;
				GCC_WARN_UNUSED_VARIABLE = YES;
				IPHONEOS_DEPLOYMENT_TARGET = 5.0;
				OTHER_CFLAGS = "-DNS_BLOCK_ASSERTIONS=1";
				SDKROOT = iphoneos;
				TARGETED_DEVICE_FAMILY = 2;
				VALIDATE_PRODUCT = YES;
			};
			name = Release;
		};
		2FDA040116A5053C00F50D40 /* Debug */ = {
			isa = XCBuildConfiguration;
			buildSettings = {
				GCC_PRECOMPILE_PREFIX_HEADER = YES;
				GCC_PREFIX_HEADER = "LearnApp/LearnApp-Prefix.pch";
				INFOPLIST_FILE = "LearnApp/LearnApp-Info.plist";
				IPHONEOS_DEPLOYMENT_TARGET = 5.0;
				PRODUCT_NAME = "$(TARGET_NAME)";
				WRAPPER_EXTENSION = app;
			};
			name = Debug;
		};
		2FDA040216A5053C00F50D40 /* Release */ = {
			isa = XCBuildConfiguration;
			buildSettings = {
				GCC_PRECOMPILE_PREFIX_HEADER = YES;
				GCC_PREFIX_HEADER = "LearnApp/LearnApp-Prefix.pch";
				INFOPLIST_FILE = "LearnApp/LearnApp-Info.plist";
				IPHONEOS_DEPLOYMENT_TARGET = 5.0;
				PRODUCT_NAME = "$(TARGET_NAME)";
				WRAPPER_EXTENSION = app;
			};
			name = Release;
		};
/* End XCBuildConfiguration section */

/* Begin XCConfigurationList section */
		2FDA03D616A5053B00F50D40 /* Build configuration list for PBXProject "LearnApp" */ = {
			isa = XCConfigurationList;
			buildConfigurations = (
				2FDA03FE16A5053C00F50D40 /* Debug */,
				2FDA03FF16A5053C00F50D40 /* Release */,
			);
			defaultConfigurationIsVisible = 0;
			defaultConfigurationName = Release;
		};
		2FDA040016A5053C00F50D40 /* Build configuration list for PBXNativeTarget "LearnApp" */ = {
			isa = XCConfigurationList;
			buildConfigurations = (
				2FDA040116A5053C00F50D40 /* Debug */,
				2FDA040216A5053C00F50D40 /* Release */,
			);
			defaultConfigurationIsVisible = 0;
			defaultConfigurationName = Release;
		};
/* End XCConfigurationList section */
	};
	rootObject = 2FDA03D316A5053B00F50D40 /* Project object */;
}
