// !$*UTF8*$!
{
	archiveVersion = 1;
	classes = {
	};
	objectVersion = 46;
	objects = {

/* Begin PBXBuildFile section */
		2F7A446016A8E1C100D1CD42 /* VAGlobal.m in Sources */ = {isa = PBXBuildFile; fileRef = 2F7A445F16A8E1C100D1CD42 /* VAGlobal.m */; };
		2F7A446C16A8EE8700D1CD42 /* TDString.m in Sources */ = {isa = PBXBuildFile; fileRef = 2F7A446B16A8EE8700D1CD42 /* TDString.m */; };
		2F7A44AF16A8F8D100D1CD42 /* actionbar_bg.png in Resources */ = {isa = PBXBuildFile; fileRef = 2F7A447216A8F8D100D1CD42 /* actionbar_bg.png */; };
		2F7A44B016A8F8D100D1CD42 /* arrow.png in Resources */ = {isa = PBXBuildFile; fileRef = 2F7A447316A8F8D100D1CD42 /* arrow.png */; };
		2F7A44B116A8F8D100D1CD42 /* bg_home.png in Resources */ = {isa = PBXBuildFile; fileRef = 2F7A447416A8F8D100D1CD42 /* bg_home.png */; };
		2F7A44B216A8F8D100D1CD42 /* bg_setting.png in Resources */ = {isa = PBXBuildFile; fileRef = 2F7A447516A8F8D100D1CD42 /* bg_setting.png */; };
		2F7A44B316A8F8D100D1CD42 /* bg_setting_2.png in Resources */ = {isa = PBXBuildFile; fileRef = 2F7A447616A8F8D100D1CD42 /* bg_setting_2.png */; };
		2F7A44B416A8F8D100D1CD42 /* bg_task_time.png in Resources */ = {isa = PBXBuildFile; fileRef = 2F7A447716A8F8D100D1CD42 /* bg_task_time.png */; };
		2F7A44B516A8F8D100D1CD42 /* box1.png in Resources */ = {isa = PBXBuildFile; fileRef = 2F7A447816A8F8D100D1CD42 /* box1.png */; };
		2F7A44B616A8F8D100D1CD42 /* box2.png in Resources */ = {isa = PBXBuildFile; fileRef = 2F7A447916A8F8D100D1CD42 /* box2.png */; };
		2F7A44B716A8F8D100D1CD42 /* box3.png in Resources */ = {isa = PBXBuildFile; fileRef = 2F7A447A16A8F8D100D1CD42 /* box3.png */; };
		2F7A44B816A8F8D100D1CD42 /* canada.png in Resources */ = {isa = PBXBuildFile; fileRef = 2F7A447B16A8F8D100D1CD42 /* canada.png */; };
		2F7A44B916A8F8D100D1CD42 /* france.png in Resources */ = {isa = PBXBuildFile; fileRef = 2F7A447C16A8F8D100D1CD42 /* france.png */; };
		2F7A44BA16A8F8D100D1CD42 /* ic_action_search.png in Resources */ = {isa = PBXBuildFile; fileRef = 2F7A447D16A8F8D100D1CD42 /* ic_action_search.png */; };
		2F7A44BB16A8F8D100D1CD42 /* ic_bag.png in Resources */ = {isa = PBXBuildFile; fileRef = 2F7A447E16A8F8D100D1CD42 /* ic_bag.png */; };
		2F7A44BC16A8F8D100D1CD42 /* ic_book.png in Resources */ = {isa = PBXBuildFile; fileRef = 2F7A447F16A8F8D100D1CD42 /* ic_book.png */; };
		2F7A44BD16A8F8D100D1CD42 /* ic_chart.png in Resources */ = {isa = PBXBuildFile; fileRef = 2F7A448016A8F8D100D1CD42 /* ic_chart.png */; };
		2F7A44BE16A8F8D100D1CD42 /* ic_currency.png in Resources */ = {isa = PBXBuildFile; fileRef = 2F7A448116A8F8D100D1CD42 /* ic_currency.png */; };
		2F7A44BF16A8F8D100D1CD42 /* ic_cycle_time.png in Resources */ = {isa = PBXBuildFile; fileRef = 2F7A448216A8F8D100D1CD42 /* ic_cycle_time.png */; };
		2F7A44C016A8F8D100D1CD42 /* ic_export.png in Resources */ = {isa = PBXBuildFile; fileRef = 2F7A448316A8F8D100D1CD42 /* ic_export.png */; };
		2F7A44C116A8F8D100D1CD42 /* ic_launcher.png in Resources */ = {isa = PBXBuildFile; fileRef = 2F7A448416A8F8D100D1CD42 /* ic_launcher.png */; };
		2F7A44C216A8F8D100D1CD42 /* ic_list_more.png in Resources */ = {isa = PBXBuildFile; fileRef = 2F7A448516A8F8D100D1CD42 /* ic_list_more.png */; };
		2F7A44C316A8F8D100D1CD42 /* ic_qprn.png in Resources */ = {isa = PBXBuildFile; fileRef = 2F7A448616A8F8D100D1CD42 /* ic_qprn.png */; };
		2F7A44C416A8F8D100D1CD42 /* ic_setting.png in Resources */ = {isa = PBXBuildFile; fileRef = 2F7A448716A8F8D100D1CD42 /* ic_setting.png */; };
		2F7A44C516A8F8D100D1CD42 /* ic_stream_map.png in Resources */ = {isa = PBXBuildFile; fileRef = 2F7A448816A8F8D100D1CD42 /* ic_stream_map.png */; };
		2F7A44C616A8F8D100D1CD42 /* ic_task_time.png in Resources */ = {isa = PBXBuildFile; fileRef = 2F7A448916A8F8D100D1CD42 /* ic_task_time.png */; };
		2F7A44C716A8F8D100D1CD42 /* ic_version.png in Resources */ = {isa = PBXBuildFile; fileRef = 2F7A448A16A8F8D100D1CD42 /* ic_version.png */; };
		2F7A44C816A8F8D100D1CD42 /* icon.png in Resources */ = {isa = PBXBuildFile; fileRef = 2F7A448B16A8F8D100D1CD42 /* icon.png */; };
		2F7A44C916A8F8D100D1CD42 /* img_chart.png in Resources */ = {isa = PBXBuildFile; fileRef = 2F7A448C16A8F8D100D1CD42 /* img_chart.png */; };
		2F7A44CA16A8F8D100D1CD42 /* img_chart_landscape.png in Resources */ = {isa = PBXBuildFile; fileRef = 2F7A448D16A8F8D100D1CD42 /* img_chart_landscape.png */; };
		2F7A44CB16A8F8D100D1CD42 /* img_chart_single.png in Resources */ = {isa = PBXBuildFile; fileRef = 2F7A448E16A8F8D100D1CD42 /* img_chart_single.png */; };
		2F7A44CC16A8F8D100D1CD42 /* img_edit_process.png in Resources */ = {isa = PBXBuildFile; fileRef = 2F7A448F16A8F8D100D1CD42 /* img_edit_process.png */; };
		2F7A44CD16A8F8D100D1CD42 /* img_export_setting.png in Resources */ = {isa = PBXBuildFile; fileRef = 2F7A449016A8F8D100D1CD42 /* img_export_setting.png */; };
		2F7A44CE16A8F8D100D1CD42 /* img_list_chart.png in Resources */ = {isa = PBXBuildFile; fileRef = 2F7A449116A8F8D100D1CD42 /* img_list_chart.png */; };
		2F7A44CF16A8F8D100D1CD42 /* img_list_process_1.png in Resources */ = {isa = PBXBuildFile; fileRef = 2F7A449216A8F8D100D1CD42 /* img_list_process_1.png */; };
		2F7A44D016A8F8D100D1CD42 /* img_list_process_2.png in Resources */ = {isa = PBXBuildFile; fileRef = 2F7A449316A8F8D100D1CD42 /* img_list_process_2.png */; };
		2F7A44D116A8F8D100D1CD42 /* img_recording_2.png in Resources */ = {isa = PBXBuildFile; fileRef = 2F7A449416A8F8D100D1CD42 /* img_recording_2.png */; };
		2F7A44D216A8F8D100D1CD42 /* img_recording_detail.png in Resources */ = {isa = PBXBuildFile; fileRef = 2F7A449516A8F8D100D1CD42 /* img_recording_detail.png */; };
		2F7A44D316A8F8D100D1CD42 /* img_value_stream_map.png in Resources */ = {isa = PBXBuildFile; fileRef = 2F7A449616A8F8D100D1CD42 /* img_value_stream_map.png */; };
		2F7A44D416A8F8D100D1CD42 /* img_version.png in Resources */ = {isa = PBXBuildFile; fileRef = 2F7A449716A8F8D100D1CD42 /* img_version.png */; };
		2F7A44D516A8F8D100D1CD42 /* img_video_view.png in Resources */ = {isa = PBXBuildFile; fileRef = 2F7A449816A8F8D100D1CD42 /* img_video_view.png */; };
		2F7A44D616A8F8D100D1CD42 /* img_video_view_detail.png in Resources */ = {isa = PBXBuildFile; fileRef = 2F7A449916A8F8D100D1CD42 /* img_video_view_detail.png */; };
		2F7A44D716A8F8D100D1CD42 /* img_video_view_detail_landscape.png in Resources */ = {isa = PBXBuildFile; fileRef = 2F7A449A16A8F8D100D1CD42 /* img_video_view_detail_landscape.png */; };
		2F7A44D816A8F8D100D1CD42 /* line.png in Resources */ = {isa = PBXBuildFile; fileRef = 2F7A449B16A8F8D100D1CD42 /* line.png */; };
		2F7A44D916A8F8D100D1CD42 /* quickaction_arrow_down.png in Resources */ = {isa = PBXBuildFile; fileRef = 2F7A449C16A8F8D100D1CD42 /* quickaction_arrow_down.png */; };
		2F7A44DA16A8F8D100D1CD42 /* quickaction_arrow_up.png in Resources */ = {isa = PBXBuildFile; fileRef = 2F7A449D16A8F8D100D1CD42 /* quickaction_arrow_up.png */; };
		2F7A44DB16A8F8D100D1CD42 /* quickaction_background.png in Resources */ = {isa = PBXBuildFile; fileRef = 2F7A449E16A8F8D100D1CD42 /* quickaction_background.png */; };
		2F7A44DC16A8F8D100D1CD42 /* quickaction_bottom_frame.9.png in Resources */ = {isa = PBXBuildFile; fileRef = 2F7A449F16A8F8D100D1CD42 /* quickaction_bottom_frame.9.png */; };
		2F7A44DD16A8F8D100D1CD42 /* quickaction_slider_background.png in Resources */ = {isa = PBXBuildFile; fileRef = 2F7A44A016A8F8D100D1CD42 /* quickaction_slider_background.png */; };
		2F7A44DE16A8F8D100D1CD42 /* quickaction_slider_btn_normal.9.png in Resources */ = {isa = PBXBuildFile; fileRef = 2F7A44A116A8F8D100D1CD42 /* quickaction_slider_btn_normal.9.png */; };
		2F7A44DF16A8F8D100D1CD42 /* quickaction_slider_btn_on.9.png in Resources */ = {isa = PBXBuildFile; fileRef = 2F7A44A216A8F8D100D1CD42 /* quickaction_slider_btn_on.9.png */; };
		2F7A44E016A8F8D100D1CD42 /* quickaction_slider_btn_pressed.9.png in Resources */ = {isa = PBXBuildFile; fileRef = 2F7A44A316A8F8D100D1CD42 /* quickaction_slider_btn_pressed.9.png */; };
		2F7A44E116A8F8D100D1CD42 /* quickaction_slider_btn_selected.9.png in Resources */ = {isa = PBXBuildFile; fileRef = 2F7A44A416A8F8D100D1CD42 /* quickaction_slider_btn_selected.9.png */; };
		2F7A44E216A8F8D100D1CD42 /* quickaction_slider_grip_left.png in Resources */ = {isa = PBXBuildFile; fileRef = 2F7A44A516A8F8D100D1CD42 /* quickaction_slider_grip_left.png */; };
		2F7A44E316A8F8D100D1CD42 /* quickaction_slider_grip_right.png in Resources */ = {isa = PBXBuildFile; fileRef = 2F7A44A616A8F8D100D1CD42 /* quickaction_slider_grip_right.png */; };
		2F7A44E416A8F8D100D1CD42 /* quickaction_top_frame.9.png in Resources */ = {isa = PBXBuildFile; fileRef = 2F7A44A716A8F8D100D1CD42 /* quickaction_top_frame.9.png */; };
		2F7A44E516A8F8D100D1CD42 /* rect.png in Resources */ = {isa = PBXBuildFile; fileRef = 2F7A44A816A8F8D100D1CD42 /* rect.png */; };
		2F7A44E616A8F8D100D1CD42 /* splash.png in Resources */ = {isa = PBXBuildFile; fileRef = 2F7A44A916A8F8D100D1CD42 /* splash.png */; };
		2F7A44E716A8F8D100D1CD42 /* sqare.png in Resources */ = {isa = PBXBuildFile; fileRef = 2F7A44AA16A8F8D100D1CD42 /* sqare.png */; };
		2F7A44E816A8F8D100D1CD42 /* toggle_button_off.png in Resources */ = {isa = PBXBuildFile; fileRef = 2F7A44AB16A8F8D100D1CD42 /* toggle_button_off.png */; };
		2F7A44E916A8F8D100D1CD42 /* toggle_button_on.png in Resources */ = {isa = PBXBuildFile; fileRef = 2F7A44AC16A8F8D100D1CD42 /* toggle_button_on.png */; };
		2F7A44EA16A8F8D100D1CD42 /* ukraine.png in Resources */ = {isa = PBXBuildFile; fileRef = 2F7A44AD16A8F8D100D1CD42 /* ukraine.png */; };
		2F7A44EB16A8F8D100D1CD42 /* usa.png in Resources */ = {isa = PBXBuildFile; fileRef = 2F7A44AE16A8F8D100D1CD42 /* usa.png */; };
		2F8B44A116AA5A1300A337A1 /* VAAnalysisCTimeViewController.m in Sources */ = {isa = PBXBuildFile; fileRef = 2F8B448216AA5A1300A337A1 /* VAAnalysisCTimeViewController.m */; };
		2F8B44A216AA5A1300A337A1 /* VACycleTimeViewController.m in Sources */ = {isa = PBXBuildFile; fileRef = 2F8B448416AA5A1300A337A1 /* VACycleTimeViewController.m */; };
		2F8B44A916AA5A1300A337A1 /* VAPqprViewController.m in Sources */ = {isa = PBXBuildFile; fileRef = 2F8B449416AA5A1300A337A1 /* VAPqprViewController.m */; };
		2F8B44AA16AA5A1300A337A1 /* VASpaChartViewController.m in Sources */ = {isa = PBXBuildFile; fileRef = 2F8B449816AA5A1300A337A1 /* VASpaChartViewController.m */; };
		2F8B44AB16AA5A1300A337A1 /* VATaktTimeViewController.m in Sources */ = {isa = PBXBuildFile; fileRef = 2F8B449B16AA5A1300A337A1 /* VATaktTimeViewController.m */; };
		2F8B44B616AA5DB200A337A1 /* TDTextFieldCell.m in Sources */ = {isa = PBXBuildFile; fileRef = 2F8B44B516AA5DB200A337A1 /* TDTextFieldCell.m */; };
		2F8B44BF16AA651B00A337A1 /* VAProjDetailViewController.m in Sources */ = {isa = PBXBuildFile; fileRef = 2F8B44BC16AA651800A337A1 /* VAProjDetailViewController.m */; };
		2F8B44C516AA66AD00A337A1 /* VAVAMViewController.m in Sources */ = {isa = PBXBuildFile; fileRef = 2F8B44C416AA66AD00A337A1 /* VAVAMViewController.m */; };
		2FC8E27216AA6B9A0078B407 /* VARootViewController.m in Sources */ = {isa = PBXBuildFile; fileRef = 2FC8E27116AA6B9A0078B407 /* VARootViewController.m */; };
		2FC8E28016AA6BD00078B407 /* VABookViewController.m in Sources */ = {isa = PBXBuildFile; fileRef = 2FC8E27516AA6BD00078B407 /* VABookViewController.m */; };
		2FC8E28116AA6BD00078B407 /* VAChangeProjViewController.m in Sources */ = {isa = PBXBuildFile; fileRef = 2FC8E27716AA6BD00078B407 /* VAChangeProjViewController.m */; };
		2FC8E28216AA6BD00078B407 /* VACurrencyViewController.m in Sources */ = {isa = PBXBuildFile; fileRef = 2FC8E27916AA6BD00078B407 /* VACurrencyViewController.m */; };
		2FC8E28316AA6BD00078B407 /* VAExportViewController.m in Sources */ = {isa = PBXBuildFile; fileRef = 2FC8E27B16AA6BD00078B407 /* VAExportViewController.m */; };
		2FC8E28416AA6BD00078B407 /* VASettingViewController.m in Sources */ = {isa = PBXBuildFile; fileRef = 2FC8E27D16AA6BD00078B407 /* VASettingViewController.m */; };
		2FC8E28516AA6BD00078B407 /* VAVersionViewController.m in Sources */ = {isa = PBXBuildFile; fileRef = 2FC8E27F16AA6BD00078B407 /* VAVersionViewController.m */; };
		2FD0D4D016A83F00002803CB /* TDAppDelegate.m in Sources */ = {isa = PBXBuildFile; fileRef = 2FD0D4CF16A83F00002803CB /* TDAppDelegate.m */; };
		2FD0D4EB16A8439D002803CB /* VAProject.m in Sources */ = {isa = PBXBuildFile; fileRef = 2FD0D4EA16A8439D002803CB /* VAProject.m */; };
		2FD0D4F716A85449002803CB /* TDLanguage.m in Sources */ = {isa = PBXBuildFile; fileRef = 2FD0D4F616A85449002803CB /* TDLanguage.m */; };
		2FD0D4FC16A85541002803CB /* Localizable.strings in Resources */ = {isa = PBXBuildFile; fileRef = 2FD0D4FA16A85541002803CB /* Localizable.strings */; };
		2FD0D50516A85B88002803CB /* UIGridView.m in Sources */ = {isa = PBXBuildFile; fileRef = 2FD0D4FF16A85B88002803CB /* UIGridView.m */; };
		2FD0D50616A85B88002803CB /* UIGridViewCell.m in Sources */ = {isa = PBXBuildFile; fileRef = 2FD0D50116A85B88002803CB /* UIGridViewCell.m */; };
		2FD0D50716A85B88002803CB /* UIGridViewRow.m in Sources */ = {isa = PBXBuildFile; fileRef = 2FD0D50416A85B88002803CB /* UIGridViewRow.m */; };
		2FD0D51B16A85E4C002803CB /* TDDatabase.m in Sources */ = {isa = PBXBuildFile; fileRef = 2FD0D51816A85E4C002803CB /* TDDatabase.m */; };
		2FD0D51C16A85E4C002803CB /* TDSqlManager.m in Sources */ = {isa = PBXBuildFile; fileRef = 2FD0D51A16A85E4C002803CB /* TDSqlManager.m */; };
		2FD0D51F16A860CA002803CB /* TDTextView.m in Sources */ = {isa = PBXBuildFile; fileRef = 2FD0D51E16A860CA002803CB /* TDTextView.m */; };
		2FD0D53816A87848002803CB /* libsqlite3.0.dylib in Frameworks */ = {isa = PBXBuildFile; fileRef = 2FD0D53716A87848002803CB /* libsqlite3.0.dylib */; };
		2FDA03E116A5053B00F50D40 /* UIKit.framework in Frameworks */ = {isa = PBXBuildFile; fileRef = 2FDA03E016A5053B00F50D40 /* UIKit.framework */; };
		2FDA03E316A5053B00F50D40 /* Foundation.framework in Frameworks */ = {isa = PBXBuildFile; fileRef = 2FDA03E216A5053B00F50D40 /* Foundation.framework */; };
		2FDA03E516A5053B00F50D40 /* CoreGraphics.framework in Frameworks */ = {isa = PBXBuildFile; fileRef = 2FDA03E416A5053B00F50D40 /* CoreGraphics.framework */; };
		2FDA03EB16A5053B00F50D40 /* InfoPlist.strings in Resources */ = {isa = PBXBuildFile; fileRef = 2FDA03E916A5053B00F50D40 /* InfoPlist.strings */; };
		2FDA03ED16A5053B00F50D40 /* main.m in Sources */ = {isa = PBXBuildFile; fileRef = 2FDA03EC16A5053B00F50D40 /* main.m */; };
		2FDA03F316A5053C00F50D40 /* Default.png in Resources */ = {isa = PBXBuildFile; fileRef = 2FDA03F216A5053C00F50D40 /* Default.png */; };
		2FDA03F516A5053C00F50D40 /* Default@2x.png in Resources */ = {isa = PBXBuildFile; fileRef = 2FDA03F416A5053C00F50D40 /* Default@2x.png */; };
		2FDA03F716A5053C00F50D40 /* Default-568h@2x.png in Resources */ = {isa = PBXBuildFile; fileRef = 2FDA03F616A5053C00F50D40 /* Default-568h@2x.png */; };
		2FDA03FA16A5053C00F50D40 /* MainStoryboard.storyboard in Resources */ = {isa = PBXBuildFile; fileRef = 2FDA03F816A5053C00F50D40 /* MainStoryboard.storyboard */; };
		A73F391516A83B650055586C /* LeanApp.sqlite in Resources */ = {isa = PBXBuildFile; fileRef = A73F391416A83B650055586C /* LeanApp.sqlite */; };
		A7C1155516A9045300457170 /* VAProcess.m in Sources */ = {isa = PBXBuildFile; fileRef = A7C1155216A9045300457170 /* VAProcess.m */; };
		A7C1155616A9045300457170 /* VAStep.m in Sources */ = {isa = PBXBuildFile; fileRef = A7C1155416A9045300457170 /* VAStep.m */; };
/* End PBXBuildFile section */

/* Begin PBXFileReference section */
		2F7A445E16A8E1C100D1CD42 /* VAGlobal.h */ = {isa = PBXFileReference; fileEncoding = 4; lastKnownFileType = sourcecode.c.h; path = VAGlobal.h; sourceTree = "<group>"; };
		2F7A445F16A8E1C100D1CD42 /* VAGlobal.m */ = {isa = PBXFileReference; fileEncoding = 4; lastKnownFileType = sourcecode.c.objc; path = VAGlobal.m; sourceTree = "<group>"; };
		2F7A446A16A8EE8700D1CD42 /* TDString.h */ = {isa = PBXFileReference; fileEncoding = 4; lastKnownFileType = sourcecode.c.h; path = TDString.h; sourceTree = "<group>"; };
		2F7A446B16A8EE8700D1CD42 /* TDString.m */ = {isa = PBXFileReference; fileEncoding = 4; lastKnownFileType = sourcecode.c.objc; path = TDString.m; sourceTree = "<group>"; };
		2F7A447216A8F8D100D1CD42 /* actionbar_bg.png */ = {isa = PBXFileReference; lastKnownFileType = image.png; path = actionbar_bg.png; sourceTree = "<group>"; };
		2F7A447316A8F8D100D1CD42 /* arrow.png */ = {isa = PBXFileReference; lastKnownFileType = image.png; path = arrow.png; sourceTree = "<group>"; };
		2F7A447416A8F8D100D1CD42 /* bg_home.png */ = {isa = PBXFileReference; lastKnownFileType = image.png; path = bg_home.png; sourceTree = "<group>"; };
		2F7A447516A8F8D100D1CD42 /* bg_setting.png */ = {isa = PBXFileReference; lastKnownFileType = image.png; path = bg_setting.png; sourceTree = "<group>"; };
		2F7A447616A8F8D100D1CD42 /* bg_setting_2.png */ = {isa = PBXFileReference; lastKnownFileType = image.png; path = bg_setting_2.png; sourceTree = "<group>"; };
		2F7A447716A8F8D100D1CD42 /* bg_task_time.png */ = {isa = PBXFileReference; lastKnownFileType = image.png; path = bg_task_time.png; sourceTree = "<group>"; };
		2F7A447816A8F8D100D1CD42 /* box1.png */ = {isa = PBXFileReference; lastKnownFileType = image.png; path = box1.png; sourceTree = "<group>"; };
		2F7A447916A8F8D100D1CD42 /* box2.png */ = {isa = PBXFileReference; lastKnownFileType = image.png; path = box2.png; sourceTree = "<group>"; };
		2F7A447A16A8F8D100D1CD42 /* box3.png */ = {isa = PBXFileReference; lastKnownFileType = image.png; path = box3.png; sourceTree = "<group>"; };
		2F7A447B16A8F8D100D1CD42 /* canada.png */ = {isa = PBXFileReference; lastKnownFileType = image.png; path = canada.png; sourceTree = "<group>"; };
		2F7A447C16A8F8D100D1CD42 /* france.png */ = {isa = PBXFileReference; lastKnownFileType = image.png; path = france.png; sourceTree = "<group>"; };
		2F7A447D16A8F8D100D1CD42 /* ic_action_search.png */ = {isa = PBXFileReference; lastKnownFileType = image.png; path = ic_action_search.png; sourceTree = "<group>"; };
		2F7A447E16A8F8D100D1CD42 /* ic_bag.png */ = {isa = PBXFileReference; lastKnownFileType = image.png; path = ic_bag.png; sourceTree = "<group>"; };
		2F7A447F16A8F8D100D1CD42 /* ic_book.png */ = {isa = PBXFileReference; lastKnownFileType = image.png; path = ic_book.png; sourceTree = "<group>"; };
		2F7A448016A8F8D100D1CD42 /* ic_chart.png */ = {isa = PBXFileReference; lastKnownFileType = image.png; path = ic_chart.png; sourceTree = "<group>"; };
		2F7A448116A8F8D100D1CD42 /* ic_currency.png */ = {isa = PBXFileReference; lastKnownFileType = image.png; path = ic_currency.png; sourceTree = "<group>"; };
		2F7A448216A8F8D100D1CD42 /* ic_cycle_time.png */ = {isa = PBXFileReference; lastKnownFileType = image.png; path = ic_cycle_time.png; sourceTree = "<group>"; };
		2F7A448316A8F8D100D1CD42 /* ic_export.png */ = {isa = PBXFileReference; lastKnownFileType = image.png; path = ic_export.png; sourceTree = "<group>"; };
		2F7A448416A8F8D100D1CD42 /* ic_launcher.png */ = {isa = PBXFileReference; lastKnownFileType = image.png; path = ic_launcher.png; sourceTree = "<group>"; };
		2F7A448516A8F8D100D1CD42 /* ic_list_more.png */ = {isa = PBXFileReference; lastKnownFileType = image.png; path = ic_list_more.png; sourceTree = "<group>"; };
		2F7A448616A8F8D100D1CD42 /* ic_qprn.png */ = {isa = PBXFileReference; lastKnownFileType = image.png; path = ic_qprn.png; sourceTree = "<group>"; };
		2F7A448716A8F8D100D1CD42 /* ic_setting.png */ = {isa = PBXFileReference; lastKnownFileType = image.png; path = ic_setting.png; sourceTree = "<group>"; };
		2F7A448816A8F8D100D1CD42 /* ic_stream_map.png */ = {isa = PBXFileReference; lastKnownFileType = image.png; path = ic_stream_map.png; sourceTree = "<group>"; };
		2F7A448916A8F8D100D1CD42 /* ic_task_time.png */ = {isa = PBXFileReference; lastKnownFileType = image.png; path = ic_task_time.png; sourceTree = "<group>"; };
		2F7A448A16A8F8D100D1CD42 /* ic_version.png */ = {isa = PBXFileReference; lastKnownFileType = image.png; path = ic_version.png; sourceTree = "<group>"; };
		2F7A448B16A8F8D100D1CD42 /* icon.png */ = {isa = PBXFileReference; lastKnownFileType = image.png; path = icon.png; sourceTree = "<group>"; };
		2F7A448C16A8F8D100D1CD42 /* img_chart.png */ = {isa = PBXFileReference; lastKnownFileType = image.png; path = img_chart.png; sourceTree = "<group>"; };
		2F7A448D16A8F8D100D1CD42 /* img_chart_landscape.png */ = {isa = PBXFileReference; lastKnownFileType = image.png; path = img_chart_landscape.png; sourceTree = "<group>"; };
		2F7A448E16A8F8D100D1CD42 /* img_chart_single.png */ = {isa = PBXFileReference; lastKnownFileType = image.png; path = img_chart_single.png; sourceTree = "<group>"; };
		2F7A448F16A8F8D100D1CD42 /* img_edit_process.png */ = {isa = PBXFileReference; lastKnownFileType = image.png; path = img_edit_process.png; sourceTree = "<group>"; };
		2F7A449016A8F8D100D1CD42 /* img_export_setting.png */ = {isa = PBXFileReference; lastKnownFileType = image.png; path = img_export_setting.png; sourceTree = "<group>"; };
		2F7A449116A8F8D100D1CD42 /* img_list_chart.png */ = {isa = PBXFileReference; lastKnownFileType = image.png; path = img_list_chart.png; sourceTree = "<group>"; };
		2F7A449216A8F8D100D1CD42 /* img_list_process_1.png */ = {isa = PBXFileReference; lastKnownFileType = image.png; path = img_list_process_1.png; sourceTree = "<group>"; };
		2F7A449316A8F8D100D1CD42 /* img_list_process_2.png */ = {isa = PBXFileReference; lastKnownFileType = image.png; path = img_list_process_2.png; sourceTree = "<group>"; };
		2F7A449416A8F8D100D1CD42 /* img_recording_2.png */ = {isa = PBXFileReference; lastKnownFileType = image.png; path = img_recording_2.png; sourceTree = "<group>"; };
		2F7A449516A8F8D100D1CD42 /* img_recording_detail.png */ = {isa = PBXFileReference; lastKnownFileType = image.png; path = img_recording_detail.png; sourceTree = "<group>"; };
		2F7A449616A8F8D100D1CD42 /* img_value_stream_map.png */ = {isa = PBXFileReference; lastKnownFileType = image.png; path = img_value_stream_map.png; sourceTree = "<group>"; };
		2F7A449716A8F8D100D1CD42 /* img_version.png */ = {isa = PBXFileReference; lastKnownFileType = image.png; path = img_version.png; sourceTree = "<group>"; };
		2F7A449816A8F8D100D1CD42 /* img_video_view.png */ = {isa = PBXFileReference; lastKnownFileType = image.png; path = img_video_view.png; sourceTree = "<group>"; };
		2F7A449916A8F8D100D1CD42 /* img_video_view_detail.png */ = {isa = PBXFileReference; lastKnownFileType = image.png; path = img_video_view_detail.png; sourceTree = "<group>"; };
		2F7A449A16A8F8D100D1CD42 /* img_video_view_detail_landscape.png */ = {isa = PBXFileReference; lastKnownFileType = image.png; path = img_video_view_detail_landscape.png; sourceTree = "<group>"; };
		2F7A449B16A8F8D100D1CD42 /* line.png */ = {isa = PBXFileReference; lastKnownFileType = image.png; path = line.png; sourceTree = "<group>"; };
		2F7A449C16A8F8D100D1CD42 /* quickaction_arrow_down.png */ = {isa = PBXFileReference; lastKnownFileType = image.png; path = quickaction_arrow_down.png; sourceTree = "<group>"; };
		2F7A449D16A8F8D100D1CD42 /* quickaction_arrow_up.png */ = {isa = PBXFileReference; lastKnownFileType = image.png; path = quickaction_arrow_up.png; sourceTree = "<group>"; };
		2F7A449E16A8F8D100D1CD42 /* quickaction_background.png */ = {isa = PBXFileReference; lastKnownFileType = image.png; path = quickaction_background.png; sourceTree = "<group>"; };
		2F7A449F16A8F8D100D1CD42 /* quickaction_bottom_frame.9.png */ = {isa = PBXFileReference; lastKnownFileType = image.png; path = quickaction_bottom_frame.9.png; sourceTree = "<group>"; };
		2F7A44A016A8F8D100D1CD42 /* quickaction_slider_background.png */ = {isa = PBXFileReference; lastKnownFileType = image.png; path = quickaction_slider_background.png; sourceTree = "<group>"; };
		2F7A44A116A8F8D100D1CD42 /* quickaction_slider_btn_normal.9.png */ = {isa = PBXFileReference; lastKnownFileType = image.png; path = quickaction_slider_btn_normal.9.png; sourceTree = "<group>"; };
		2F7A44A216A8F8D100D1CD42 /* quickaction_slider_btn_on.9.png */ = {isa = PBXFileReference; lastKnownFileType = image.png; path = quickaction_slider_btn_on.9.png; sourceTree = "<group>"; };
		2F7A44A316A8F8D100D1CD42 /* quickaction_slider_btn_pressed.9.png */ = {isa = PBXFileReference; lastKnownFileType = image.png; path = quickaction_slider_btn_pressed.9.png; sourceTree = "<group>"; };
		2F7A44A416A8F8D100D1CD42 /* quickaction_slider_btn_selected.9.png */ = {isa = PBXFileReference; lastKnownFileType = image.png; path = quickaction_slider_btn_selected.9.png; sourceTree = "<group>"; };
		2F7A44A516A8F8D100D1CD42 /* quickaction_slider_grip_left.png */ = {isa = PBXFileReference; lastKnownFileType = image.png; path = quickaction_slider_grip_left.png; sourceTree = "<group>"; };
		2F7A44A616A8F8D100D1CD42 /* quickaction_slider_grip_right.png */ = {isa = PBXFileReference; lastKnownFileType = image.png; path = quickaction_slider_grip_right.png; sourceTree = "<group>"; };
		2F7A44A716A8F8D100D1CD42 /* quickaction_top_frame.9.png */ = {isa = PBXFileReference; lastKnownFileType = image.png; path = quickaction_top_frame.9.png; sourceTree = "<group>"; };
		2F7A44A816A8F8D100D1CD42 /* rect.png */ = {isa = PBXFileReference; lastKnownFileType = image.png; path = rect.png; sourceTree = "<group>"; };
		2F7A44A916A8F8D100D1CD42 /* splash.png */ = {isa = PBXFileReference; lastKnownFileType = image.png; path = splash.png; sourceTree = "<group>"; };
		2F7A44AA16A8F8D100D1CD42 /* sqare.png */ = {isa = PBXFileReference; lastKnownFileType = image.png; path = sqare.png; sourceTree = "<group>"; };
		2F7A44AB16A8F8D100D1CD42 /* toggle_button_off.png */ = {isa = PBXFileReference; lastKnownFileType = image.png; path = toggle_button_off.png; sourceTree = "<group>"; };
		2F7A44AC16A8F8D100D1CD42 /* toggle_button_on.png */ = {isa = PBXFileReference; lastKnownFileType = image.png; path = toggle_button_on.png; sourceTree = "<group>"; };
		2F7A44AD16A8F8D100D1CD42 /* ukraine.png */ = {isa = PBXFileReference; lastKnownFileType = image.png; path = ukraine.png; sourceTree = "<group>"; };
		2F7A44AE16A8F8D100D1CD42 /* usa.png */ = {isa = PBXFileReference; lastKnownFileType = image.png; path = usa.png; sourceTree = "<group>"; };
		2F8B448116AA5A1300A337A1 /* VAAnalysisCTimeViewController.h */ = {isa = PBXFileReference; fileEncoding = 4; lastKnownFileType = sourcecode.c.h; path = VAAnalysisCTimeViewController.h; sourceTree = "<group>"; };
		2F8B448216AA5A1300A337A1 /* VAAnalysisCTimeViewController.m */ = {isa = PBXFileReference; fileEncoding = 4; lastKnownFileType = sourcecode.c.objc; path = VAAnalysisCTimeViewController.m; sourceTree = "<group>"; };
		2F8B448316AA5A1300A337A1 /* VACycleTimeViewController.h */ = {isa = PBXFileReference; fileEncoding = 4; lastKnownFileType = sourcecode.c.h; path = VACycleTimeViewController.h; sourceTree = "<group>"; };
		2F8B448416AA5A1300A337A1 /* VACycleTimeViewController.m */ = {isa = PBXFileReference; fileEncoding = 4; lastKnownFileType = sourcecode.c.objc; path = VACycleTimeViewController.m; sourceTree = "<group>"; };
		2F8B449316AA5A1300A337A1 /* VAPqprViewController.h */ = {isa = PBXFileReference; fileEncoding = 4; lastKnownFileType = sourcecode.c.h; path = VAPqprViewController.h; sourceTree = "<group>"; };
		2F8B449416AA5A1300A337A1 /* VAPqprViewController.m */ = {isa = PBXFileReference; fileEncoding = 4; lastKnownFileType = sourcecode.c.objc; path = VAPqprViewController.m; sourceTree = "<group>"; };
		2F8B449716AA5A1300A337A1 /* VASpaChartViewController.h */ = {isa = PBXFileReference; fileEncoding = 4; lastKnownFileType = sourcecode.c.h; path = VASpaChartViewController.h; sourceTree = "<group>"; };
		2F8B449816AA5A1300A337A1 /* VASpaChartViewController.m */ = {isa = PBXFileReference; fileEncoding = 4; lastKnownFileType = sourcecode.c.objc; path = VASpaChartViewController.m; sourceTree = "<group>"; };
		2F8B449A16AA5A1300A337A1 /* VATaktTimeViewController.h */ = {isa = PBXFileReference; fileEncoding = 4; lastKnownFileType = sourcecode.c.h; path = VATaktTimeViewController.h; sourceTree = "<group>"; };
		2F8B449B16AA5A1300A337A1 /* VATaktTimeViewController.m */ = {isa = PBXFileReference; fileEncoding = 4; lastKnownFileType = sourcecode.c.objc; path = VATaktTimeViewController.m; sourceTree = "<group>"; };
		2F8B44B416AA5DB200A337A1 /* TDTextFieldCell.h */ = {isa = PBXFileReference; fileEncoding = 4; lastKnownFileType = sourcecode.c.h; path = TDTextFieldCell.h; sourceTree = "<group>"; };
		2F8B44B516AA5DB200A337A1 /* TDTextFieldCell.m */ = {isa = PBXFileReference; fileEncoding = 4; lastKnownFileType = sourcecode.c.objc; path = TDTextFieldCell.m; sourceTree = "<group>"; };
		2F8B44BB16AA651800A337A1 /* VAProjDetailViewController.h */ = {isa = PBXFileReference; fileEncoding = 4; lastKnownFileType = sourcecode.c.h; path = VAProjDetailViewController.h; sourceTree = "<group>"; };
		2F8B44BC16AA651800A337A1 /* VAProjDetailViewController.m */ = {isa = PBXFileReference; fileEncoding = 4; lastKnownFileType = sourcecode.c.objc; path = VAProjDetailViewController.m; sourceTree = "<group>"; };
		2F8B44C316AA66AD00A337A1 /* VAVAMViewController.h */ = {isa = PBXFileReference; fileEncoding = 4; lastKnownFileType = sourcecode.c.h; path = VAVAMViewController.h; sourceTree = "<group>"; };
		2F8B44C416AA66AD00A337A1 /* VAVAMViewController.m */ = {isa = PBXFileReference; fileEncoding = 4; lastKnownFileType = sourcecode.c.objc; path = VAVAMViewController.m; sourceTree = "<group>"; };
		2FC8E27016AA6B9A0078B407 /* VARootViewController.h */ = {isa = PBXFileReference; fileEncoding = 4; lastKnownFileType = sourcecode.c.h; path = VARootViewController.h; sourceTree = "<group>"; };
		2FC8E27116AA6B9A0078B407 /* VARootViewController.m */ = {isa = PBXFileReference; fileEncoding = 4; lastKnownFileType = sourcecode.c.objc; path = VARootViewController.m; sourceTree = "<group>"; };
		2FC8E27416AA6BD00078B407 /* VABookViewController.h */ = {isa = PBXFileReference; fileEncoding = 4; lastKnownFileType = sourcecode.c.h; path = VABookViewController.h; sourceTree = "<group>"; };
		2FC8E27516AA6BD00078B407 /* VABookViewController.m */ = {isa = PBXFileReference; fileEncoding = 4; lastKnownFileType = sourcecode.c.objc; path = VABookViewController.m; sourceTree = "<group>"; };
		2FC8E27616AA6BD00078B407 /* VAChangeProjViewController.h */ = {isa = PBXFileReference; fileEncoding = 4; lastKnownFileType = sourcecode.c.h; path = VAChangeProjViewController.h; sourceTree = "<group>"; };
		2FC8E27716AA6BD00078B407 /* VAChangeProjViewController.m */ = {isa = PBXFileReference; fileEncoding = 4; lastKnownFileType = sourcecode.c.objc; path = VAChangeProjViewController.m; sourceTree = "<group>"; };
		2FC8E27816AA6BD00078B407 /* VACurrencyViewController.h */ = {isa = PBXFileReference; fileEncoding = 4; lastKnownFileType = sourcecode.c.h; path = VACurrencyViewController.h; sourceTree = "<group>"; };
		2FC8E27916AA6BD00078B407 /* VACurrencyViewController.m */ = {isa = PBXFileReference; fileEncoding = 4; lastKnownFileType = sourcecode.c.objc; path = VACurrencyViewController.m; sourceTree = "<group>"; };
		2FC8E27A16AA6BD00078B407 /* VAExportViewController.h */ = {isa = PBXFileReference; fileEncoding = 4; lastKnownFileType = sourcecode.c.h; path = VAExportViewController.h; sourceTree = "<group>"; };
		2FC8E27B16AA6BD00078B407 /* VAExportViewController.m */ = {isa = PBXFileReference; fileEncoding = 4; lastKnownFileType = sourcecode.c.objc; path = VAExportViewController.m; sourceTree = "<group>"; };
		2FC8E27C16AA6BD00078B407 /* VASettingViewController.h */ = {isa = PBXFileReference; fileEncoding = 4; lastKnownFileType = sourcecode.c.h; path = VASettingViewController.h; sourceTree = "<group>"; };
		2FC8E27D16AA6BD00078B407 /* VASettingViewController.m */ = {isa = PBXFileReference; fileEncoding = 4; lastKnownFileType = sourcecode.c.objc; path = VASettingViewController.m; sourceTree = "<group>"; };
		2FC8E27E16AA6BD00078B407 /* VAVersionViewController.h */ = {isa = PBXFileReference; fileEncoding = 4; lastKnownFileType = sourcecode.c.h; path = VAVersionViewController.h; sourceTree = "<group>"; };
		2FC8E27F16AA6BD00078B407 /* VAVersionViewController.m */ = {isa = PBXFileReference; fileEncoding = 4; lastKnownFileType = sourcecode.c.objc; path = VAVersionViewController.m; sourceTree = "<group>"; };
		2FD0D4CE16A83F00002803CB /* TDAppDelegate.h */ = {isa = PBXFileReference; fileEncoding = 4; lastKnownFileType = sourcecode.c.h; path = TDAppDelegate.h; sourceTree = "<group>"; };
		2FD0D4CF16A83F00002803CB /* TDAppDelegate.m */ = {isa = PBXFileReference; fileEncoding = 4; lastKnownFileType = sourcecode.c.objc; path = TDAppDelegate.m; sourceTree = "<group>"; };
		2FD0D4E916A8439D002803CB /* VAProject.h */ = {isa = PBXFileReference; fileEncoding = 4; lastKnownFileType = sourcecode.c.h; path = VAProject.h; sourceTree = "<group>"; };
		2FD0D4EA16A8439D002803CB /* VAProject.m */ = {isa = PBXFileReference; fileEncoding = 4; lastKnownFileType = sourcecode.c.objc; path = VAProject.m; sourceTree = "<group>"; };
		2FD0D4F516A85449002803CB /* TDLanguage.h */ = {isa = PBXFileReference; fileEncoding = 4; lastKnownFileType = sourcecode.c.h; path = TDLanguage.h; sourceTree = "<group>"; };
		2FD0D4F616A85449002803CB /* TDLanguage.m */ = {isa = PBXFileReference; fileEncoding = 4; lastKnownFileType = sourcecode.c.objc; path = TDLanguage.m; sourceTree = "<group>"; };
		2FD0D4F916A854DB002803CB /* TDCommonLibs.h */ = {isa = PBXFileReference; fileEncoding = 4; lastKnownFileType = sourcecode.c.h; path = TDCommonLibs.h; sourceTree = "<group>"; };
		2FD0D4FB16A85541002803CB /* en */ = {isa = PBXFileReference; lastKnownFileType = text.plist.strings; name = en; path = en.lproj/Localizable.strings; sourceTree = "<group>"; };
		2FD0D4FE16A85B88002803CB /* UIGridView.h */ = {isa = PBXFileReference; fileEncoding = 4; lastKnownFileType = sourcecode.c.h; path = UIGridView.h; sourceTree = "<group>"; };
		2FD0D4FF16A85B88002803CB /* UIGridView.m */ = {isa = PBXFileReference; fileEncoding = 4; lastKnownFileType = sourcecode.c.objc; path = UIGridView.m; sourceTree = "<group>"; };
		2FD0D50016A85B88002803CB /* UIGridViewCell.h */ = {isa = PBXFileReference; fileEncoding = 4; lastKnownFileType = sourcecode.c.h; path = UIGridViewCell.h; sourceTree = "<group>"; };
		2FD0D50116A85B88002803CB /* UIGridViewCell.m */ = {isa = PBXFileReference; fileEncoding = 4; lastKnownFileType = sourcecode.c.objc; path = UIGridViewCell.m; sourceTree = "<group>"; };
		2FD0D50216A85B88002803CB /* UIGridViewDelegate.h */ = {isa = PBXFileReference; fileEncoding = 4; lastKnownFileType = sourcecode.c.h; path = UIGridViewDelegate.h; sourceTree = "<group>"; };
		2FD0D50316A85B88002803CB /* UIGridViewRow.h */ = {isa = PBXFileReference; fileEncoding = 4; lastKnownFileType = sourcecode.c.h; path = UIGridViewRow.h; sourceTree = "<group>"; };
		2FD0D50416A85B88002803CB /* UIGridViewRow.m */ = {isa = PBXFileReference; fileEncoding = 4; lastKnownFileType = sourcecode.c.objc; path = UIGridViewRow.m; sourceTree = "<group>"; };
		2FD0D51516A85E1D002803CB /* TDLog.h */ = {isa = PBXFileReference; fileEncoding = 4; lastKnownFileType = sourcecode.c.h; path = TDLog.h; sourceTree = "<group>"; };
		2FD0D51716A85E4C002803CB /* TDDatabase.h */ = {isa = PBXFileReference; fileEncoding = 4; lastKnownFileType = sourcecode.c.h; path = TDDatabase.h; sourceTree = "<group>"; };
		2FD0D51816A85E4C002803CB /* TDDatabase.m */ = {isa = PBXFileReference; fileEncoding = 4; lastKnownFileType = sourcecode.c.objc; path = TDDatabase.m; sourceTree = "<group>"; };
		2FD0D51916A85E4C002803CB /* TDSqlManager.h */ = {isa = PBXFileReference; fileEncoding = 4; lastKnownFileType = sourcecode.c.h; path = TDSqlManager.h; sourceTree = "<group>"; };
		2FD0D51A16A85E4C002803CB /* TDSqlManager.m */ = {isa = PBXFileReference; fileEncoding = 4; lastKnownFileType = sourcecode.c.objc; path = TDSqlManager.m; sourceTree = "<group>"; };
		2FD0D51D16A860CA002803CB /* TDTextView.h */ = {isa = PBXFileReference; fileEncoding = 4; lastKnownFileType = sourcecode.c.h; path = TDTextView.h; sourceTree = "<group>"; };
		2FD0D51E16A860CA002803CB /* TDTextView.m */ = {isa = PBXFileReference; fileEncoding = 4; lastKnownFileType = sourcecode.c.objc; path = TDTextView.m; sourceTree = "<group>"; };
		2FD0D53716A87848002803CB /* libsqlite3.0.dylib */ = {isa = PBXFileReference; lastKnownFileType = "compiled.mach-o.dylib"; name = libsqlite3.0.dylib; path = usr/lib/libsqlite3.0.dylib; sourceTree = SDKROOT; };
		2FDA03DC16A5053B00F50D40 /* LearnApp.app */ = {isa = PBXFileReference; explicitFileType = wrapper.application; includeInIndex = 0; path = LearnApp.app; sourceTree = BUILT_PRODUCTS_DIR; };
		2FDA03E016A5053B00F50D40 /* UIKit.framework */ = {isa = PBXFileReference; lastKnownFileType = wrapper.framework; name = UIKit.framework; path = System/Library/Frameworks/UIKit.framework; sourceTree = SDKROOT; };
		2FDA03E216A5053B00F50D40 /* Foundation.framework */ = {isa = PBXFileReference; lastKnownFileType = wrapper.framework; name = Foundation.framework; path = System/Library/Frameworks/Foundation.framework; sourceTree = SDKROOT; };
		2FDA03E416A5053B00F50D40 /* CoreGraphics.framework */ = {isa = PBXFileReference; lastKnownFileType = wrapper.framework; name = CoreGraphics.framework; path = System/Library/Frameworks/CoreGraphics.framework; sourceTree = SDKROOT; };
		2FDA03E816A5053B00F50D40 /* LearnApp-Info.plist */ = {isa = PBXFileReference; lastKnownFileType = text.plist.xml; path = "LearnApp-Info.plist"; sourceTree = "<group>"; };
		2FDA03EA16A5053B00F50D40 /* en */ = {isa = PBXFileReference; lastKnownFileType = text.plist.strings; name = en; path = en.lproj/InfoPlist.strings; sourceTree = "<group>"; };
		2FDA03EC16A5053B00F50D40 /* main.m */ = {isa = PBXFileReference; lastKnownFileType = sourcecode.c.objc; path = main.m; sourceTree = "<group>"; };
		2FDA03EE16A5053B00F50D40 /* LearnApp-Prefix.pch */ = {isa = PBXFileReference; lastKnownFileType = sourcecode.c.h; path = "LearnApp-Prefix.pch"; sourceTree = "<group>"; };
		2FDA03F216A5053C00F50D40 /* Default.png */ = {isa = PBXFileReference; lastKnownFileType = image.png; path = Default.png; sourceTree = "<group>"; };
		2FDA03F416A5053C00F50D40 /* Default@2x.png */ = {isa = PBXFileReference; lastKnownFileType = image.png; path = "Default@2x.png"; sourceTree = "<group>"; };
		2FDA03F616A5053C00F50D40 /* Default-568h@2x.png */ = {isa = PBXFileReference; lastKnownFileType = image.png; path = "Default-568h@2x.png"; sourceTree = "<group>"; };
		2FDA03F916A5053C00F50D40 /* en */ = {isa = PBXFileReference; lastKnownFileType = file.storyboard; name = en; path = en.lproj/MainStoryboard.storyboard; sourceTree = "<group>"; };
		A73F391416A83B650055586C /* LeanApp.sqlite */ = {isa = PBXFileReference; lastKnownFileType = file; path = LeanApp.sqlite; sourceTree = "<group>"; };
		A7C1155116A9045300457170 /* VAProcess.h */ = {isa = PBXFileReference; fileEncoding = 4; lastKnownFileType = sourcecode.c.h; path = VAProcess.h; sourceTree = "<group>"; };
		A7C1155216A9045300457170 /* VAProcess.m */ = {isa = PBXFileReference; fileEncoding = 4; lastKnownFileType = sourcecode.c.objc; path = VAProcess.m; sourceTree = "<group>"; };
		A7C1155316A9045300457170 /* VAStep.h */ = {isa = PBXFileReference; fileEncoding = 4; lastKnownFileType = sourcecode.c.h; path = VAStep.h; sourceTree = "<group>"; };
		A7C1155416A9045300457170 /* VAStep.m */ = {isa = PBXFileReference; fileEncoding = 4; lastKnownFileType = sourcecode.c.objc; path = VAStep.m; sourceTree = "<group>"; };
/* End PBXFileReference section */

/* Begin PBXFrameworksBuildPhase section */
		2FDA03D916A5053B00F50D40 /* Frameworks */ = {
			isa = PBXFrameworksBuildPhase;
			buildActionMask = 2147483647;
			files = (
				2FD0D53816A87848002803CB /* libsqlite3.0.dylib in Frameworks */,
				2FDA03E116A5053B00F50D40 /* UIKit.framework in Frameworks */,
				2FDA03E316A5053B00F50D40 /* Foundation.framework in Frameworks */,
				2FDA03E516A5053B00F50D40 /* CoreGraphics.framework in Frameworks */,
			);
			runOnlyForDeploymentPostprocessing = 0;
		};
/* End PBXFrameworksBuildPhase section */

/* Begin PBXGroup section */
		2F7A445C16A8E1A800D1CD42 /* Global */ = {
			isa = PBXGroup;
			children = (
				2F7A445E16A8E1C100D1CD42 /* VAGlobal.h */,
				2F7A445F16A8E1C100D1CD42 /* VAGlobal.m */,
			);
			path = Global;
			sourceTree = "<group>";
		};
		2F7A446916A8EE6E00D1CD42 /* String */ = {
			isa = PBXGroup;
			children = (
				2F7A446A16A8EE8700D1CD42 /* TDString.h */,
				2F7A446B16A8EE8700D1CD42 /* TDString.m */,
			);
			path = String;
			sourceTree = "<group>";
		};
		2F7A447116A8F8D100D1CD42 /* SpecImage */ = {
			isa = PBXGroup;
			children = (
				2F7A447216A8F8D100D1CD42 /* actionbar_bg.png */,
				2F7A447316A8F8D100D1CD42 /* arrow.png */,
				2F7A447416A8F8D100D1CD42 /* bg_home.png */,
				2F7A447516A8F8D100D1CD42 /* bg_setting.png */,
				2F7A447616A8F8D100D1CD42 /* bg_setting_2.png */,
				2F7A447716A8F8D100D1CD42 /* bg_task_time.png */,
				2F7A447816A8F8D100D1CD42 /* box1.png */,
				2F7A447916A8F8D100D1CD42 /* box2.png */,
				2F7A447A16A8F8D100D1CD42 /* box3.png */,
				2F7A447B16A8F8D100D1CD42 /* canada.png */,
				2F7A447C16A8F8D100D1CD42 /* france.png */,
				2F7A447D16A8F8D100D1CD42 /* ic_action_search.png */,
				2F7A447E16A8F8D100D1CD42 /* ic_bag.png */,
				2F7A447F16A8F8D100D1CD42 /* ic_book.png */,
				2F7A448016A8F8D100D1CD42 /* ic_chart.png */,
				2F7A448116A8F8D100D1CD42 /* ic_currency.png */,
				2F7A448216A8F8D100D1CD42 /* ic_cycle_time.png */,
				2F7A448316A8F8D100D1CD42 /* ic_export.png */,
				2F7A448416A8F8D100D1CD42 /* ic_launcher.png */,
				2F7A448516A8F8D100D1CD42 /* ic_list_more.png */,
				2F7A448616A8F8D100D1CD42 /* ic_qprn.png */,
				2F7A448716A8F8D100D1CD42 /* ic_setting.png */,
				2F7A448816A8F8D100D1CD42 /* ic_stream_map.png */,
				2F7A448916A8F8D100D1CD42 /* ic_task_time.png */,
				2F7A448A16A8F8D100D1CD42 /* ic_version.png */,
				2F7A448B16A8F8D100D1CD42 /* icon.png */,
				2F7A448C16A8F8D100D1CD42 /* img_chart.png */,
				2F7A448D16A8F8D100D1CD42 /* img_chart_landscape.png */,
				2F7A448E16A8F8D100D1CD42 /* img_chart_single.png */,
				2F7A448F16A8F8D100D1CD42 /* img_edit_process.png */,
				2F7A449016A8F8D100D1CD42 /* img_export_setting.png */,
				2F7A449116A8F8D100D1CD42 /* img_list_chart.png */,
				2F7A449216A8F8D100D1CD42 /* img_list_process_1.png */,
				2F7A449316A8F8D100D1CD42 /* img_list_process_2.png */,
				2F7A449416A8F8D100D1CD42 /* img_recording_2.png */,
				2F7A449516A8F8D100D1CD42 /* img_recording_detail.png */,
				2F7A449616A8F8D100D1CD42 /* img_value_stream_map.png */,
				2F7A449716A8F8D100D1CD42 /* img_version.png */,
				2F7A449816A8F8D100D1CD42 /* img_video_view.png */,
				2F7A449916A8F8D100D1CD42 /* img_video_view_detail.png */,
				2F7A449A16A8F8D100D1CD42 /* img_video_view_detail_landscape.png */,
				2F7A449B16A8F8D100D1CD42 /* line.png */,
				2F7A449C16A8F8D100D1CD42 /* quickaction_arrow_down.png */,
				2F7A449D16A8F8D100D1CD42 /* quickaction_arrow_up.png */,
				2F7A449E16A8F8D100D1CD42 /* quickaction_background.png */,
				2F7A449F16A8F8D100D1CD42 /* quickaction_bottom_frame.9.png */,
				2F7A44A016A8F8D100D1CD42 /* quickaction_slider_background.png */,
				2F7A44A116A8F8D100D1CD42 /* quickaction_slider_btn_normal.9.png */,
				2F7A44A216A8F8D100D1CD42 /* quickaction_slider_btn_on.9.png */,
				2F7A44A316A8F8D100D1CD42 /* quickaction_slider_btn_pressed.9.png */,
				2F7A44A416A8F8D100D1CD42 /* quickaction_slider_btn_selected.9.png */,
				2F7A44A516A8F8D100D1CD42 /* quickaction_slider_grip_left.png */,
				2F7A44A616A8F8D100D1CD42 /* quickaction_slider_grip_right.png */,
				2F7A44A716A8F8D100D1CD42 /* quickaction_top_frame.9.png */,
				2F7A44A816A8F8D100D1CD42 /* rect.png */,
				2F7A44A916A8F8D100D1CD42 /* splash.png */,
				2F7A44AA16A8F8D100D1CD42 /* sqare.png */,
				2F7A44AB16A8F8D100D1CD42 /* toggle_button_off.png */,
				2F7A44AC16A8F8D100D1CD42 /* toggle_button_on.png */,
				2F7A44AD16A8F8D100D1CD42 /* ukraine.png */,
				2F7A44AE16A8F8D100D1CD42 /* usa.png */,
			);
			path = SpecImage;
			sourceTree = "<group>";
		};
		2F8B448016AA5A1300A337A1 /* CycleTime */ = {
			isa = PBXGroup;
			children = (
				2F8B448116AA5A1300A337A1 /* VAAnalysisCTimeViewController.h */,
				2F8B448216AA5A1300A337A1 /* VAAnalysisCTimeViewController.m */,
				2F8B448316AA5A1300A337A1 /* VACycleTimeViewController.h */,
				2F8B448416AA5A1300A337A1 /* VACycleTimeViewController.m */,
			);
			path = CycleTime;
			sourceTree = "<group>";
		};
		2F8B449216AA5A1300A337A1 /* Pqpr */ = {
			isa = PBXGroup;
			children = (
				2F8B449316AA5A1300A337A1 /* VAPqprViewController.h */,
				2F8B449416AA5A1300A337A1 /* VAPqprViewController.m */,
			);
			path = Pqpr;
			sourceTree = "<group>";
		};
		2F8B449616AA5A1300A337A1 /* SpaChart */ = {
			isa = PBXGroup;
			children = (
				2F8B449716AA5A1300A337A1 /* VASpaChartViewController.h */,
				2F8B449816AA5A1300A337A1 /* VASpaChartViewController.m */,
			);
			path = SpaChart;
			sourceTree = "<group>";
		};
		2F8B449916AA5A1300A337A1 /* TaktTIme */ = {
			isa = PBXGroup;
			children = (
				2F8B449A16AA5A1300A337A1 /* VATaktTimeViewController.h */,
				2F8B449B16AA5A1300A337A1 /* VATaktTimeViewController.m */,
			);
			path = TaktTIme;
			sourceTree = "<group>";
		};
		2F8B44C116AA652200A337A1 /* VAMProjDetail */ = {
			isa = PBXGroup;
			children = (
				2F8B44BB16AA651800A337A1 /* VAProjDetailViewController.h */,
				2F8B44BC16AA651800A337A1 /* VAProjDetailViewController.m */,
			);
			name = VAMProjDetail;
			sourceTree = "<group>";
		};
		2F8B44C216AA66AD00A337A1 /* VAM */ = {
			isa = PBXGroup;
			children = (
				2F8B44C316AA66AD00A337A1 /* VAVAMViewController.h */,
				2F8B44C416AA66AD00A337A1 /* VAVAMViewController.m */,
			);
			path = VAM;
			sourceTree = "<group>";
		};
		2FC8E26F16AA6B9A0078B407 /* RooViewController */ = {
			isa = PBXGroup;
			children = (
				2FC8E27016AA6B9A0078B407 /* VARootViewController.h */,
				2FC8E27116AA6B9A0078B407 /* VARootViewController.m */,
			);
			path = RooViewController;
			sourceTree = "<group>";
		};
		2FC8E27316AA6BD00078B407 /* MenuViewController */ = {
			isa = PBXGroup;
			children = (
				2FC8E27416AA6BD00078B407 /* VABookViewController.h */,
				2FC8E27516AA6BD00078B407 /* VABookViewController.m */,
				2FC8E27616AA6BD00078B407 /* VAChangeProjViewController.h */,
				2FC8E27716AA6BD00078B407 /* VAChangeProjViewController.m */,
				2FC8E27816AA6BD00078B407 /* VACurrencyViewController.h */,
				2FC8E27916AA6BD00078B407 /* VACurrencyViewController.m */,
				2FC8E27A16AA6BD00078B407 /* VAExportViewController.h */,
				2FC8E27B16AA6BD00078B407 /* VAExportViewController.m */,
				2FC8E27C16AA6BD00078B407 /* VASettingViewController.h */,
				2FC8E27D16AA6BD00078B407 /* VASettingViewController.m */,
				2FC8E27E16AA6BD00078B407 /* VAVersionViewController.h */,
				2FC8E27F16AA6BD00078B407 /* VAVersionViewController.m */,
			);
			path = MenuViewController;
			sourceTree = "<group>";
		};
		2FD0D4B716A83CC7002803CB /* SourceCode */ = {
			isa = PBXGroup;
			children = (
				2FD0D4CD16A83EFF002803CB /* AppDelegate */,
				2FD0D4D616A83F74002803CB /* Libs */,
				2FD0D4D916A83F74002803CB /* Model */,
				2FD0D4BD16A83CF2002803CB /* ViewController */,
			);
			path = SourceCode;
			sourceTree = "<group>";
		};
		2FD0D4BC16A83CCE002803CB /* StoryBoard */ = {
			isa = PBXGroup;
			children = (
				2FDA03F816A5053C00F50D40 /* MainStoryboard.storyboard */,
			);
			name = StoryBoard;
			sourceTree = "<group>";
		};
		2FD0D4BD16A83CF2002803CB /* ViewController */ = {
			isa = PBXGroup;
			children = (
				2FC8E26F16AA6B9A0078B407 /* RooViewController */,
				2FC8E27316AA6BD00078B407 /* MenuViewController */,
				2F8B44C216AA66AD00A337A1 /* VAM */,
				2F8B44C116AA652200A337A1 /* VAMProjDetail */,
				2F8B448016AA5A1300A337A1 /* CycleTime */,
				2F8B449216AA5A1300A337A1 /* Pqpr */,
				2F8B449616AA5A1300A337A1 /* SpaChart */,
				2F8B449916AA5A1300A337A1 /* TaktTIme */,
			);
			path = ViewController;
			sourceTree = "<group>";
		};
		2FD0D4CD16A83EFF002803CB /* AppDelegate */ = {
			isa = PBXGroup;
			children = (
				2FD0D4CE16A83F00002803CB /* TDAppDelegate.h */,
				2FD0D4CF16A83F00002803CB /* TDAppDelegate.m */,
			);
			path = AppDelegate;
			sourceTree = "<group>";
		};
		2FD0D4D616A83F74002803CB /* Libs */ = {
			isa = PBXGroup;
			children = (
				2FD0D4F916A854DB002803CB /* TDCommonLibs.h */,
				2F7A446916A8EE6E00D1CD42 /* String */,
				2FD0D51616A85E4C002803CB /* Database */,
				2FD0D4FD16A85B87002803CB /* UIGridView */,
				2FD0D4F416A85423002803CB /* Language */,
				2FD0D4EF16A85293002803CB /* DateTime */,
				2FD0D4F016A85293002803CB /* ToolKit */,
				2FD0D4D716A83F74002803CB /* Configs */,
			);
			path = Libs;
			sourceTree = "<group>";
		};
		2FD0D4D716A83F74002803CB /* Configs */ = {
			isa = PBXGroup;
			children = (
				2FD0D51516A85E1D002803CB /* TDLog.h */,
			);
			path = Configs;
			sourceTree = "<group>";
		};
		2FD0D4D916A83F74002803CB /* Model */ = {
			isa = PBXGroup;
			children = (
				2F7A445C16A8E1A800D1CD42 /* Global */,
				2FD0D4E716A84382002803CB /* VAM */,
				2FD0D4DA16A83F74002803CB /* Const */,
			);
			path = Model;
			sourceTree = "<group>";
		};
		2FD0D4DA16A83F74002803CB /* Const */ = {
			isa = PBXGroup;
			children = (
			);
			path = Const;
			sourceTree = "<group>";
		};
		2FD0D4DB16A8407E002803CB /* Resource */ = {
			isa = PBXGroup;
			children = (
				2FD0D4DC16A8407E002803CB /* Database */,
				2FD0D4DD16A8407E002803CB /* Image */,
				2FD0D4DE16A8407E002803CB /* Sound */,
			);
			path = Resource;
			sourceTree = "<group>";
		};
		2FD0D4DC16A8407E002803CB /* Database */ = {
			isa = PBXGroup;
			children = (
			);
			path = Database;
			sourceTree = "<group>";
		};
		2FD0D4DD16A8407E002803CB /* Image */ = {
			isa = PBXGroup;
			children = (
				2F7A447116A8F8D100D1CD42 /* SpecImage */,
			);
			path = Image;
			sourceTree = "<group>";
		};
		2FD0D4DE16A8407E002803CB /* Sound */ = {
			isa = PBXGroup;
			children = (
			);
			path = Sound;
			sourceTree = "<group>";
		};
		2FD0D4E716A84382002803CB /* VAM */ = {
			isa = PBXGroup;
			children = (
				A7C1155116A9045300457170 /* VAProcess.h */,
				A7C1155216A9045300457170 /* VAProcess.m */,
				A7C1155316A9045300457170 /* VAStep.h */,
				A7C1155416A9045300457170 /* VAStep.m */,
				2FD0D4E916A8439D002803CB /* VAProject.h */,
				2FD0D4EA16A8439D002803CB /* VAProject.m */,
			);
			path = VAM;
			sourceTree = "<group>";
		};
		2FD0D4EF16A85293002803CB /* DateTime */ = {
			isa = PBXGroup;
			children = (
			);
			path = DateTime;
			sourceTree = "<group>";
		};
		2FD0D4F016A85293002803CB /* ToolKit */ = {
			isa = PBXGroup;
			children = (
				2FD0D51D16A860CA002803CB /* TDTextView.h */,
				2FD0D51E16A860CA002803CB /* TDTextView.m */,
				2F8B44B416AA5DB200A337A1 /* TDTextFieldCell.h */,
				2F8B44B516AA5DB200A337A1 /* TDTextFieldCell.m */,
			);
			path = ToolKit;
			sourceTree = "<group>";
		};
		2FD0D4F416A85423002803CB /* Language */ = {
			isa = PBXGroup;
			children = (
				2FD0D4F516A85449002803CB /* TDLanguage.h */,
				2FD0D4F616A85449002803CB /* TDLanguage.m */,
			);
			path = Language;
			sourceTree = "<group>";
		};
		2FD0D4FD16A85B87002803CB /* UIGridView */ = {
			isa = PBXGroup;
			children = (
				2FD0D4FE16A85B88002803CB /* UIGridView.h */,
				2FD0D4FF16A85B88002803CB /* UIGridView.m */,
				2FD0D50016A85B88002803CB /* UIGridViewCell.h */,
				2FD0D50116A85B88002803CB /* UIGridViewCell.m */,
				2FD0D50216A85B88002803CB /* UIGridViewDelegate.h */,
				2FD0D50316A85B88002803CB /* UIGridViewRow.h */,
				2FD0D50416A85B88002803CB /* UIGridViewRow.m */,
			);
			path = UIGridView;
			sourceTree = "<group>";
		};
		2FD0D51616A85E4C002803CB /* Database */ = {
			isa = PBXGroup;
			children = (
				2FD0D51716A85E4C002803CB /* TDDatabase.h */,
				2FD0D51816A85E4C002803CB /* TDDatabase.m */,
				2FD0D51916A85E4C002803CB /* TDSqlManager.h */,
				2FD0D51A16A85E4C002803CB /* TDSqlManager.m */,
			);
			path = Database;
			sourceTree = "<group>";
		};
		2FDA03D116A5053B00F50D40 = {
			isa = PBXGroup;
			children = (
				2FDA03E616A5053B00F50D40 /* LearnApp */,
				2FDA03DF16A5053B00F50D40 /* Frameworks */,
				2FDA03DD16A5053B00F50D40 /* Products */,
			);
			sourceTree = "<group>";
		};
		2FDA03DD16A5053B00F50D40 /* Products */ = {
			isa = PBXGroup;
			children = (
				2FDA03DC16A5053B00F50D40 /* LearnApp.app */,
			);
			name = Products;
			sourceTree = "<group>";
		};
		2FDA03DF16A5053B00F50D40 /* Frameworks */ = {
			isa = PBXGroup;
			children = (
				2FD0D53716A87848002803CB /* libsqlite3.0.dylib */,
				2FDA03E016A5053B00F50D40 /* UIKit.framework */,
				2FDA03E216A5053B00F50D40 /* Foundation.framework */,
				2FDA03E416A5053B00F50D40 /* CoreGraphics.framework */,
			);
			name = Frameworks;
			sourceTree = "<group>";
		};
		2FDA03E616A5053B00F50D40 /* LearnApp */ = {
			isa = PBXGroup;
			children = (
				2FD0D4DB16A8407E002803CB /* Resource */,
				2FD0D4B716A83CC7002803CB /* SourceCode */,
				2FD0D4BC16A83CCE002803CB /* StoryBoard */,
				2FDA03E716A5053B00F50D40 /* Supporting Files */,
			);
			path = LearnApp;
			sourceTree = "<group>";
		};
		2FDA03E716A5053B00F50D40 /* Supporting Files */ = {
			isa = PBXGroup;
			children = (
				2FD0D4FA16A85541002803CB /* Localizable.strings */,
				A73F391416A83B650055586C /* LeanApp.sqlite */,
				2FDA03E816A5053B00F50D40 /* LearnApp-Info.plist */,
				2FDA03E916A5053B00F50D40 /* InfoPlist.strings */,
				2FDA03EC16A5053B00F50D40 /* main.m */,
				2FDA03EE16A5053B00F50D40 /* LearnApp-Prefix.pch */,
				2FDA03F216A5053C00F50D40 /* Default.png */,
				2FDA03F416A5053C00F50D40 /* Default@2x.png */,
				2FDA03F616A5053C00F50D40 /* Default-568h@2x.png */,
			);
			name = "Supporting Files";
			sourceTree = "<group>";
		};
/* End PBXGroup section */

/* Begin PBXNativeTarget section */
		2FDA03DB16A5053B00F50D40 /* LearnApp */ = {
			isa = PBXNativeTarget;
			buildConfigurationList = 2FDA040016A5053C00F50D40 /* Build configuration list for PBXNativeTarget "LearnApp" */;
			buildPhases = (
				2FDA03D816A5053B00F50D40 /* Sources */,
				2FDA03D916A5053B00F50D40 /* Frameworks */,
				2FDA03DA16A5053B00F50D40 /* Resources */,
			);
			buildRules = (
			);
			dependencies = (
			);
			name = LearnApp;
			productName = LearnApp;
			productReference = 2FDA03DC16A5053B00F50D40 /* LearnApp.app */;
			productType = "com.apple.product-type.application";
		};
/* End PBXNativeTarget section */

/* Begin PBXProject section */
		2FDA03D316A5053B00F50D40 /* Project object */ = {
			isa = PBXProject;
			attributes = {
				CLASSPREFIX = TD;
				LastUpgradeCheck = 0450;
				ORGANIZATIONNAME = tranduc;
			};
			buildConfigurationList = 2FDA03D616A5053B00F50D40 /* Build configuration list for PBXProject "LearnApp" */;
			compatibilityVersion = "Xcode 3.2";
			developmentRegion = English;
			hasScannedForEncodings = 0;
			knownRegions = (
				en,
			);
			mainGroup = 2FDA03D116A5053B00F50D40;
			productRefGroup = 2FDA03DD16A5053B00F50D40 /* Products */;
			projectDirPath = "";
			projectRoot = "";
			targets = (
				2FDA03DB16A5053B00F50D40 /* LearnApp */,
			);
		};
/* End PBXProject section */

/* Begin PBXResourcesBuildPhase section */
		2FDA03DA16A5053B00F50D40 /* Resources */ = {
			isa = PBXResourcesBuildPhase;
			buildActionMask = 2147483647;
			files = (
				2FDA03EB16A5053B00F50D40 /* InfoPlist.strings in Resources */,
				2FDA03F316A5053C00F50D40 /* Default.png in Resources */,
				2FDA03F516A5053C00F50D40 /* Default@2x.png in Resources */,
				2FDA03F716A5053C00F50D40 /* Default-568h@2x.png in Resources */,
				2FDA03FA16A5053C00F50D40 /* MainStoryboard.storyboard in Resources */,
				A73F391516A83B650055586C /* LeanApp.sqlite in Resources */,
				2FD0D4FC16A85541002803CB /* Localizable.strings in Resources */,
				2F7A44AF16A8F8D100D1CD42 /* actionbar_bg.png in Resources */,
				2F7A44B016A8F8D100D1CD42 /* arrow.png in Resources */,
				2F7A44B116A8F8D100D1CD42 /* bg_home.png in Resources */,
				2F7A44B216A8F8D100D1CD42 /* bg_setting.png in Resources */,
				2F7A44B316A8F8D100D1CD42 /* bg_setting_2.png in Resources */,
				2F7A44B416A8F8D100D1CD42 /* bg_task_time.png in Resources */,
				2F7A44B516A8F8D100D1CD42 /* box1.png in Resources */,
				2F7A44B616A8F8D100D1CD42 /* box2.png in Resources */,
				2F7A44B716A8F8D100D1CD42 /* box3.png in Resources */,
				2F7A44B816A8F8D100D1CD42 /* canada.png in Resources */,
				2F7A44B916A8F8D100D1CD42 /* france.png in Resources */,
				2F7A44BA16A8F8D100D1CD42 /* ic_action_search.png in Resources */,
				2F7A44BB16A8F8D100D1CD42 /* ic_bag.png in Resources */,
				2F7A44BC16A8F8D100D1CD42 /* ic_book.png in Resources */,
				2F7A44BD16A8F8D100D1CD42 /* ic_chart.png in Resources */,
				2F7A44BE16A8F8D100D1CD42 /* ic_currency.png in Resources */,
				2F7A44BF16A8F8D100D1CD42 /* ic_cycle_time.png in Resources */,
				2F7A44C016A8F8D100D1CD42 /* ic_export.png in Resources */,
				2F7A44C116A8F8D100D1CD42 /* ic_launcher.png in Resources */,
				2F7A44C216A8F8D100D1CD42 /* ic_list_more.png in Resources */,
				2F7A44C316A8F8D100D1CD42 /* ic_qprn.png in Resources */,
				2F7A44C416A8F8D100D1CD42 /* ic_setting.png in Resources */,
				2F7A44C516A8F8D100D1CD42 /* ic_stream_map.png in Resources */,
				2F7A44C616A8F8D100D1CD42 /* ic_task_time.png in Resources */,
				2F7A44C716A8F8D100D1CD42 /* ic_version.png in Resources */,
				2F7A44C816A8F8D100D1CD42 /* icon.png in Resources */,
				2F7A44C916A8F8D100D1CD42 /* img_chart.png in Resources */,
				2F7A44CA16A8F8D100D1CD42 /* img_chart_landscape.png in Resources */,
				2F7A44CB16A8F8D100D1CD42 /* img_chart_single.png in Resources */,
				2F7A44CC16A8F8D100D1CD42 /* img_edit_process.png in Resources */,
				2F7A44CD16A8F8D100D1CD42 /* img_export_setting.png in Resources */,
				2F7A44CE16A8F8D100D1CD42 /* img_list_chart.png in Resources */,
				2F7A44CF16A8F8D100D1CD42 /* img_list_process_1.png in Resources */,
				2F7A44D016A8F8D100D1CD42 /* img_list_process_2.png in Resources */,
				2F7A44D116A8F8D100D1CD42 /* img_recording_2.png in Resources */,
				2F7A44D216A8F8D100D1CD42 /* img_recording_detail.png in Resources */,
				2F7A44D316A8F8D100D1CD42 /* img_value_stream_map.png in Resources */,
				2F7A44D416A8F8D100D1CD42 /* img_version.png in Resources */,
				2F7A44D516A8F8D100D1CD42 /* img_video_view.png in Resources */,
				2F7A44D616A8F8D100D1CD42 /* img_video_view_detail.png in Resources */,
				2F7A44D716A8F8D100D1CD42 /* img_video_view_detail_landscape.png in Resources */,
				2F7A44D816A8F8D100D1CD42 /* line.png in Resources */,
				2F7A44D916A8F8D100D1CD42 /* quickaction_arrow_down.png in Resources */,
				2F7A44DA16A8F8D100D1CD42 /* quickaction_arrow_up.png in Resources */,
				2F7A44DB16A8F8D100D1CD42 /* quickaction_background.png in Resources */,
				2F7A44DC16A8F8D100D1CD42 /* quickaction_bottom_frame.9.png in Resources */,
				2F7A44DD16A8F8D100D1CD42 /* quickaction_slider_background.png in Resources */,
				2F7A44DE16A8F8D100D1CD42 /* quickaction_slider_btn_normal.9.png in Resources */,
				2F7A44DF16A8F8D100D1CD42 /* quickaction_slider_btn_on.9.png in Resources */,
				2F7A44E016A8F8D100D1CD42 /* quickaction_slider_btn_pressed.9.png in Resources */,
				2F7A44E116A8F8D100D1CD42 /* quickaction_slider_btn_selected.9.png in Resources */,
				2F7A44E216A8F8D100D1CD42 /* quickaction_slider_grip_left.png in Resources */,
				2F7A44E316A8F8D100D1CD42 /* quickaction_slider_grip_right.png in Resources */,
				2F7A44E416A8F8D100D1CD42 /* quickaction_top_frame.9.png in Resources */,
				2F7A44E516A8F8D100D1CD42 /* rect.png in Resources */,
				2F7A44E616A8F8D100D1CD42 /* splash.png in Resources */,
				2F7A44E716A8F8D100D1CD42 /* sqare.png in Resources */,
				2F7A44E816A8F8D100D1CD42 /* toggle_button_off.png in Resources */,
				2F7A44E916A8F8D100D1CD42 /* toggle_button_on.png in Resources */,
				2F7A44EA16A8F8D100D1CD42 /* ukraine.png in Resources */,
				2F7A44EB16A8F8D100D1CD42 /* usa.png in Resources */,
			);
			runOnlyForDeploymentPostprocessing = 0;
		};
/* End PBXResourcesBuildPhase section */

/* Begin PBXSourcesBuildPhase section */
		2FDA03D816A5053B00F50D40 /* Sources */ = {
			isa = PBXSourcesBuildPhase;
			buildActionMask = 2147483647;
			files = (
				2FDA03ED16A5053B00F50D40 /* main.m in Sources */,
				2FD0D4D016A83F00002803CB /* TDAppDelegate.m in Sources */,
				2FD0D4EB16A8439D002803CB /* VAProject.m in Sources */,
				2FD0D4F716A85449002803CB /* TDLanguage.m in Sources */,
				2FD0D50516A85B88002803CB /* UIGridView.m in Sources */,
				2FD0D50616A85B88002803CB /* UIGridViewCell.m in Sources */,
				2FD0D50716A85B88002803CB /* UIGridViewRow.m in Sources */,
				2FD0D51B16A85E4C002803CB /* TDDatabase.m in Sources */,
				2FD0D51C16A85E4C002803CB /* TDSqlManager.m in Sources */,
				2FD0D51F16A860CA002803CB /* TDTextView.m in Sources */,
				2F7A446016A8E1C100D1CD42 /* VAGlobal.m in Sources */,
				2F7A446C16A8EE8700D1CD42 /* TDString.m in Sources */,
				A7C1155516A9045300457170 /* VAProcess.m in Sources */,
				A7C1155616A9045300457170 /* VAStep.m in Sources */,
				2F8B44A116AA5A1300A337A1 /* VAAnalysisCTimeViewController.m in Sources */,
				2F8B44A216AA5A1300A337A1 /* VACycleTimeViewController.m in Sources */,
				2F8B44A916AA5A1300A337A1 /* VAPqprViewController.m in Sources */,
				2F8B44AA16AA5A1300A337A1 /* VASpaChartViewController.m in Sources */,
				2F8B44AB16AA5A1300A337A1 /* VATaktTimeViewController.m in Sources */,
				2F8B44B616AA5DB200A337A1 /* TDTextFieldCell.m in Sources */,
				2F8B44BF16AA651B00A337A1 /* VAProjDetailViewController.m in Sources */,
				2F8B44C516AA66AD00A337A1 /* VAVAMViewController.m in Sources */,
				2FC8E27216AA6B9A0078B407 /* VARootViewController.m in Sources */,
				2FC8E28016AA6BD00078B407 /* VABookViewController.m in Sources */,
				2FC8E28116AA6BD00078B407 /* VAChangeProjViewController.m in Sources */,
				2FC8E28216AA6BD00078B407 /* VACurrencyViewController.m in Sources */,
				2FC8E28316AA6BD00078B407 /* VAExportViewController.m in Sources */,
				2FC8E28416AA6BD00078B407 /* VASettingViewController.m in Sources */,
				2FC8E28516AA6BD00078B407 /* VAVersionViewController.m in Sources */,
			);
			runOnlyForDeploymentPostprocessing = 0;
		};
/* End PBXSourcesBuildPhase section */

/* Begin PBXVariantGroup section */
		2FD0D4FA16A85541002803CB /* Localizable.strings */ = {
			isa = PBXVariantGroup;
			children = (
				2FD0D4FB16A85541002803CB /* en */,
			);
			name = Localizable.strings;
			sourceTree = "<group>";
		};
		2FDA03E916A5053B00F50D40 /* InfoPlist.strings */ = {
			isa = PBXVariantGroup;
			children = (
				2FDA03EA16A5053B00F50D40 /* en */,
			);
			name = InfoPlist.strings;
			sourceTree = "<group>";
		};
		2FDA03F816A5053C00F50D40 /* MainStoryboard.storyboard */ = {
			isa = PBXVariantGroup;
			children = (
				2FDA03F916A5053C00F50D40 /* en */,
			);
			name = MainStoryboard.storyboard;
			sourceTree = "<group>";
		};
/* End PBXVariantGroup section */

/* Begin XCBuildConfiguration section */
		2FDA03FE16A5053C00F50D40 /* Debug */ = {
			isa = XCBuildConfiguration;
			buildSettings = {
				ALWAYS_SEARCH_USER_PATHS = NO;
				CLANG_CXX_LANGUAGE_STANDARD = "gnu++0x";
				CLANG_CXX_LIBRARY = "libc++";
				CLANG_WARN_EMPTY_BODY = YES;
				CLANG_WARN__DUPLICATE_METHOD_MATCH = YES;
				"CODE_SIGN_IDENTITY[sdk=iphoneos*]" = "iPhone Developer";
				COPY_PHASE_STRIP = NO;
				GCC_C_LANGUAGE_STANDARD = gnu99;
				GCC_DYNAMIC_NO_PIC = NO;
				GCC_OPTIMIZATION_LEVEL = 0;
				GCC_PREPROCESSOR_DEFINITIONS = (
					"DEBUG=1",
					"$(inherited)",
				);
				GCC_SYMBOLS_PRIVATE_EXTERN = NO;
				GCC_WARN_ABOUT_RETURN_TYPE = YES;
				GCC_WARN_UNINITIALIZED_AUTOS = YES;
				GCC_WARN_UNUSED_VARIABLE = YES;
				IPHONEOS_DEPLOYMENT_TARGET = 5.0;
				SDKROOT = iphoneos;
				TARGETED_DEVICE_FAMILY = 2;
			};
			name = Debug;
		};
		2FDA03FF16A5053C00F50D40 /* Release */ = {
			isa = XCBuildConfiguration;
			buildSettings = {
				ALWAYS_SEARCH_USER_PATHS = NO;
				CLANG_CXX_LANGUAGE_STANDARD = "gnu++0x";
				CLANG_CXX_LIBRARY = "libc++";
				CLANG_WARN_EMPTY_BODY = YES;
				CLANG_WARN__DUPLICATE_METHOD_MATCH = YES;
				"CODE_SIGN_IDENTITY[sdk=iphoneos*]" = "iPhone Developer";
				COPY_PHASE_STRIP = YES;
				GCC_C_LANGUAGE_STANDARD = gnu99;
				GCC_WARN_ABOUT_RETURN_TYPE = YES;
				GCC_WARN_UNINITIALIZED_AUTOS = YES;
				GCC_WARN_UNUSED_VARIABLE = YES;
				IPHONEOS_DEPLOYMENT_TARGET = 5.0;
				OTHER_CFLAGS = "-DNS_BLOCK_ASSERTIONS=1";
				SDKROOT = iphoneos;
				TARGETED_DEVICE_FAMILY = 2;
				VALIDATE_PRODUCT = YES;
			};
			name = Release;
		};
		2FDA040116A5053C00F50D40 /* Debug */ = {
			isa = XCBuildConfiguration;
			buildSettings = {
				GCC_PRECOMPILE_PREFIX_HEADER = YES;
				GCC_PREFIX_HEADER = "LearnApp/LearnApp-Prefix.pch";
				INFOPLIST_FILE = "LearnApp/LearnApp-Info.plist";
				IPHONEOS_DEPLOYMENT_TARGET = 5.0;
				PRODUCT_NAME = "$(TARGET_NAME)";
				WRAPPER_EXTENSION = app;
			};
			name = Debug;
		};
		2FDA040216A5053C00F50D40 /* Release */ = {
			isa = XCBuildConfiguration;
			buildSettings = {
				GCC_PRECOMPILE_PREFIX_HEADER = YES;
				GCC_PREFIX_HEADER = "LearnApp/LearnApp-Prefix.pch";
				INFOPLIST_FILE = "LearnApp/LearnApp-Info.plist";
				IPHONEOS_DEPLOYMENT_TARGET = 5.0;
				PRODUCT_NAME = "$(TARGET_NAME)";
				WRAPPER_EXTENSION = app;
			};
			name = Release;
		};
/* End XCBuildConfiguration section */

/* Begin XCConfigurationList section */
		2FDA03D616A5053B00F50D40 /* Build configuration list for PBXProject "LearnApp" */ = {
			isa = XCConfigurationList;
			buildConfigurations = (
				2FDA03FE16A5053C00F50D40 /* Debug */,
				2FDA03FF16A5053C00F50D40 /* Release */,
			);
			defaultConfigurationIsVisible = 0;
			defaultConfigurationName = Release;
		};
		2FDA040016A5053C00F50D40 /* Build configuration list for PBXNativeTarget "LearnApp" */ = {
			isa = XCConfigurationList;
			buildConfigurations = (
				2FDA040116A5053C00F50D40 /* Debug */,
				2FDA040216A5053C00F50D40 /* Release */,
			);
			defaultConfigurationIsVisible = 0;
			defaultConfigurationName = Release;
		};
/* End XCConfigurationList section */
	};
	rootObject = 2FDA03D316A5053B00F50D40 /* Project object */;
}
