// !$*UTF8*$!
{
	archiveVersion = 1;
	classes = {
	};
	objectVersion = 46;
	objects = {

/* Begin PBXBuildFile section */
		2FDA03AF16A47DFC00F50D40 /* UIKit.framework in Frameworks */ = {isa = PBXBuildFile; fileRef = 2FDA03AE16A47DFC00F50D40 /* UIKit.framework */; };
		2FDA03B116A47DFC00F50D40 /* Foundation.framework in Frameworks */ = {isa = PBXBuildFile; fileRef = 2FDA03B016A47DFC00F50D40 /* Foundation.framework */; };
		2FDA03B316A47DFC00F50D40 /* CoreGraphics.framework in Frameworks */ = {isa = PBXBuildFile; fileRef = 2FDA03B216A47DFC00F50D40 /* CoreGraphics.framework */; };
		2FDA03B916A47DFC00F50D40 /* InfoPlist.strings in Resources */ = {isa = PBXBuildFile; fileRef = 2FDA03B716A47DFC00F50D40 /* InfoPlist.strings */; };
		2FDA03BB16A47DFC00F50D40 /* main.m in Sources */ = {isa = PBXBuildFile; fileRef = 2FDA03BA16A47DFC00F50D40 /* main.m */; };
		2FDA03BF16A47DFC00F50D40 /* TDAppDelegate.m in Sources */ = {isa = PBXBuildFile; fileRef = 2FDA03BE16A47DFC00F50D40 /* TDAppDelegate.m */; };
		2FDA03C116A47DFC00F50D40 /* Default.png in Resources */ = {isa = PBXBuildFile; fileRef = 2FDA03C016A47DFC00F50D40 /* Default.png */; };
		2FDA03C316A47DFC00F50D40 /* Default@2x.png in Resources */ = {isa = PBXBuildFile; fileRef = 2FDA03C216A47DFC00F50D40 /* Default@2x.png */; };
		2FDA03C516A47DFC00F50D40 /* Default-568h@2x.png in Resources */ = {isa = PBXBuildFile; fileRef = 2FDA03C416A47DFC00F50D40 /* Default-568h@2x.png */; };
		2FDA03C816A47DFC00F50D40 /* TDViewController.m in Sources */ = {isa = PBXBuildFile; fileRef = 2FDA03C716A47DFC00F50D40 /* TDViewController.m */; };
		2FDA03CB16A47DFC00F50D40 /* TDViewController.xib in Resources */ = {isa = PBXBuildFile; fileRef = 2FDA03C916A47DFC00F50D40 /* TDViewController.xib */; };
/* End PBXBuildFile section */

/* Begin PBXFileReference section */
		2FDA03AA16A47DFC00F50D40 /* IDManager.app */ = {isa = PBXFileReference; explicitFileType = wrapper.application; includeInIndex = 0; path = IDManager.app; sourceTree = BUILT_PRODUCTS_DIR; };
		2FDA03AE16A47DFC00F50D40 /* UIKit.framework */ = {isa = PBXFileReference; lastKnownFileType = wrapper.framework; name = UIKit.framework; path = System/Library/Frameworks/UIKit.framework; sourceTree = SDKROOT; };
		2FDA03B016A47DFC00F50D40 /* Foundation.framework */ = {isa = PBXFileReference; lastKnownFileType = wrapper.framework; name = Foundation.framework; path = System/Library/Frameworks/Foundation.framework; sourceTree = SDKROOT; };
		2FDA03B216A47DFC00F50D40 /* CoreGraphics.framework */ = {isa = PBXFileReference; lastKnownFileType = wrapper.framework; name = CoreGraphics.framework; path = System/Library/Frameworks/CoreGraphics.framework; sourceTree = SDKROOT; };
		2FDA03B616A47DFC00F50D40 /* IDManager-Info.plist */ = {isa = PBXFileReference; lastKnownFileType = text.plist.xml; path = "IDManager-Info.plist"; sourceTree = "<group>"; };
		2FDA03B816A47DFC00F50D40 /* en */ = {isa = PBXFileReference; lastKnownFileType = text.plist.strings; name = en; path = en.lproj/InfoPlist.strings; sourceTree = "<group>"; };
		2FDA03BA16A47DFC00F50D40 /* main.m */ = {isa = PBXFileReference; lastKnownFileType = sourcecode.c.objc; path = main.m; sourceTree = "<group>"; };
		2FDA03BC16A47DFC00F50D40 /* IDManager-Prefix.pch */ = {isa = PBXFileReference; lastKnownFileType = sourcecode.c.h; path = "IDManager-Prefix.pch"; sourceTree = "<group>"; };
		2FDA03BD16A47DFC00F50D40 /* TDAppDelegate.h */ = {isa = PBXFileReference; lastKnownFileType = sourcecode.c.h; path = TDAppDelegate.h; sourceTree = "<group>"; };
		2FDA03BE16A47DFC00F50D40 /* TDAppDelegate.m */ = {isa = PBXFileReference; lastKnownFileType = sourcecode.c.objc; path = TDAppDelegate.m; sourceTree = "<group>"; };
		2FDA03C016A47DFC00F50D40 /* Default.png */ = {isa = PBXFileReference; lastKnownFileType = image.png; path = Default.png; sourceTree = "<group>"; };
		2FDA03C216A47DFC00F50D40 /* Default@2x.png */ = {isa = PBXFileReference; lastKnownFileType = image.png; path = "Default@2x.png"; sourceTree = "<group>"; };
		2FDA03C416A47DFC00F50D40 /* Default-568h@2x.png */ = {isa = PBXFileReference; lastKnownFileType = image.png; path = "Default-568h@2x.png"; sourceTree = "<group>"; };
		2FDA03C616A47DFC00F50D40 /* TDViewController.h */ = {isa = PBXFileReference; lastKnownFileType = sourcecode.c.h; path = TDViewController.h; sourceTree = "<group>"; };
		2FDA03C716A47DFC00F50D40 /* TDViewController.m */ = {isa = PBXFileReference; lastKnownFileType = sourcecode.c.objc; path = TDViewController.m; sourceTree = "<group>"; };
		2FDA03CA16A47DFC00F50D40 /* en */ = {isa = PBXFileReference; lastKnownFileType = file.xib; name = en; path = en.lproj/TDViewController.xib; sourceTree = "<group>"; };
/* End PBXFileReference section */

/* Begin PBXFrameworksBuildPhase section */
		2FDA03A716A47DFC00F50D40 /* Frameworks */ = {
			isa = PBXFrameworksBuildPhase;
			buildActionMask = 2147483647;
			files = (
				2FDA03AF16A47DFC00F50D40 /* UIKit.framework in Frameworks */,
				2FDA03B116A47DFC00F50D40 /* Foundation.framework in Frameworks */,
				2FDA03B316A47DFC00F50D40 /* CoreGraphics.framework in Frameworks */,
			);
			runOnlyForDeploymentPostprocessing = 0;
		};
/* End PBXFrameworksBuildPhase section */

/* Begin PBXGroup section */
		2FDA039F16A47DFC00F50D40 = {
			isa = PBXGroup;
			children = (
				2FDA03B416A47DFC00F50D40 /* IDManager */,
				2FDA03AD16A47DFC00F50D40 /* Frameworks */,
				2FDA03AB16A47DFC00F50D40 /* Products */,
			);
			sourceTree = "<group>";
		};
		2FDA03AB16A47DFC00F50D40 /* Products */ = {
			isa = PBXGroup;
			children = (
				2FDA03AA16A47DFC00F50D40 /* IDManager.app */,
			);
			name = Products;
			sourceTree = "<group>";
		};
		2FDA03AD16A47DFC00F50D40 /* Frameworks */ = {
			isa = PBXGroup;
			children = (
				2FDA03AE16A47DFC00F50D40 /* UIKit.framework */,
				2FDA03B016A47DFC00F50D40 /* Foundation.framework */,
				2FDA03B216A47DFC00F50D40 /* CoreGraphics.framework */,
			);
			name = Frameworks;
			sourceTree = "<group>";
		};
		2FDA03B416A47DFC00F50D40 /* IDManager */ = {
			isa = PBXGroup;
			children = (
				2FDA03BD16A47DFC00F50D40 /* TDAppDelegate.h */,
				2FDA03BE16A47DFC00F50D40 /* TDAppDelegate.m */,
				2FDA03C616A47DFC00F50D40 /* TDViewController.h */,
				2FDA03C716A47DFC00F50D40 /* TDViewController.m */,
				2FDA03C916A47DFC00F50D40 /* TDViewController.xib */,
				2FDA03B516A47DFC00F50D40 /* Supporting Files */,
			);
			path = IDManager;
			sourceTree = "<group>";
		};
		2FDA03B516A47DFC00F50D40 /* Supporting Files */ = {
			isa = PBXGroup;
			children = (
				2FDA03B616A47DFC00F50D40 /* IDManager-Info.plist */,
				2FDA03B716A47DFC00F50D40 /* InfoPlist.strings */,
				2FDA03BA16A47DFC00F50D40 /* main.m */,
				2FDA03BC16A47DFC00F50D40 /* IDManager-Prefix.pch */,
				2FDA03C016A47DFC00F50D40 /* Default.png */,
				2FDA03C216A47DFC00F50D40 /* Default@2x.png */,
				2FDA03C416A47DFC00F50D40 /* Default-568h@2x.png */,
			);
			name = "Supporting Files";
			sourceTree = "<group>";
		};
/* End PBXGroup section */

/* Begin PBXNativeTarget section */
		2FDA03A916A47DFC00F50D40 /* IDManager */ = {
			isa = PBXNativeTarget;
			buildConfigurationList = 2FDA03CE16A47DFC00F50D40 /* Build configuration list for PBXNativeTarget "IDManager" */;
			buildPhases = (
				2FDA03A616A47DFC00F50D40 /* Sources */,
				2FDA03A716A47DFC00F50D40 /* Frameworks */,
				2FDA03A816A47DFC00F50D40 /* Resources */,
			);
			buildRules = (
			);
			dependencies = (
			);
			name = IDManager;
			productName = IDManager;
			productReference = 2FDA03AA16A47DFC00F50D40 /* IDManager.app */;
			productType = "com.apple.product-type.application";
		};
/* End PBXNativeTarget section */

/* Begin PBXProject section */
		2FDA03A116A47DFC00F50D40 /* Project object */ = {
			isa = PBXProject;
			attributes = {
				CLASSPREFIX = TD;
				LastUpgradeCheck = 0450;
				ORGANIZATIONNAME = tranduc;
			};
			buildConfigurationList = 2FDA03A416A47DFC00F50D40 /* Build configuration list for PBXProject "IDManager" */;
			compatibilityVersion = "Xcode 3.2";
			developmentRegion = English;
			hasScannedForEncodings = 0;
			knownRegions = (
				en,
			);
			mainGroup = 2FDA039F16A47DFC00F50D40;
			productRefGroup = 2FDA03AB16A47DFC00F50D40 /* Products */;
			projectDirPath = "";
			projectRoot = "";
			targets = (
				2FDA03A916A47DFC00F50D40 /* IDManager */,
			);
		};
/* End PBXProject section */

/* Begin PBXResourcesBuildPhase section */
		2FDA03A816A47DFC00F50D40 /* Resources */ = {
			isa = PBXResourcesBuildPhase;
			buildActionMask = 2147483647;
			files = (
				2FDA03B916A47DFC00F50D40 /* InfoPlist.strings in Resources */,
				2FDA03C116A47DFC00F50D40 /* Default.png in Resources */,
				2FDA03C316A47DFC00F50D40 /* Default@2x.png in Resources */,
				2FDA03C516A47DFC00F50D40 /* Default-568h@2x.png in Resources */,
				2FDA03CB16A47DFC00F50D40 /* TDViewController.xib in Resources */,
			);
			runOnlyForDeploymentPostprocessing = 0;
		};
/* End PBXResourcesBuildPhase section */

/* Begin PBXSourcesBuildPhase section */
		2FDA03A616A47DFC00F50D40 /* Sources */ = {
			isa = PBXSourcesBuildPhase;
			buildActionMask = 2147483647;
			files = (
				2FDA03BB16A47DFC00F50D40 /* main.m in Sources */,
				2FDA03BF16A47DFC00F50D40 /* TDAppDelegate.m in Sources */,
				2FDA03C816A47DFC00F50D40 /* TDViewController.m in Sources */,
			);
			runOnlyForDeploymentPostprocessing = 0;
		};
/* End PBXSourcesBuildPhase section */

/* Begin PBXVariantGroup section */
		2FDA03B716A47DFC00F50D40 /* InfoPlist.strings */ = {
			isa = PBXVariantGroup;
			children = (
				2FDA03B816A47DFC00F50D40 /* en */,
			);
			name = InfoPlist.strings;
			sourceTree = "<group>";
		};
		2FDA03C916A47DFC00F50D40 /* TDViewController.xib */ = {
			isa = PBXVariantGroup;
			children = (
				2FDA03CA16A47DFC00F50D40 /* en */,
			);
			name = TDViewController.xib;
			sourceTree = "<group>";
		};
/* End PBXVariantGroup section */

/* Begin XCBuildConfiguration section */
		2FDA03CC16A47DFC00F50D40 /* Debug */ = {
			isa = XCBuildConfiguration;
			buildSettings = {
				ALWAYS_SEARCH_USER_PATHS = NO;
				CLANG_CXX_LANGUAGE_STANDARD = "gnu++0x";
				CLANG_CXX_LIBRARY = "libc++";
				CLANG_WARN_EMPTY_BODY = YES;
				CLANG_WARN__DUPLICATE_METHOD_MATCH = YES;
				"CODE_SIGN_IDENTITY[sdk=iphoneos*]" = "iPhone Developer";
				COPY_PHASE_STRIP = NO;
				GCC_C_LANGUAGE_STANDARD = gnu99;
				GCC_DYNAMIC_NO_PIC = NO;
				GCC_OPTIMIZATION_LEVEL = 0;
				GCC_PREPROCESSOR_DEFINITIONS = (
					"DEBUG=1",
					"$(inherited)",
				);
				GCC_SYMBOLS_PRIVATE_EXTERN = NO;
				GCC_WARN_ABOUT_RETURN_TYPE = YES;
				GCC_WARN_UNINITIALIZED_AUTOS = YES;
				GCC_WARN_UNUSED_VARIABLE = YES;
				IPHONEOS_DEPLOYMENT_TARGET = 4.3;
				SDKROOT = iphoneos;
			};
			name = Debug;
		};
		2FDA03CD16A47DFC00F50D40 /* Release */ = {
			isa = XCBuildConfiguration;
			buildSettings = {
				ALWAYS_SEARCH_USER_PATHS = NO;
				CLANG_CXX_LANGUAGE_STANDARD = "gnu++0x";
				CLANG_CXX_LIBRARY = "libc++";
				CLANG_WARN_EMPTY_BODY = YES;
				CLANG_WARN__DUPLICATE_METHOD_MATCH = YES;
				"CODE_SIGN_IDENTITY[sdk=iphoneos*]" = "iPhone Developer";
				COPY_PHASE_STRIP = YES;
				GCC_C_LANGUAGE_STANDARD = gnu99;
				GCC_WARN_ABOUT_RETURN_TYPE = YES;
				GCC_WARN_UNINITIALIZED_AUTOS = YES;
				GCC_WARN_UNUSED_VARIABLE = YES;
				IPHONEOS_DEPLOYMENT_TARGET = 4.3;
				OTHER_CFLAGS = "-DNS_BLOCK_ASSERTIONS=1";
				SDKROOT = iphoneos;
				VALIDATE_PRODUCT = YES;
			};
			name = Release;
		};
		2FDA03CF16A47DFC00F50D40 /* Debug */ = {
			isa = XCBuildConfiguration;
			buildSettings = {
				GCC_PRECOMPILE_PREFIX_HEADER = YES;
				GCC_PREFIX_HEADER = "IDManager/IDManager-Prefix.pch";
				INFOPLIST_FILE = "IDManager/IDManager-Info.plist";
				IPHONEOS_DEPLOYMENT_TARGET = 4.3;
				PRODUCT_NAME = "$(TARGET_NAME)";
				WRAPPER_EXTENSION = app;
			};
			name = Debug;
		};
		2FDA03D016A47DFC00F50D40 /* Release */ = {
			isa = XCBuildConfiguration;
			buildSettings = {
				GCC_PRECOMPILE_PREFIX_HEADER = YES;
				GCC_PREFIX_HEADER = "IDManager/IDManager-Prefix.pch";
				INFOPLIST_FILE = "IDManager/IDManager-Info.plist";
				IPHONEOS_DEPLOYMENT_TARGET = 4.3;
				PRODUCT_NAME = "$(TARGET_NAME)";
				WRAPPER_EXTENSION = app;
			};
			name = Release;
		};
/* End XCBuildConfiguration section */

/* Begin XCConfigurationList section */
		2FDA03A416A47DFC00F50D40 /* Build configuration list for PBXProject "IDManager" */ = {
			isa = XCConfigurationList;
			buildConfigurations = (
				2FDA03CC16A47DFC00F50D40 /* Debug */,
				2FDA03CD16A47DFC00F50D40 /* Release */,
			);
			defaultConfigurationIsVisible = 0;
			defaultConfigurationName = Release;
		};
		2FDA03CE16A47DFC00F50D40 /* Build configuration list for PBXNativeTarget "IDManager" */ = {
			isa = XCConfigurationList;
			buildConfigurations = (
				2FDA03CF16A47DFC00F50D40 /* Debug */,
				2FDA03D016A47DFC00F50D40 /* Release */,
			);
			defaultConfigurationIsVisible = 0;
		};
/* End XCConfigurationList section */
	};
	rootObject = 2FDA03A116A47DFC00F50D40 /* Project object */;
}
