// !$*UTF8*$!
{
	archiveVersion = 1;
	classes = {
	};
	objectVersion = 46;
	objects = {

/* Begin PBXBuildFile section */
		2F0F45A616B97C2B00288DC4 /* VATermViewController.m in Sources */ = {isa = PBXBuildFile; fileRef = 2F0F45A416B97C2B00288DC4 /* VATermViewController.m */; };
		2F0F45A716B97C2B00288DC4 /* VATermViewController.xib in Resources */ = {isa = PBXBuildFile; fileRef = 2F0F45A516B97C2B00288DC4 /* VATermViewController.xib */; };
		2F0F45AF16B9885D00288DC4 /* TDPreference.m in Sources */ = {isa = PBXBuildFile; fileRef = 2F0F45AE16B9885D00288DC4 /* TDPreference.m */; };
		2F85049E16BB697D00084D28 /* VAGroup.m in Sources */ = {isa = PBXBuildFile; fileRef = 2F85049D16BB697D00084D28 /* VAGroup.m */; };
		2F8504A116BB71C200084D28 /* VAPassword.m in Sources */ = {isa = PBXBuildFile; fileRef = 2F8504A016BB71C200084D28 /* VAPassword.m */; };
		2F8504A416BB783500084D28 /* VAElementId.m in Sources */ = {isa = PBXBuildFile; fileRef = 2F8504A316BB783500084D28 /* VAElementId.m */; };
		2F85082316BCBFFC00084D28 /* VAImgLabelCell.xib in Resources */ = {isa = PBXBuildFile; fileRef = 2F85082216BCBFFC00084D28 /* VAImgLabelCell.xib */; };
		2F85082616BCC01C00084D28 /* VAImgLabelCell.m in Sources */ = {isa = PBXBuildFile; fileRef = 2F85082516BCC01C00084D28 /* VAImgLabelCell.m */; };
		2F85082816BCC3B100084D28 /* VAImageCell.xib in Resources */ = {isa = PBXBuildFile; fileRef = 2F85082716BCC3B000084D28 /* VAImageCell.xib */; };
		2F85082B16BCC3C900084D28 /* VAImageCell.m in Sources */ = {isa = PBXBuildFile; fileRef = 2F85082A16BCC3C800084D28 /* VAImageCell.m */; };
		2F85083816BD0A7600084D28 /* VAElementViewController.m in Sources */ = {isa = PBXBuildFile; fileRef = 2F85083616BD0A7600084D28 /* VAElementViewController.m */; };
		2F85083916BD0A7600084D28 /* VAElementViewController.xib in Resources */ = {isa = PBXBuildFile; fileRef = 2F85083716BD0A7600084D28 /* VAElementViewController.xib */; };
		2F85083B16BD33B400084D28 /* VAPasswordIDView.xib in Resources */ = {isa = PBXBuildFile; fileRef = 2F85083A16BD33B400084D28 /* VAPasswordIDView.xib */; };
		2F85084016BD5F8200084D28 /* TDWebViewController.m in Sources */ = {isa = PBXBuildFile; fileRef = 2F85083E16BD5F8200084D28 /* TDWebViewController.m */; };
		2F85084116BD5F8200084D28 /* TDWebViewController.xib in Resources */ = {isa = PBXBuildFile; fileRef = 2F85083F16BD5F8200084D28 /* TDWebViewController.xib */; };
		2F8567EF16AE3CCE00248292 /* TDAppDelegate.m in Sources */ = {isa = PBXBuildFile; fileRef = 2F8567E816AE3CCE00248292 /* TDAppDelegate.m */; };
		2F8567F016AE3CCE00248292 /* TDViewController.m in Sources */ = {isa = PBXBuildFile; fileRef = 2F8567EE16AE3CCE00248292 /* TDViewController.m */; };
		2F8567F616AE3D1500248292 /* Thumb in Resources */ = {isa = PBXBuildFile; fileRef = 2F8567F516AE3D1500248292 /* Thumb */; };
		2F85684C16AE3D2300248292 /* +.png in Resources */ = {isa = PBXBuildFile; fileRef = 2F8567F816AE3D2300248292 /* +.png */; };
		2F85684D16AE3D2300248292 /* +_push.png in Resources */ = {isa = PBXBuildFile; fileRef = 2F8567F916AE3D2300248292 /* +_push.png */; };
		2F85684F16AE3D2300248292 /* albumIcon.png in Resources */ = {isa = PBXBuildFile; fileRef = 2F8567FB16AE3D2300248292 /* albumIcon.png */; };
		2F85685016AE3D2300248292 /* arrow_left_dark.png in Resources */ = {isa = PBXBuildFile; fileRef = 2F8567FC16AE3D2300248292 /* arrow_left_dark.png */; };
		2F85685116AE3D2300248292 /* arrow_left_iphone.png in Resources */ = {isa = PBXBuildFile; fileRef = 2F8567FD16AE3D2300248292 /* arrow_left_iphone.png */; };
		2F85685216AE3D2300248292 /* arrow_right_dk.png in Resources */ = {isa = PBXBuildFile; fileRef = 2F8567FE16AE3D2300248292 /* arrow_right_dk.png */; };
		2F85685316AE3D2300248292 /* arrow_right_iphone.png in Resources */ = {isa = PBXBuildFile; fileRef = 2F8567FF16AE3D2300248292 /* arrow_right_iphone.png */; };
		2F85685416AE3D2300248292 /* bg_00.png in Resources */ = {isa = PBXBuildFile; fileRef = 2F85680016AE3D2300248292 /* bg_00.png */; };
		2F85685516AE3D2300248292 /* bg_01.png in Resources */ = {isa = PBXBuildFile; fileRef = 2F85680116AE3D2300248292 /* bg_01.png */; };
		2F85685616AE3D2300248292 /* bg_02.png in Resources */ = {isa = PBXBuildFile; fileRef = 2F85680216AE3D2300248292 /* bg_02.png */; };
		2F85685716AE3D2300248292 /* bg_03.png in Resources */ = {isa = PBXBuildFile; fileRef = 2F85680316AE3D2300248292 /* bg_03.png */; };
		2F85685816AE3D2300248292 /* bg_04.png in Resources */ = {isa = PBXBuildFile; fileRef = 2F85680416AE3D2300248292 /* bg_04.png */; };
		2F85685916AE3D2300248292 /* black_back.png in Resources */ = {isa = PBXBuildFile; fileRef = 2F85680516AE3D2300248292 /* black_back.png */; };
		2F85685A16AE3D2300248292 /* brouther_back_act.png in Resources */ = {isa = PBXBuildFile; fileRef = 2F85680616AE3D2300248292 /* brouther_back_act.png */; };
		2F85685B16AE3D2300248292 /* brouther_back_neg.png in Resources */ = {isa = PBXBuildFile; fileRef = 2F85680716AE3D2300248292 /* brouther_back_neg.png */; };
		2F85685C16AE3D2300248292 /* brouther_forward_act.png in Resources */ = {isa = PBXBuildFile; fileRef = 2F85680816AE3D2300248292 /* brouther_forward_act.png */; };
		2F85685D16AE3D2300248292 /* brouther_forward_neg.png in Resources */ = {isa = PBXBuildFile; fileRef = 2F85680916AE3D2300248292 /* brouther_forward_neg.png */; };
		2F85685E16AE3D2300248292 /* brouther_refresh.png in Resources */ = {isa = PBXBuildFile; fileRef = 2F85680A16AE3D2300248292 /* brouther_refresh.png */; };
		2F85685F16AE3D2300248292 /* button_blue.png in Resources */ = {isa = PBXBuildFile; fileRef = 2F85680B16AE3D2300248292 /* button_blue.png */; };
		2F85686016AE3D2300248292 /* button_bottom@2x.png in Resources */ = {isa = PBXBuildFile; fileRef = 2F85680C16AE3D2300248292 /* button_bottom@2x.png */; };
		2F85686116AE3D2300248292 /* camera-icon.png in Resources */ = {isa = PBXBuildFile; fileRef = 2F85680D16AE3D2300248292 /* camera-icon.png */; };
		2F85686216AE3D2300248292 /* camera-icon_push.png in Resources */ = {isa = PBXBuildFile; fileRef = 2F85680E16AE3D2300248292 /* camera-icon_push.png */; };
		2F85686316AE3D2300248292 /* check-mark.png in Resources */ = {isa = PBXBuildFile; fileRef = 2F85680F16AE3D2300248292 /* check-mark.png */; };
		2F85686416AE3D2300248292 /* check-mark2.png in Resources */ = {isa = PBXBuildFile; fileRef = 2F85681016AE3D2300248292 /* check-mark2.png */; };
		2F85686516AE3D2300248292 /* check-mark2_push.png in Resources */ = {isa = PBXBuildFile; fileRef = 2F85681116AE3D2300248292 /* check-mark2_push.png */; };
		2F85686616AE3D2300248292 /* clear.png in Resources */ = {isa = PBXBuildFile; fileRef = 2F85681216AE3D2300248292 /* clear.png */; };
		2F85686716AE3D2300248292 /* copy-bottun-edge-left.png in Resources */ = {isa = PBXBuildFile; fileRef = 2F85681316AE3D2300248292 /* copy-bottun-edge-left.png */; };
		2F85686816AE3D2300248292 /* copy-bottun-edge-right.png in Resources */ = {isa = PBXBuildFile; fileRef = 2F85681416AE3D2300248292 /* copy-bottun-edge-right.png */; };
		2F85686916AE3D2300248292 /* copy-bottun.png in Resources */ = {isa = PBXBuildFile; fileRef = 2F85681516AE3D2300248292 /* copy-bottun.png */; };
		2F85686A16AE3D2300248292 /* copy-bottun_push.png in Resources */ = {isa = PBXBuildFile; fileRef = 2F85681616AE3D2300248292 /* copy-bottun_push.png */; };
		2F85686E16AE3D2300248292 /* dropboxLogo.png in Resources */ = {isa = PBXBuildFile; fileRef = 2F85681A16AE3D2300248292 /* dropboxLogo.png */; };
		2F85686F16AE3D2300248292 /* edit.png in Resources */ = {isa = PBXBuildFile; fileRef = 2F85681B16AE3D2300248292 /* edit.png */; };
		2F85687016AE3D2300248292 /* F1.png in Resources */ = {isa = PBXBuildFile; fileRef = 2F85681C16AE3D2300248292 /* F1.png */; };
		2F85687116AE3D2300248292 /* F2.png in Resources */ = {isa = PBXBuildFile; fileRef = 2F85681D16AE3D2300248292 /* F2.png */; };
		2F85687216AE3D2300248292 /* fav.png in Resources */ = {isa = PBXBuildFile; fileRef = 2F85681E16AE3D2300248292 /* fav.png */; };
		2F85687316AE3D2300248292 /* Favorite.png in Resources */ = {isa = PBXBuildFile; fileRef = 2F85681F16AE3D2300248292 /* Favorite.png */; };
		2F85687416AE3D2300248292 /* file.png in Resources */ = {isa = PBXBuildFile; fileRef = 2F85682016AE3D2300248292 /* file.png */; };
		2F85687516AE3D2300248292 /* folder+.png in Resources */ = {isa = PBXBuildFile; fileRef = 2F85682116AE3D2300248292 /* folder+.png */; };
		2F85687616AE3D2300248292 /* folder-common.png in Resources */ = {isa = PBXBuildFile; fileRef = 2F85682216AE3D2300248292 /* folder-common.png */; };
		2F85687716AE3D2300248292 /* folder-s-common.png in Resources */ = {isa = PBXBuildFile; fileRef = 2F85682316AE3D2300248292 /* folder-s-common.png */; };
		2F85687816AE3D2300248292 /* folder-s-select.png in Resources */ = {isa = PBXBuildFile; fileRef = 2F85682416AE3D2300248292 /* folder-s-select.png */; };
		2F85687916AE3D2300248292 /* folder-select.png in Resources */ = {isa = PBXBuildFile; fileRef = 2F85682516AE3D2300248292 /* folder-select.png */; };
		2F85687A16AE3D2300248292 /* GoogleDriveLogo.png in Resources */ = {isa = PBXBuildFile; fileRef = 2F85682616AE3D2300248292 /* GoogleDriveLogo.png */; };
		2F85687B16AE3D2300248292 /* googleIcon.png in Resources */ = {isa = PBXBuildFile; fileRef = 2F85682716AE3D2300248292 /* googleIcon.png */; };
		2F85687C16AE3D2300248292 /* history.png in Resources */ = {isa = PBXBuildFile; fileRef = 2F85682816AE3D2300248292 /* history.png */; };
		2F85687D16AE3D2300248292 /* i.png in Resources */ = {isa = PBXBuildFile; fileRef = 2F85682916AE3D2300248292 /* i.png */; };
		2F85687E16AE3D2300248292 /* i_push.png in Resources */ = {isa = PBXBuildFile; fileRef = 2F85682A16AE3D2300248292 /* i_push.png */; };
		2F85687F16AE3D2300248292 /* icon.png in Resources */ = {isa = PBXBuildFile; fileRef = 2F85682B16AE3D2300248292 /* icon.png */; };
		2F85688016AE3D2300248292 /* icon@2x.png in Resources */ = {isa = PBXBuildFile; fileRef = 2F85682C16AE3D2300248292 /* icon@2x.png */; };
		2F85688116AE3D2300248292 /* ID&Password.png in Resources */ = {isa = PBXBuildFile; fileRef = 2F85682D16AE3D2300248292 /* ID&Password.png */; };
		2F85688216AE3D2300248292 /* ID&Password_icon1024.png in Resources */ = {isa = PBXBuildFile; fileRef = 2F85682E16AE3D2300248292 /* ID&Password_icon1024.png */; };
		2F85688316AE3D2300248292 /* ID&Password_icon1024R.png in Resources */ = {isa = PBXBuildFile; fileRef = 2F85682F16AE3D2300248292 /* ID&Password_icon1024R.png */; };
		2F85688416AE3D2300248292 /* ID&Password_icon512.png in Resources */ = {isa = PBXBuildFile; fileRef = 2F85683016AE3D2300248292 /* ID&Password_icon512.png */; };
		2F85688516AE3D2300248292 /* ID&Password_icon512R.png in Resources */ = {isa = PBXBuildFile; fileRef = 2F85683116AE3D2300248292 /* ID&Password_icon512R.png */; };
		2F85688616AE3D2300248292 /* item-bar-select.png in Resources */ = {isa = PBXBuildFile; fileRef = 2F85683216AE3D2300248292 /* item-bar-select.png */; };
		2F85688716AE3D2300248292 /* item-bar.png in Resources */ = {isa = PBXBuildFile; fileRef = 2F85683316AE3D2300248292 /* item-bar.png */; };
		2F85688816AE3D2300248292 /* jog_keyboard.png in Resources */ = {isa = PBXBuildFile; fileRef = 2F85683416AE3D2300248292 /* jog_keyboard.png */; };
		2F85688916AE3D2300248292 /* jog_keyboard_push.png in Resources */ = {isa = PBXBuildFile; fileRef = 2F85683516AE3D2300248292 /* jog_keyboard_push.png */; };
		2F85688A16AE3D2300248292 /* jog_note.png in Resources */ = {isa = PBXBuildFile; fileRef = 2F85683616AE3D2300248292 /* jog_note.png */; };
		2F85688B16AE3D2300248292 /* jog_note_push.png in Resources */ = {isa = PBXBuildFile; fileRef = 2F85683716AE3D2300248292 /* jog_note_push.png */; };
		2F85688C16AE3D2300248292 /* jog_upperswitch.png in Resources */ = {isa = PBXBuildFile; fileRef = 2F85683816AE3D2300248292 /* jog_upperswitch.png */; };
		2F85688D16AE3D2300248292 /* Keyboard-Changer.png in Resources */ = {isa = PBXBuildFile; fileRef = 2F85683916AE3D2300248292 /* Keyboard-Changer.png */; };
		2F85688E16AE3D2300248292 /* library-icon.png in Resources */ = {isa = PBXBuildFile; fileRef = 2F85683A16AE3D2300248292 /* library-icon.png */; };
		2F85688F16AE3D2300248292 /* master-password.png in Resources */ = {isa = PBXBuildFile; fileRef = 2F85683B16AE3D2300248292 /* master-password.png */; };
		2F85689016AE3D2300248292 /* paster_bk.png in Resources */ = {isa = PBXBuildFile; fileRef = 2F85683C16AE3D2300248292 /* paster_bk.png */; };
		2F85689116AE3D2300248292 /* refresh.png in Resources */ = {isa = PBXBuildFile; fileRef = 2F85683D16AE3D2300248292 /* refresh.png */; };
		2F85689216AE3D2300248292 /* return.png in Resources */ = {isa = PBXBuildFile; fileRef = 2F85683E16AE3D2300248292 /* return.png */; };
		2F85689316AE3D2300248292 /* return_push.png in Resources */ = {isa = PBXBuildFile; fileRef = 2F85683F16AE3D2300248292 /* return_push.png */; };
		2F85689416AE3D2300248292 /* save.png in Resources */ = {isa = PBXBuildFile; fileRef = 2F85684016AE3D2300248292 /* save.png */; };
		2F85689516AE3D2300248292 /* save_push.png in Resources */ = {isa = PBXBuildFile; fileRef = 2F85684116AE3D2300248292 /* save_push.png */; };
		2F85689616AE3D2300248292 /* Setting.png in Resources */ = {isa = PBXBuildFile; fileRef = 2F85684216AE3D2300248292 /* Setting.png */; };
		2F85689716AE3D2300248292 /* Setting_push.png in Resources */ = {isa = PBXBuildFile; fileRef = 2F85684316AE3D2300248292 /* Setting_push.png */; };
		2F85689816AE3D2300248292 /* Swt-Confirm.png in Resources */ = {isa = PBXBuildFile; fileRef = 2F85684416AE3D2300248292 /* Swt-Confirm.png */; };
		2F85689916AE3D2300248292 /* sync.png in Resources */ = {isa = PBXBuildFile; fileRef = 2F85684516AE3D2300248292 /* sync.png */; };
		2F85689A16AE3D2300248292 /* sync_push.png in Resources */ = {isa = PBXBuildFile; fileRef = 2F85684616AE3D2300248292 /* sync_push.png */; };
		2F85689B16AE3D2300248292 /* textSetting.png in Resources */ = {isa = PBXBuildFile; fileRef = 2F85684716AE3D2300248292 /* textSetting.png */; };
		2F85689C16AE3D2300248292 /* trash-icon.png in Resources */ = {isa = PBXBuildFile; fileRef = 2F85684816AE3D2300248292 /* trash-icon.png */; };
		2F85689D16AE3D2300248292 /* trash-icon_push.png in Resources */ = {isa = PBXBuildFile; fileRef = 2F85684916AE3D2300248292 /* trash-icon_push.png */; };
		2F85689E16AE3D2300248292 /* wheel-icon.png in Resources */ = {isa = PBXBuildFile; fileRef = 2F85684A16AE3D2300248292 /* wheel-icon.png */; };
		2F85689F16AE3D2300248292 /* wheel-icon_push.png in Resources */ = {isa = PBXBuildFile; fileRef = 2F85684B16AE3D2300248292 /* wheel-icon_push.png */; };
		2F8568A416AE47E300248292 /* VALoginController.m in Sources */ = {isa = PBXBuildFile; fileRef = 2F8568A216AE47E300248292 /* VALoginController.m */; };
		2F8568A516AE47E300248292 /* VALoginController.xib in Resources */ = {isa = PBXBuildFile; fileRef = 2F8568A316AE47E300248292 /* VALoginController.xib */; };
		2F8568AD16AE521000248292 /* VAGlobal.m in Sources */ = {isa = PBXBuildFile; fileRef = 2F8568AC16AE521000248292 /* VAGlobal.m */; };
		2F8568B016AE54B700248292 /* VASetting.m in Sources */ = {isa = PBXBuildFile; fileRef = 2F8568AF16AE54B700248292 /* VASetting.m */; };
		2F8568C316AE675A00248292 /* TDDatabase.m in Sources */ = {isa = PBXBuildFile; fileRef = 2F8568B616AE675A00248292 /* TDDatabase.m */; };
		2F8568C416AE675A00248292 /* TDSqlManager.m in Sources */ = {isa = PBXBuildFile; fileRef = 2F8568B816AE675A00248292 /* TDSqlManager.m */; };
		2F8568C516AE675A00248292 /* TDLanguage.m in Sources */ = {isa = PBXBuildFile; fileRef = 2F8568BB16AE675A00248292 /* TDLanguage.m */; };
		2F8568C616AE675A00248292 /* TDSize.m in Sources */ = {isa = PBXBuildFile; fileRef = 2F8568BE16AE675A00248292 /* TDSize.m */; };
		2F8568C716AE675A00248292 /* TDString.m in Sources */ = {isa = PBXBuildFile; fileRef = 2F8568C116AE675A00248292 /* TDString.m */; };
		2F8568CA16AE681B00248292 /* Localizable.strings in Resources */ = {isa = PBXBuildFile; fileRef = 2F8568C816AE681B00248292 /* Localizable.strings */; };
		2F8568CC16AE68C000248292 /* libsqlite3.0.dylib in Frameworks */ = {isa = PBXBuildFile; fileRef = 2F8568CB16AE68C000248292 /* libsqlite3.0.dylib */; };
		2F8568CF16AE696B00248292 /* VAUser.m in Sources */ = {isa = PBXBuildFile; fileRef = 2F8568CE16AE696B00248292 /* VAUser.m */; };
		2FDA03AF16A47DFC00F50D40 /* UIKit.framework in Frameworks */ = {isa = PBXBuildFile; fileRef = 2FDA03AE16A47DFC00F50D40 /* UIKit.framework */; };
		2FDA03B116A47DFC00F50D40 /* Foundation.framework in Frameworks */ = {isa = PBXBuildFile; fileRef = 2FDA03B016A47DFC00F50D40 /* Foundation.framework */; };
		2FDA03B316A47DFC00F50D40 /* CoreGraphics.framework in Frameworks */ = {isa = PBXBuildFile; fileRef = 2FDA03B216A47DFC00F50D40 /* CoreGraphics.framework */; };
		2FDA03B916A47DFC00F50D40 /* InfoPlist.strings in Resources */ = {isa = PBXBuildFile; fileRef = 2FDA03B716A47DFC00F50D40 /* InfoPlist.strings */; };
		2FDA03BB16A47DFC00F50D40 /* main.m in Sources */ = {isa = PBXBuildFile; fileRef = 2FDA03BA16A47DFC00F50D40 /* main.m */; };
		2FDA03C116A47DFC00F50D40 /* Default.png in Resources */ = {isa = PBXBuildFile; fileRef = 2FDA03C016A47DFC00F50D40 /* Default.png */; };
		2FDA03C316A47DFC00F50D40 /* Default@2x.png in Resources */ = {isa = PBXBuildFile; fileRef = 2FDA03C216A47DFC00F50D40 /* Default@2x.png */; };
		2FDA03C516A47DFC00F50D40 /* Default-568h@2x.png in Resources */ = {isa = PBXBuildFile; fileRef = 2FDA03C416A47DFC00F50D40 /* Default-568h@2x.png */; };
		2FDA03CB16A47DFC00F50D40 /* TDViewController.xib in Resources */ = {isa = PBXBuildFile; fileRef = 2FDA03C916A47DFC00F50D40 /* TDViewController.xib */; };
/* End PBXBuildFile section */

/* Begin PBXFileReference section */
		2F0F45A316B97C2B00288DC4 /* VATermViewController.h */ = {isa = PBXFileReference; fileEncoding = 4; lastKnownFileType = sourcecode.c.h; path = VATermViewController.h; sourceTree = "<group>"; };
		2F0F45A416B97C2B00288DC4 /* VATermViewController.m */ = {isa = PBXFileReference; fileEncoding = 4; lastKnownFileType = sourcecode.c.objc; path = VATermViewController.m; sourceTree = "<group>"; };
		2F0F45A516B97C2B00288DC4 /* VATermViewController.xib */ = {isa = PBXFileReference; fileEncoding = 4; lastKnownFileType = file.xib; path = VATermViewController.xib; sourceTree = "<group>"; };
		2F0F45AD16B9885D00288DC4 /* TDPreference.h */ = {isa = PBXFileReference; fileEncoding = 4; lastKnownFileType = sourcecode.c.h; path = TDPreference.h; sourceTree = "<group>"; };
		2F0F45AE16B9885D00288DC4 /* TDPreference.m */ = {isa = PBXFileReference; fileEncoding = 4; lastKnownFileType = sourcecode.c.objc; path = TDPreference.m; sourceTree = "<group>"; };
		2F85049C16BB697D00084D28 /* VAGroup.h */ = {isa = PBXFileReference; fileEncoding = 4; lastKnownFileType = sourcecode.c.h; path = VAGroup.h; sourceTree = "<group>"; };
		2F85049D16BB697D00084D28 /* VAGroup.m */ = {isa = PBXFileReference; fileEncoding = 4; lastKnownFileType = sourcecode.c.objc; path = VAGroup.m; sourceTree = "<group>"; };
		2F85049F16BB71C200084D28 /* VAPassword.h */ = {isa = PBXFileReference; fileEncoding = 4; lastKnownFileType = sourcecode.c.h; path = VAPassword.h; sourceTree = "<group>"; };
		2F8504A016BB71C200084D28 /* VAPassword.m */ = {isa = PBXFileReference; fileEncoding = 4; lastKnownFileType = sourcecode.c.objc; path = VAPassword.m; sourceTree = "<group>"; };
		2F8504A216BB783500084D28 /* VAElementId.h */ = {isa = PBXFileReference; fileEncoding = 4; lastKnownFileType = sourcecode.c.h; path = VAElementId.h; sourceTree = "<group>"; };
		2F8504A316BB783500084D28 /* VAElementId.m */ = {isa = PBXFileReference; fileEncoding = 4; lastKnownFileType = sourcecode.c.objc; path = VAElementId.m; sourceTree = "<group>"; };
		2F85082216BCBFFC00084D28 /* VAImgLabelCell.xib */ = {isa = PBXFileReference; fileEncoding = 4; lastKnownFileType = file.xib; path = VAImgLabelCell.xib; sourceTree = "<group>"; };
		2F85082416BCC01C00084D28 /* VAImgLabelCell.h */ = {isa = PBXFileReference; fileEncoding = 4; lastKnownFileType = sourcecode.c.h; path = VAImgLabelCell.h; sourceTree = "<group>"; };
		2F85082516BCC01C00084D28 /* VAImgLabelCell.m */ = {isa = PBXFileReference; fileEncoding = 4; lastKnownFileType = sourcecode.c.objc; path = VAImgLabelCell.m; sourceTree = "<group>"; };
		2F85082716BCC3B000084D28 /* VAImageCell.xib */ = {isa = PBXFileReference; fileEncoding = 4; lastKnownFileType = file.xib; path = VAImageCell.xib; sourceTree = "<group>"; };
		2F85082916BCC3C800084D28 /* VAImageCell.h */ = {isa = PBXFileReference; fileEncoding = 4; lastKnownFileType = sourcecode.c.h; path = VAImageCell.h; sourceTree = "<group>"; };
		2F85082A16BCC3C800084D28 /* VAImageCell.m */ = {isa = PBXFileReference; fileEncoding = 4; lastKnownFileType = sourcecode.c.objc; path = VAImageCell.m; sourceTree = "<group>"; };
		2F85083516BD0A7600084D28 /* VAElementViewController.h */ = {isa = PBXFileReference; fileEncoding = 4; lastKnownFileType = sourcecode.c.h; path = VAElementViewController.h; sourceTree = "<group>"; };
		2F85083616BD0A7600084D28 /* VAElementViewController.m */ = {isa = PBXFileReference; fileEncoding = 4; lastKnownFileType = sourcecode.c.objc; path = VAElementViewController.m; sourceTree = "<group>"; };
		2F85083716BD0A7600084D28 /* VAElementViewController.xib */ = {isa = PBXFileReference; fileEncoding = 4; lastKnownFileType = file.xib; path = VAElementViewController.xib; sourceTree = "<group>"; };
		2F85083A16BD33B400084D28 /* VAPasswordIDView.xib */ = {isa = PBXFileReference; fileEncoding = 4; lastKnownFileType = file.xib; path = VAPasswordIDView.xib; sourceTree = "<group>"; };
		2F85083D16BD5F8200084D28 /* TDWebViewController.h */ = {isa = PBXFileReference; fileEncoding = 4; lastKnownFileType = sourcecode.c.h; path = TDWebViewController.h; sourceTree = "<group>"; };
		2F85083E16BD5F8200084D28 /* TDWebViewController.m */ = {isa = PBXFileReference; fileEncoding = 4; lastKnownFileType = sourcecode.c.objc; path = TDWebViewController.m; sourceTree = "<group>"; };
		2F85083F16BD5F8200084D28 /* TDWebViewController.xib */ = {isa = PBXFileReference; fileEncoding = 4; lastKnownFileType = file.xib; path = TDWebViewController.xib; sourceTree = "<group>"; };
		2F8567E716AE3CCE00248292 /* TDAppDelegate.h */ = {isa = PBXFileReference; fileEncoding = 4; lastKnownFileType = sourcecode.c.h; path = TDAppDelegate.h; sourceTree = "<group>"; };
		2F8567E816AE3CCE00248292 /* TDAppDelegate.m */ = {isa = PBXFileReference; fileEncoding = 4; lastKnownFileType = sourcecode.c.objc; path = TDAppDelegate.m; sourceTree = "<group>"; };
		2F8567ED16AE3CCE00248292 /* TDViewController.h */ = {isa = PBXFileReference; fileEncoding = 4; lastKnownFileType = sourcecode.c.h; path = TDViewController.h; sourceTree = "<group>"; };
		2F8567EE16AE3CCE00248292 /* TDViewController.m */ = {isa = PBXFileReference; fileEncoding = 4; lastKnownFileType = sourcecode.c.objc; path = TDViewController.m; sourceTree = "<group>"; };
		2F8567F516AE3D1500248292 /* Thumb */ = {isa = PBXFileReference; lastKnownFileType = folder; path = Thumb; sourceTree = "<group>"; };
		2F8567F816AE3D2300248292 /* +.png */ = {isa = PBXFileReference; lastKnownFileType = image.png; path = "+.png"; sourceTree = "<group>"; };
		2F8567F916AE3D2300248292 /* +_push.png */ = {isa = PBXFileReference; lastKnownFileType = image.png; path = "+_push.png"; sourceTree = "<group>"; };
		2F8567FB16AE3D2300248292 /* albumIcon.png */ = {isa = PBXFileReference; lastKnownFileType = image.png; path = albumIcon.png; sourceTree = "<group>"; };
		2F8567FC16AE3D2300248292 /* arrow_left_dark.png */ = {isa = PBXFileReference; lastKnownFileType = image.png; path = arrow_left_dark.png; sourceTree = "<group>"; };
		2F8567FD16AE3D2300248292 /* arrow_left_iphone.png */ = {isa = PBXFileReference; lastKnownFileType = image.png; path = arrow_left_iphone.png; sourceTree = "<group>"; };
		2F8567FE16AE3D2300248292 /* arrow_right_dk.png */ = {isa = PBXFileReference; lastKnownFileType = image.png; path = arrow_right_dk.png; sourceTree = "<group>"; };
		2F8567FF16AE3D2300248292 /* arrow_right_iphone.png */ = {isa = PBXFileReference; lastKnownFileType = image.png; path = arrow_right_iphone.png; sourceTree = "<group>"; };
		2F85680016AE3D2300248292 /* bg_00.png */ = {isa = PBXFileReference; lastKnownFileType = image.png; path = bg_00.png; sourceTree = "<group>"; };
		2F85680116AE3D2300248292 /* bg_01.png */ = {isa = PBXFileReference; lastKnownFileType = image.png; path = bg_01.png; sourceTree = "<group>"; };
		2F85680216AE3D2300248292 /* bg_02.png */ = {isa = PBXFileReference; lastKnownFileType = image.png; path = bg_02.png; sourceTree = "<group>"; };
		2F85680316AE3D2300248292 /* bg_03.png */ = {isa = PBXFileReference; lastKnownFileType = image.png; path = bg_03.png; sourceTree = "<group>"; };
		2F85680416AE3D2300248292 /* bg_04.png */ = {isa = PBXFileReference; lastKnownFileType = image.png; path = bg_04.png; sourceTree = "<group>"; };
		2F85680516AE3D2300248292 /* black_back.png */ = {isa = PBXFileReference; lastKnownFileType = image.png; path = black_back.png; sourceTree = "<group>"; };
		2F85680616AE3D2300248292 /* brouther_back_act.png */ = {isa = PBXFileReference; lastKnownFileType = image.png; path = brouther_back_act.png; sourceTree = "<group>"; };
		2F85680716AE3D2300248292 /* brouther_back_neg.png */ = {isa = PBXFileReference; lastKnownFileType = image.png; path = brouther_back_neg.png; sourceTree = "<group>"; };
		2F85680816AE3D2300248292 /* brouther_forward_act.png */ = {isa = PBXFileReference; lastKnownFileType = image.png; path = brouther_forward_act.png; sourceTree = "<group>"; };
		2F85680916AE3D2300248292 /* brouther_forward_neg.png */ = {isa = PBXFileReference; lastKnownFileType = image.png; path = brouther_forward_neg.png; sourceTree = "<group>"; };
		2F85680A16AE3D2300248292 /* brouther_refresh.png */ = {isa = PBXFileReference; lastKnownFileType = image.png; path = brouther_refresh.png; sourceTree = "<group>"; };
		2F85680B16AE3D2300248292 /* button_blue.png */ = {isa = PBXFileReference; lastKnownFileType = image.png; path = button_blue.png; sourceTree = "<group>"; };
		2F85680C16AE3D2300248292 /* button_bottom@2x.png */ = {isa = PBXFileReference; lastKnownFileType = image.png; path = "button_bottom@2x.png"; sourceTree = "<group>"; };
		2F85680D16AE3D2300248292 /* camera-icon.png */ = {isa = PBXFileReference; lastKnownFileType = image.png; path = "camera-icon.png"; sourceTree = "<group>"; };
		2F85680E16AE3D2300248292 /* camera-icon_push.png */ = {isa = PBXFileReference; lastKnownFileType = image.png; path = "camera-icon_push.png"; sourceTree = "<group>"; };
		2F85680F16AE3D2300248292 /* check-mark.png */ = {isa = PBXFileReference; lastKnownFileType = image.png; path = "check-mark.png"; sourceTree = "<group>"; };
		2F85681016AE3D2300248292 /* check-mark2.png */ = {isa = PBXFileReference; lastKnownFileType = image.png; path = "check-mark2.png"; sourceTree = "<group>"; };
		2F85681116AE3D2300248292 /* check-mark2_push.png */ = {isa = PBXFileReference; lastKnownFileType = image.png; path = "check-mark2_push.png"; sourceTree = "<group>"; };
		2F85681216AE3D2300248292 /* clear.png */ = {isa = PBXFileReference; lastKnownFileType = image.png; path = clear.png; sourceTree = "<group>"; };
		2F85681316AE3D2300248292 /* copy-bottun-edge-left.png */ = {isa = PBXFileReference; lastKnownFileType = image.png; path = "copy-bottun-edge-left.png"; sourceTree = "<group>"; };
		2F85681416AE3D2300248292 /* copy-bottun-edge-right.png */ = {isa = PBXFileReference; lastKnownFileType = image.png; path = "copy-bottun-edge-right.png"; sourceTree = "<group>"; };
		2F85681516AE3D2300248292 /* copy-bottun.png */ = {isa = PBXFileReference; lastKnownFileType = image.png; path = "copy-bottun.png"; sourceTree = "<group>"; };
		2F85681616AE3D2300248292 /* copy-bottun_push.png */ = {isa = PBXFileReference; lastKnownFileType = image.png; path = "copy-bottun_push.png"; sourceTree = "<group>"; };
		2F85681A16AE3D2300248292 /* dropboxLogo.png */ = {isa = PBXFileReference; lastKnownFileType = image.png; path = dropboxLogo.png; sourceTree = "<group>"; };
		2F85681B16AE3D2300248292 /* edit.png */ = {isa = PBXFileReference; lastKnownFileType = image.png; path = edit.png; sourceTree = "<group>"; };
		2F85681C16AE3D2300248292 /* F1.png */ = {isa = PBXFileReference; lastKnownFileType = image.png; path = F1.png; sourceTree = "<group>"; };
		2F85681D16AE3D2300248292 /* F2.png */ = {isa = PBXFileReference; lastKnownFileType = image.png; path = F2.png; sourceTree = "<group>"; };
		2F85681E16AE3D2300248292 /* fav.png */ = {isa = PBXFileReference; lastKnownFileType = image.png; path = fav.png; sourceTree = "<group>"; };
		2F85681F16AE3D2300248292 /* Favorite.png */ = {isa = PBXFileReference; lastKnownFileType = image.png; path = Favorite.png; sourceTree = "<group>"; };
		2F85682016AE3D2300248292 /* file.png */ = {isa = PBXFileReference; lastKnownFileType = image.png; path = file.png; sourceTree = "<group>"; };
		2F85682116AE3D2300248292 /* folder+.png */ = {isa = PBXFileReference; lastKnownFileType = image.png; path = "folder+.png"; sourceTree = "<group>"; };
		2F85682216AE3D2300248292 /* folder-common.png */ = {isa = PBXFileReference; lastKnownFileType = image.png; path = "folder-common.png"; sourceTree = "<group>"; };
		2F85682316AE3D2300248292 /* folder-s-common.png */ = {isa = PBXFileReference; lastKnownFileType = image.png; path = "folder-s-common.png"; sourceTree = "<group>"; };
		2F85682416AE3D2300248292 /* folder-s-select.png */ = {isa = PBXFileReference; lastKnownFileType = image.png; path = "folder-s-select.png"; sourceTree = "<group>"; };
		2F85682516AE3D2300248292 /* folder-select.png */ = {isa = PBXFileReference; lastKnownFileType = image.png; path = "folder-select.png"; sourceTree = "<group>"; };
		2F85682616AE3D2300248292 /* GoogleDriveLogo.png */ = {isa = PBXFileReference; lastKnownFileType = image.png; path = GoogleDriveLogo.png; sourceTree = "<group>"; };
		2F85682716AE3D2300248292 /* googleIcon.png */ = {isa = PBXFileReference; lastKnownFileType = image.png; path = googleIcon.png; sourceTree = "<group>"; };
		2F85682816AE3D2300248292 /* history.png */ = {isa = PBXFileReference; lastKnownFileType = image.png; path = history.png; sourceTree = "<group>"; };
		2F85682916AE3D2300248292 /* i.png */ = {isa = PBXFileReference; lastKnownFileType = image.png; path = i.png; sourceTree = "<group>"; };
		2F85682A16AE3D2300248292 /* i_push.png */ = {isa = PBXFileReference; lastKnownFileType = image.png; path = i_push.png; sourceTree = "<group>"; };
		2F85682B16AE3D2300248292 /* icon.png */ = {isa = PBXFileReference; lastKnownFileType = image.png; path = icon.png; sourceTree = "<group>"; };
		2F85682C16AE3D2300248292 /* icon@2x.png */ = {isa = PBXFileReference; lastKnownFileType = image.png; path = "icon@2x.png"; sourceTree = "<group>"; };
		2F85682D16AE3D2300248292 /* ID&Password.png */ = {isa = PBXFileReference; lastKnownFileType = image.png; path = "ID&Password.png"; sourceTree = "<group>"; };
		2F85682E16AE3D2300248292 /* ID&Password_icon1024.png */ = {isa = PBXFileReference; lastKnownFileType = image.png; path = "ID&Password_icon1024.png"; sourceTree = "<group>"; };
		2F85682F16AE3D2300248292 /* ID&Password_icon1024R.png */ = {isa = PBXFileReference; lastKnownFileType = image.png; path = "ID&Password_icon1024R.png"; sourceTree = "<group>"; };
		2F85683016AE3D2300248292 /* ID&Password_icon512.png */ = {isa = PBXFileReference; lastKnownFileType = image.png; path = "ID&Password_icon512.png"; sourceTree = "<group>"; };
		2F85683116AE3D2300248292 /* ID&Password_icon512R.png */ = {isa = PBXFileReference; lastKnownFileType = image.png; path = "ID&Password_icon512R.png"; sourceTree = "<group>"; };
		2F85683216AE3D2300248292 /* item-bar-select.png */ = {isa = PBXFileReference; lastKnownFileType = image.png; path = "item-bar-select.png"; sourceTree = "<group>"; };
		2F85683316AE3D2300248292 /* item-bar.png */ = {isa = PBXFileReference; lastKnownFileType = image.png; path = "item-bar.png"; sourceTree = "<group>"; };
		2F85683416AE3D2300248292 /* jog_keyboard.png */ = {isa = PBXFileReference; lastKnownFileType = image.png; path = jog_keyboard.png; sourceTree = "<group>"; };
		2F85683516AE3D2300248292 /* jog_keyboard_push.png */ = {isa = PBXFileReference; lastKnownFileType = image.png; path = jog_keyboard_push.png; sourceTree = "<group>"; };
		2F85683616AE3D2300248292 /* jog_note.png */ = {isa = PBXFileReference; lastKnownFileType = image.png; path = jog_note.png; sourceTree = "<group>"; };
		2F85683716AE3D2300248292 /* jog_note_push.png */ = {isa = PBXFileReference; lastKnownFileType = image.png; path = jog_note_push.png; sourceTree = "<group>"; };
		2F85683816AE3D2300248292 /* jog_upperswitch.png */ = {isa = PBXFileReference; lastKnownFileType = image.png; path = jog_upperswitch.png; sourceTree = "<group>"; };
		2F85683916AE3D2300248292 /* Keyboard-Changer.png */ = {isa = PBXFileReference; lastKnownFileType = image.png; path = "Keyboard-Changer.png"; sourceTree = "<group>"; };
		2F85683A16AE3D2300248292 /* library-icon.png */ = {isa = PBXFileReference; lastKnownFileType = image.png; path = "library-icon.png"; sourceTree = "<group>"; };
		2F85683B16AE3D2300248292 /* master-password.png */ = {isa = PBXFileReference; lastKnownFileType = image.png; path = "master-password.png"; sourceTree = "<group>"; };
		2F85683C16AE3D2300248292 /* paster_bk.png */ = {isa = PBXFileReference; lastKnownFileType = image.png; path = paster_bk.png; sourceTree = "<group>"; };
		2F85683D16AE3D2300248292 /* refresh.png */ = {isa = PBXFileReference; lastKnownFileType = image.png; path = refresh.png; sourceTree = "<group>"; };
		2F85683E16AE3D2300248292 /* return.png */ = {isa = PBXFileReference; lastKnownFileType = image.png; path = return.png; sourceTree = "<group>"; };
		2F85683F16AE3D2300248292 /* return_push.png */ = {isa = PBXFileReference; lastKnownFileType = image.png; path = return_push.png; sourceTree = "<group>"; };
		2F85684016AE3D2300248292 /* save.png */ = {isa = PBXFileReference; lastKnownFileType = image.png; path = save.png; sourceTree = "<group>"; };
		2F85684116AE3D2300248292 /* save_push.png */ = {isa = PBXFileReference; lastKnownFileType = image.png; path = save_push.png; sourceTree = "<group>"; };
		2F85684216AE3D2300248292 /* Setting.png */ = {isa = PBXFileReference; lastKnownFileType = image.png; path = Setting.png; sourceTree = "<group>"; };
		2F85684316AE3D2300248292 /* Setting_push.png */ = {isa = PBXFileReference; lastKnownFileType = image.png; path = Setting_push.png; sourceTree = "<group>"; };
		2F85684416AE3D2300248292 /* Swt-Confirm.png */ = {isa = PBXFileReference; lastKnownFileType = image.png; path = "Swt-Confirm.png"; sourceTree = "<group>"; };
		2F85684516AE3D2300248292 /* sync.png */ = {isa = PBXFileReference; lastKnownFileType = image.png; path = sync.png; sourceTree = "<group>"; };
		2F85684616AE3D2300248292 /* sync_push.png */ = {isa = PBXFileReference; lastKnownFileType = image.png; path = sync_push.png; sourceTree = "<group>"; };
		2F85684716AE3D2300248292 /* textSetting.png */ = {isa = PBXFileReference; lastKnownFileType = image.png; path = textSetting.png; sourceTree = "<group>"; };
		2F85684816AE3D2300248292 /* trash-icon.png */ = {isa = PBXFileReference; lastKnownFileType = image.png; path = "trash-icon.png"; sourceTree = "<group>"; };
		2F85684916AE3D2300248292 /* trash-icon_push.png */ = {isa = PBXFileReference; lastKnownFileType = image.png; path = "trash-icon_push.png"; sourceTree = "<group>"; };
		2F85684A16AE3D2300248292 /* wheel-icon.png */ = {isa = PBXFileReference; lastKnownFileType = image.png; path = "wheel-icon.png"; sourceTree = "<group>"; };
		2F85684B16AE3D2300248292 /* wheel-icon_push.png */ = {isa = PBXFileReference; lastKnownFileType = image.png; path = "wheel-icon_push.png"; sourceTree = "<group>"; };
		2F8568A116AE47E300248292 /* VALoginController.h */ = {isa = PBXFileReference; fileEncoding = 4; lastKnownFileType = sourcecode.c.h; path = VALoginController.h; sourceTree = "<group>"; };
		2F8568A216AE47E300248292 /* VALoginController.m */ = {isa = PBXFileReference; fileEncoding = 4; lastKnownFileType = sourcecode.c.objc; path = VALoginController.m; sourceTree = "<group>"; };
		2F8568A316AE47E300248292 /* VALoginController.xib */ = {isa = PBXFileReference; fileEncoding = 4; lastKnownFileType = file.xib; path = VALoginController.xib; sourceTree = "<group>"; };
		2F8568AB16AE521000248292 /* VAGlobal.h */ = {isa = PBXFileReference; fileEncoding = 4; lastKnownFileType = sourcecode.c.h; path = VAGlobal.h; sourceTree = "<group>"; };
		2F8568AC16AE521000248292 /* VAGlobal.m */ = {isa = PBXFileReference; fileEncoding = 4; lastKnownFileType = sourcecode.c.objc; path = VAGlobal.m; sourceTree = "<group>"; };
		2F8568AE16AE54B700248292 /* VASetting.h */ = {isa = PBXFileReference; fileEncoding = 4; lastKnownFileType = sourcecode.c.h; path = VASetting.h; sourceTree = "<group>"; };
		2F8568AF16AE54B700248292 /* VASetting.m */ = {isa = PBXFileReference; fileEncoding = 4; lastKnownFileType = sourcecode.c.objc; path = VASetting.m; sourceTree = "<group>"; };
		2F8568B316AE675A00248292 /* TDLog.h */ = {isa = PBXFileReference; fileEncoding = 4; lastKnownFileType = sourcecode.c.h; path = TDLog.h; sourceTree = "<group>"; };
		2F8568B516AE675A00248292 /* TDDatabase.h */ = {isa = PBXFileReference; fileEncoding = 4; lastKnownFileType = sourcecode.c.h; path = TDDatabase.h; sourceTree = "<group>"; };
		2F8568B616AE675A00248292 /* TDDatabase.m */ = {isa = PBXFileReference; fileEncoding = 4; lastKnownFileType = sourcecode.c.objc; path = TDDatabase.m; sourceTree = "<group>"; };
		2F8568B716AE675A00248292 /* TDSqlManager.h */ = {isa = PBXFileReference; fileEncoding = 4; lastKnownFileType = sourcecode.c.h; path = TDSqlManager.h; sourceTree = "<group>"; };
		2F8568B816AE675A00248292 /* TDSqlManager.m */ = {isa = PBXFileReference; fileEncoding = 4; lastKnownFileType = sourcecode.c.objc; path = TDSqlManager.m; sourceTree = "<group>"; };
		2F8568BA16AE675A00248292 /* TDLanguage.h */ = {isa = PBXFileReference; fileEncoding = 4; lastKnownFileType = sourcecode.c.h; path = TDLanguage.h; sourceTree = "<group>"; };
		2F8568BB16AE675A00248292 /* TDLanguage.m */ = {isa = PBXFileReference; fileEncoding = 4; lastKnownFileType = sourcecode.c.objc; path = TDLanguage.m; sourceTree = "<group>"; };
		2F8568BD16AE675A00248292 /* TDSize.h */ = {isa = PBXFileReference; fileEncoding = 4; lastKnownFileType = sourcecode.c.h; path = TDSize.h; sourceTree = "<group>"; };
		2F8568BE16AE675A00248292 /* TDSize.m */ = {isa = PBXFileReference; fileEncoding = 4; lastKnownFileType = sourcecode.c.objc; path = TDSize.m; sourceTree = "<group>"; };
		2F8568C016AE675A00248292 /* TDString.h */ = {isa = PBXFileReference; fileEncoding = 4; lastKnownFileType = sourcecode.c.h; path = TDString.h; sourceTree = "<group>"; };
		2F8568C116AE675A00248292 /* TDString.m */ = {isa = PBXFileReference; fileEncoding = 4; lastKnownFileType = sourcecode.c.objc; path = TDString.m; sourceTree = "<group>"; };
		2F8568C216AE675A00248292 /* TDCommonLibs.h */ = {isa = PBXFileReference; fileEncoding = 4; lastKnownFileType = sourcecode.c.h; path = TDCommonLibs.h; sourceTree = "<group>"; };
		2F8568C916AE681B00248292 /* en */ = {isa = PBXFileReference; lastKnownFileType = text.plist.strings; name = en; path = en.lproj/Localizable.strings; sourceTree = "<group>"; };
		2F8568CB16AE68C000248292 /* libsqlite3.0.dylib */ = {isa = PBXFileReference; lastKnownFileType = "compiled.mach-o.dylib"; name = libsqlite3.0.dylib; path = usr/lib/libsqlite3.0.dylib; sourceTree = SDKROOT; };
		2F8568CD16AE696B00248292 /* VAUser.h */ = {isa = PBXFileReference; fileEncoding = 4; lastKnownFileType = sourcecode.c.h; path = VAUser.h; sourceTree = "<group>"; };
		2F8568CE16AE696B00248292 /* VAUser.m */ = {isa = PBXFileReference; fileEncoding = 4; lastKnownFileType = sourcecode.c.objc; path = VAUser.m; sourceTree = "<group>"; };
		2FDA03AA16A47DFC00F50D40 /* IDManager.app */ = {isa = PBXFileReference; explicitFileType = wrapper.application; includeInIndex = 0; path = IDManager.app; sourceTree = BUILT_PRODUCTS_DIR; };
		2FDA03AE16A47DFC00F50D40 /* UIKit.framework */ = {isa = PBXFileReference; lastKnownFileType = wrapper.framework; name = UIKit.framework; path = System/Library/Frameworks/UIKit.framework; sourceTree = SDKROOT; };
		2FDA03B016A47DFC00F50D40 /* Foundation.framework */ = {isa = PBXFileReference; lastKnownFileType = wrapper.framework; name = Foundation.framework; path = System/Library/Frameworks/Foundation.framework; sourceTree = SDKROOT; };
		2FDA03B216A47DFC00F50D40 /* CoreGraphics.framework */ = {isa = PBXFileReference; lastKnownFileType = wrapper.framework; name = CoreGraphics.framework; path = System/Library/Frameworks/CoreGraphics.framework; sourceTree = SDKROOT; };
		2FDA03B616A47DFC00F50D40 /* IDManager-Info.plist */ = {isa = PBXFileReference; lastKnownFileType = text.plist.xml; path = "IDManager-Info.plist"; sourceTree = "<group>"; };
		2FDA03B816A47DFC00F50D40 /* en */ = {isa = PBXFileReference; lastKnownFileType = text.plist.strings; name = en; path = en.lproj/InfoPlist.strings; sourceTree = "<group>"; };
		2FDA03BA16A47DFC00F50D40 /* main.m */ = {isa = PBXFileReference; lastKnownFileType = sourcecode.c.objc; path = main.m; sourceTree = "<group>"; };
		2FDA03BC16A47DFC00F50D40 /* IDManager-Prefix.pch */ = {isa = PBXFileReference; lastKnownFileType = sourcecode.c.h; path = "IDManager-Prefix.pch"; sourceTree = "<group>"; };
		2FDA03C016A47DFC00F50D40 /* Default.png */ = {isa = PBXFileReference; lastKnownFileType = image.png; path = Default.png; sourceTree = "<group>"; };
		2FDA03C216A47DFC00F50D40 /* Default@2x.png */ = {isa = PBXFileReference; lastKnownFileType = image.png; path = "Default@2x.png"; sourceTree = "<group>"; };
		2FDA03C416A47DFC00F50D40 /* Default-568h@2x.png */ = {isa = PBXFileReference; lastKnownFileType = image.png; path = "Default-568h@2x.png"; sourceTree = "<group>"; };
		2FDA03CA16A47DFC00F50D40 /* en */ = {isa = PBXFileReference; lastKnownFileType = file.xib; name = en; path = en.lproj/TDViewController.xib; sourceTree = "<group>"; };
/* End PBXFileReference section */

/* Begin PBXFrameworksBuildPhase section */
		2FDA03A716A47DFC00F50D40 /* Frameworks */ = {
			isa = PBXFrameworksBuildPhase;
			buildActionMask = 2147483647;
			files = (
				2F8568CC16AE68C000248292 /* libsqlite3.0.dylib in Frameworks */,
				2FDA03AF16A47DFC00F50D40 /* UIKit.framework in Frameworks */,
				2FDA03B116A47DFC00F50D40 /* Foundation.framework in Frameworks */,
				2FDA03B316A47DFC00F50D40 /* CoreGraphics.framework in Frameworks */,
			);
			runOnlyForDeploymentPostprocessing = 0;
		};
/* End PBXFrameworksBuildPhase section */

/* Begin PBXGroup section */
		2F0F45A116B97C0600288DC4 /* Login */ = {
			isa = PBXGroup;
			children = (
				2F8568A116AE47E300248292 /* VALoginController.h */,
				2F8568A216AE47E300248292 /* VALoginController.m */,
				2F8568A316AE47E300248292 /* VALoginController.xib */,
			);
			name = Login;
			sourceTree = "<group>";
		};
		2F0F45A816B97C2F00288DC4 /* Term */ = {
			isa = PBXGroup;
			children = (
				2F0F45A316B97C2B00288DC4 /* VATermViewController.h */,
				2F0F45A416B97C2B00288DC4 /* VATermViewController.m */,
				2F0F45A516B97C2B00288DC4 /* VATermViewController.xib */,
			);
			name = Term;
			sourceTree = "<group>";
		};
		2F0F45AA16B97CCA00288DC4 /* Setting */ = {
			isa = PBXGroup;
			children = (
				2F8568AE16AE54B700248292 /* VASetting.h */,
				2F8568AF16AE54B700248292 /* VASetting.m */,
			);
			name = Setting;
			sourceTree = "<group>";
		};
		2F0F45AB16B97CD600288DC4 /* User */ = {
			isa = PBXGroup;
			children = (
				2F8568CD16AE696B00248292 /* VAUser.h */,
				2F8568CE16AE696B00248292 /* VAUser.m */,
			);
			name = User;
			sourceTree = "<group>";
		};
		2F0F45AC16B97D1600288DC4 /* Preference */ = {
			isa = PBXGroup;
			children = (
				2F0F45AD16B9885D00288DC4 /* TDPreference.h */,
				2F0F45AE16B9885D00288DC4 /* TDPreference.m */,
			);
			path = Preference;
			sourceTree = "<group>";
		};
		2F85049816BB697100084D28 /* ID */ = {
			isa = PBXGroup;
			children = (
				2F85049C16BB697D00084D28 /* VAGroup.h */,
				2F85049D16BB697D00084D28 /* VAGroup.m */,
				2F8504A216BB783500084D28 /* VAElementId.h */,
				2F8504A316BB783500084D28 /* VAElementId.m */,
				2F85049F16BB71C200084D28 /* VAPassword.h */,
				2F8504A016BB71C200084D28 /* VAPassword.m */,
			);
			path = ID;
			sourceTree = "<group>";
		};
		2F85082116BCBFD200084D28 /* ViewCell */ = {
			isa = PBXGroup;
			children = (
				2F85082216BCBFFC00084D28 /* VAImgLabelCell.xib */,
				2F85082416BCC01C00084D28 /* VAImgLabelCell.h */,
				2F85082516BCC01C00084D28 /* VAImgLabelCell.m */,
				2F85082716BCC3B000084D28 /* VAImageCell.xib */,
				2F85082916BCC3C800084D28 /* VAImageCell.h */,
				2F85082A16BCC3C800084D28 /* VAImageCell.m */,
			);
			path = ViewCell;
			sourceTree = "<group>";
		};
		2F85083416BCF0FF00084D28 /* ElementViewController */ = {
			isa = PBXGroup;
			children = (
				2F85083516BD0A7600084D28 /* VAElementViewController.h */,
				2F85083616BD0A7600084D28 /* VAElementViewController.m */,
				2F85083716BD0A7600084D28 /* VAElementViewController.xib */,
				2F85083A16BD33B400084D28 /* VAPasswordIDView.xib */,
			);
			path = ElementViewController;
			sourceTree = "<group>";
		};
		2F85083C16BD5F4F00084D28 /* WebView */ = {
			isa = PBXGroup;
			children = (
				2F85083D16BD5F8200084D28 /* TDWebViewController.h */,
				2F85083E16BD5F8200084D28 /* TDWebViewController.m */,
				2F85083F16BD5F8200084D28 /* TDWebViewController.xib */,
			);
			path = WebView;
			sourceTree = "<group>";
		};
		2F8567E516AE3CCE00248292 /* Source */ = {
			isa = PBXGroup;
			children = (
				2F8568B116AE675A00248292 /* libs */,
				2F8567E616AE3CCE00248292 /* AppDelegate */,
				2F8567E916AE3CCE00248292 /* Global */,
				2F8567EA16AE3CCE00248292 /* Help */,
				2F8567EB16AE3CCE00248292 /* Model */,
				2F8567EC16AE3CCE00248292 /* ViewController */,
			);
			path = Source;
			sourceTree = "<group>";
		};
		2F8567E616AE3CCE00248292 /* AppDelegate */ = {
			isa = PBXGroup;
			children = (
				2F8567E716AE3CCE00248292 /* TDAppDelegate.h */,
				2F8567E816AE3CCE00248292 /* TDAppDelegate.m */,
			);
			path = AppDelegate;
			sourceTree = "<group>";
		};
		2F8567E916AE3CCE00248292 /* Global */ = {
			isa = PBXGroup;
			children = (
				2F8568AB16AE521000248292 /* VAGlobal.h */,
				2F8568AC16AE521000248292 /* VAGlobal.m */,
			);
			path = Global;
			sourceTree = "<group>";
		};
		2F8567EA16AE3CCE00248292 /* Help */ = {
			isa = PBXGroup;
			children = (
			);
			path = Help;
			sourceTree = "<group>";
		};
		2F8567EB16AE3CCE00248292 /* Model */ = {
			isa = PBXGroup;
			children = (
				2F85049816BB697100084D28 /* ID */,
				2F0F45AA16B97CCA00288DC4 /* Setting */,
				2F0F45AB16B97CD600288DC4 /* User */,
			);
			path = Model;
			sourceTree = "<group>";
		};
		2F8567EC16AE3CCE00248292 /* ViewController */ = {
			isa = PBXGroup;
			children = (
				2F85083416BCF0FF00084D28 /* ElementViewController */,
				2F85082116BCBFD200084D28 /* ViewCell */,
				2F8568A016AE47C700248292 /* LoginView */,
				2F8567ED16AE3CCE00248292 /* TDViewController.h */,
				2F8567EE16AE3CCE00248292 /* TDViewController.m */,
				2FDA03C916A47DFC00F50D40 /* TDViewController.xib */,
			);
			path = ViewController;
			sourceTree = "<group>";
		};
		2F8567F116AE3CD500248292 /* Resource */ = {
			isa = PBXGroup;
			children = (
				2F8567F216AE3CD500248292 /* Database */,
				2F8567F316AE3CD500248292 /* Image */,
				2F8567F416AE3CD500248292 /* Sound */,
			);
			path = Resource;
			sourceTree = "<group>";
		};
		2F8567F216AE3CD500248292 /* Database */ = {
			isa = PBXGroup;
			children = (
			);
			path = Database;
			sourceTree = "<group>";
		};
		2F8567F316AE3CD500248292 /* Image */ = {
			isa = PBXGroup;
			children = (
				2F8567F716AE3D2300248292 /* graphic_parts */,
				2F8567F516AE3D1500248292 /* Thumb */,
			);
			path = Image;
			sourceTree = "<group>";
		};
		2F8567F416AE3CD500248292 /* Sound */ = {
			isa = PBXGroup;
			children = (
			);
			path = Sound;
			sourceTree = "<group>";
		};
		2F8567F716AE3D2300248292 /* graphic_parts */ = {
			isa = PBXGroup;
			children = (
				2F8567F816AE3D2300248292 /* +.png */,
				2F8567F916AE3D2300248292 /* +_push.png */,
				2F8567FB16AE3D2300248292 /* albumIcon.png */,
				2F8567FC16AE3D2300248292 /* arrow_left_dark.png */,
				2F8567FD16AE3D2300248292 /* arrow_left_iphone.png */,
				2F8567FE16AE3D2300248292 /* arrow_right_dk.png */,
				2F8567FF16AE3D2300248292 /* arrow_right_iphone.png */,
				2F85680016AE3D2300248292 /* bg_00.png */,
				2F85680116AE3D2300248292 /* bg_01.png */,
				2F85680216AE3D2300248292 /* bg_02.png */,
				2F85680316AE3D2300248292 /* bg_03.png */,
				2F85680416AE3D2300248292 /* bg_04.png */,
				2F85680516AE3D2300248292 /* black_back.png */,
				2F85680616AE3D2300248292 /* brouther_back_act.png */,
				2F85680716AE3D2300248292 /* brouther_back_neg.png */,
				2F85680816AE3D2300248292 /* brouther_forward_act.png */,
				2F85680916AE3D2300248292 /* brouther_forward_neg.png */,
				2F85680A16AE3D2300248292 /* brouther_refresh.png */,
				2F85680B16AE3D2300248292 /* button_blue.png */,
				2F85680C16AE3D2300248292 /* button_bottom@2x.png */,
				2F85680D16AE3D2300248292 /* camera-icon.png */,
				2F85680E16AE3D2300248292 /* camera-icon_push.png */,
				2F85680F16AE3D2300248292 /* check-mark.png */,
				2F85681016AE3D2300248292 /* check-mark2.png */,
				2F85681116AE3D2300248292 /* check-mark2_push.png */,
				2F85681216AE3D2300248292 /* clear.png */,
				2F85681316AE3D2300248292 /* copy-bottun-edge-left.png */,
				2F85681416AE3D2300248292 /* copy-bottun-edge-right.png */,
				2F85681516AE3D2300248292 /* copy-bottun.png */,
				2F85681616AE3D2300248292 /* copy-bottun_push.png */,
				2F85681A16AE3D2300248292 /* dropboxLogo.png */,
				2F85681B16AE3D2300248292 /* edit.png */,
				2F85681C16AE3D2300248292 /* F1.png */,
				2F85681D16AE3D2300248292 /* F2.png */,
				2F85681E16AE3D2300248292 /* fav.png */,
				2F85681F16AE3D2300248292 /* Favorite.png */,
				2F85682016AE3D2300248292 /* file.png */,
				2F85682116AE3D2300248292 /* folder+.png */,
				2F85682216AE3D2300248292 /* folder-common.png */,
				2F85682316AE3D2300248292 /* folder-s-common.png */,
				2F85682416AE3D2300248292 /* folder-s-select.png */,
				2F85682516AE3D2300248292 /* folder-select.png */,
				2F85682616AE3D2300248292 /* GoogleDriveLogo.png */,
				2F85682716AE3D2300248292 /* googleIcon.png */,
				2F85682816AE3D2300248292 /* history.png */,
				2F85682916AE3D2300248292 /* i.png */,
				2F85682A16AE3D2300248292 /* i_push.png */,
				2F85682B16AE3D2300248292 /* icon.png */,
				2F85682C16AE3D2300248292 /* icon@2x.png */,
				2F85682D16AE3D2300248292 /* ID&Password.png */,
				2F85682E16AE3D2300248292 /* ID&Password_icon1024.png */,
				2F85682F16AE3D2300248292 /* ID&Password_icon1024R.png */,
				2F85683016AE3D2300248292 /* ID&Password_icon512.png */,
				2F85683116AE3D2300248292 /* ID&Password_icon512R.png */,
				2F85683216AE3D2300248292 /* item-bar-select.png */,
				2F85683316AE3D2300248292 /* item-bar.png */,
				2F85683416AE3D2300248292 /* jog_keyboard.png */,
				2F85683516AE3D2300248292 /* jog_keyboard_push.png */,
				2F85683616AE3D2300248292 /* jog_note.png */,
				2F85683716AE3D2300248292 /* jog_note_push.png */,
				2F85683816AE3D2300248292 /* jog_upperswitch.png */,
				2F85683916AE3D2300248292 /* Keyboard-Changer.png */,
				2F85683A16AE3D2300248292 /* library-icon.png */,
				2F85683B16AE3D2300248292 /* master-password.png */,
				2F85683C16AE3D2300248292 /* paster_bk.png */,
				2F85683D16AE3D2300248292 /* refresh.png */,
				2F85683E16AE3D2300248292 /* return.png */,
				2F85683F16AE3D2300248292 /* return_push.png */,
				2F85684016AE3D2300248292 /* save.png */,
				2F85684116AE3D2300248292 /* save_push.png */,
				2F85684216AE3D2300248292 /* Setting.png */,
				2F85684316AE3D2300248292 /* Setting_push.png */,
				2F85684416AE3D2300248292 /* Swt-Confirm.png */,
				2F85684516AE3D2300248292 /* sync.png */,
				2F85684616AE3D2300248292 /* sync_push.png */,
				2F85684716AE3D2300248292 /* textSetting.png */,
				2F85684816AE3D2300248292 /* trash-icon.png */,
				2F85684916AE3D2300248292 /* trash-icon_push.png */,
				2F85684A16AE3D2300248292 /* wheel-icon.png */,
				2F85684B16AE3D2300248292 /* wheel-icon_push.png */,
			);
			path = graphic_parts;
			sourceTree = "<group>";
		};
		2F8568A016AE47C700248292 /* LoginView */ = {
			isa = PBXGroup;
			children = (
				2F0F45A116B97C0600288DC4 /* Login */,
				2F0F45A816B97C2F00288DC4 /* Term */,
			);
			path = LoginView;
			sourceTree = "<group>";
		};
		2F8568B116AE675A00248292 /* libs */ = {
			isa = PBXGroup;
			children = (
				2F85083C16BD5F4F00084D28 /* WebView */,
				2F0F45AC16B97D1600288DC4 /* Preference */,
				2F8568B216AE675A00248292 /* Configs */,
				2F8568B416AE675A00248292 /* Database */,
				2F8568B916AE675A00248292 /* Language */,
				2F8568BC16AE675A00248292 /* Size */,
				2F8568BF16AE675A00248292 /* String */,
				2F8568C216AE675A00248292 /* TDCommonLibs.h */,
			);
			name = libs;
			path = Help/libs;
			sourceTree = "<group>";
		};
		2F8568B216AE675A00248292 /* Configs */ = {
			isa = PBXGroup;
			children = (
				2F8568B316AE675A00248292 /* TDLog.h */,
			);
			path = Configs;
			sourceTree = "<group>";
		};
		2F8568B416AE675A00248292 /* Database */ = {
			isa = PBXGroup;
			children = (
				2F8568B516AE675A00248292 /* TDDatabase.h */,
				2F8568B616AE675A00248292 /* TDDatabase.m */,
				2F8568B716AE675A00248292 /* TDSqlManager.h */,
				2F8568B816AE675A00248292 /* TDSqlManager.m */,
			);
			path = Database;
			sourceTree = "<group>";
		};
		2F8568B916AE675A00248292 /* Language */ = {
			isa = PBXGroup;
			children = (
				2F8568BA16AE675A00248292 /* TDLanguage.h */,
				2F8568BB16AE675A00248292 /* TDLanguage.m */,
			);
			path = Language;
			sourceTree = "<group>";
		};
		2F8568BC16AE675A00248292 /* Size */ = {
			isa = PBXGroup;
			children = (
				2F8568BD16AE675A00248292 /* TDSize.h */,
				2F8568BE16AE675A00248292 /* TDSize.m */,
			);
			path = Size;
			sourceTree = "<group>";
		};
		2F8568BF16AE675A00248292 /* String */ = {
			isa = PBXGroup;
			children = (
				2F8568C016AE675A00248292 /* TDString.h */,
				2F8568C116AE675A00248292 /* TDString.m */,
			);
			path = String;
			sourceTree = "<group>";
		};
		2FDA039F16A47DFC00F50D40 = {
			isa = PBXGroup;
			children = (
				2F8568CB16AE68C000248292 /* libsqlite3.0.dylib */,
				2FDA03B416A47DFC00F50D40 /* IDManager */,
				2FDA03AD16A47DFC00F50D40 /* Frameworks */,
				2FDA03AB16A47DFC00F50D40 /* Products */,
			);
			sourceTree = "<group>";
		};
		2FDA03AB16A47DFC00F50D40 /* Products */ = {
			isa = PBXGroup;
			children = (
				2FDA03AA16A47DFC00F50D40 /* IDManager.app */,
			);
			name = Products;
			sourceTree = "<group>";
		};
		2FDA03AD16A47DFC00F50D40 /* Frameworks */ = {
			isa = PBXGroup;
			children = (
				2FDA03AE16A47DFC00F50D40 /* UIKit.framework */,
				2FDA03B016A47DFC00F50D40 /* Foundation.framework */,
				2FDA03B216A47DFC00F50D40 /* CoreGraphics.framework */,
			);
			name = Frameworks;
			sourceTree = "<group>";
		};
		2FDA03B416A47DFC00F50D40 /* IDManager */ = {
			isa = PBXGroup;
			children = (
				2F8567F116AE3CD500248292 /* Resource */,
				2F8567E516AE3CCE00248292 /* Source */,
				2FDA03B516A47DFC00F50D40 /* Supporting Files */,
			);
			path = IDManager;
			sourceTree = "<group>";
		};
		2FDA03B516A47DFC00F50D40 /* Supporting Files */ = {
			isa = PBXGroup;
			children = (
				2FDA03B616A47DFC00F50D40 /* IDManager-Info.plist */,
				2FDA03B716A47DFC00F50D40 /* InfoPlist.strings */,
				2FDA03BA16A47DFC00F50D40 /* main.m */,
				2FDA03BC16A47DFC00F50D40 /* IDManager-Prefix.pch */,
				2FDA03C016A47DFC00F50D40 /* Default.png */,
				2FDA03C216A47DFC00F50D40 /* Default@2x.png */,
				2FDA03C416A47DFC00F50D40 /* Default-568h@2x.png */,
				2F8568C816AE681B00248292 /* Localizable.strings */,
			);
			name = "Supporting Files";
			sourceTree = "<group>";
		};
/* End PBXGroup section */

/* Begin PBXNativeTarget section */
		2FDA03A916A47DFC00F50D40 /* IDManager */ = {
			isa = PBXNativeTarget;
			buildConfigurationList = 2FDA03CE16A47DFC00F50D40 /* Build configuration list for PBXNativeTarget "IDManager" */;
			buildPhases = (
				2FDA03A616A47DFC00F50D40 /* Sources */,
				2FDA03A716A47DFC00F50D40 /* Frameworks */,
				2FDA03A816A47DFC00F50D40 /* Resources */,
			);
			buildRules = (
			);
			dependencies = (
			);
			name = IDManager;
			productName = IDManager;
			productReference = 2FDA03AA16A47DFC00F50D40 /* IDManager.app */;
			productType = "com.apple.product-type.application";
		};
/* End PBXNativeTarget section */

/* Begin PBXProject section */
		2FDA03A116A47DFC00F50D40 /* Project object */ = {
			isa = PBXProject;
			attributes = {
				CLASSPREFIX = TD;
				LastUpgradeCheck = 0450;
				ORGANIZATIONNAME = tranduc;
			};
			buildConfigurationList = 2FDA03A416A47DFC00F50D40 /* Build configuration list for PBXProject "IDManager" */;
			compatibilityVersion = "Xcode 3.2";
			developmentRegion = English;
			hasScannedForEncodings = 0;
			knownRegions = (
				en,
			);
			mainGroup = 2FDA039F16A47DFC00F50D40;
			productRefGroup = 2FDA03AB16A47DFC00F50D40 /* Products */;
			projectDirPath = "";
			projectRoot = "";
			targets = (
				2FDA03A916A47DFC00F50D40 /* IDManager */,
			);
		};
/* End PBXProject section */

/* Begin PBXResourcesBuildPhase section */
		2FDA03A816A47DFC00F50D40 /* Resources */ = {
			isa = PBXResourcesBuildPhase;
			buildActionMask = 2147483647;
			files = (
				2FDA03B916A47DFC00F50D40 /* InfoPlist.strings in Resources */,
				2FDA03C116A47DFC00F50D40 /* Default.png in Resources */,
				2FDA03C316A47DFC00F50D40 /* Default@2x.png in Resources */,
				2FDA03C516A47DFC00F50D40 /* Default-568h@2x.png in Resources */,
				2FDA03CB16A47DFC00F50D40 /* TDViewController.xib in Resources */,
				2F8567F616AE3D1500248292 /* Thumb in Resources */,
				2F85684C16AE3D2300248292 /* +.png in Resources */,
				2F85684D16AE3D2300248292 /* +_push.png in Resources */,
				2F85684F16AE3D2300248292 /* albumIcon.png in Resources */,
				2F85685016AE3D2300248292 /* arrow_left_dark.png in Resources */,
				2F85685116AE3D2300248292 /* arrow_left_iphone.png in Resources */,
				2F85685216AE3D2300248292 /* arrow_right_dk.png in Resources */,
				2F85685316AE3D2300248292 /* arrow_right_iphone.png in Resources */,
				2F85685416AE3D2300248292 /* bg_00.png in Resources */,
				2F85685516AE3D2300248292 /* bg_01.png in Resources */,
				2F85685616AE3D2300248292 /* bg_02.png in Resources */,
				2F85685716AE3D2300248292 /* bg_03.png in Resources */,
				2F85685816AE3D2300248292 /* bg_04.png in Resources */,
				2F85685916AE3D2300248292 /* black_back.png in Resources */,
				2F85685A16AE3D2300248292 /* brouther_back_act.png in Resources */,
				2F85685B16AE3D2300248292 /* brouther_back_neg.png in Resources */,
				2F85685C16AE3D2300248292 /* brouther_forward_act.png in Resources */,
				2F85685D16AE3D2300248292 /* brouther_forward_neg.png in Resources */,
				2F85685E16AE3D2300248292 /* brouther_refresh.png in Resources */,
				2F85685F16AE3D2300248292 /* button_blue.png in Resources */,
				2F85686016AE3D2300248292 /* button_bottom@2x.png in Resources */,
				2F85686116AE3D2300248292 /* camera-icon.png in Resources */,
				2F85686216AE3D2300248292 /* camera-icon_push.png in Resources */,
				2F85686316AE3D2300248292 /* check-mark.png in Resources */,
				2F85686416AE3D2300248292 /* check-mark2.png in Resources */,
				2F85686516AE3D2300248292 /* check-mark2_push.png in Resources */,
				2F85686616AE3D2300248292 /* clear.png in Resources */,
				2F85686716AE3D2300248292 /* copy-bottun-edge-left.png in Resources */,
				2F85686816AE3D2300248292 /* copy-bottun-edge-right.png in Resources */,
				2F85686916AE3D2300248292 /* copy-bottun.png in Resources */,
				2F85686A16AE3D2300248292 /* copy-bottun_push.png in Resources */,
				2F85686E16AE3D2300248292 /* dropboxLogo.png in Resources */,
				2F85686F16AE3D2300248292 /* edit.png in Resources */,
				2F85687016AE3D2300248292 /* F1.png in Resources */,
				2F85687116AE3D2300248292 /* F2.png in Resources */,
				2F85687216AE3D2300248292 /* fav.png in Resources */,
				2F85687316AE3D2300248292 /* Favorite.png in Resources */,
				2F85687416AE3D2300248292 /* file.png in Resources */,
				2F85687516AE3D2300248292 /* folder+.png in Resources */,
				2F85687616AE3D2300248292 /* folder-common.png in Resources */,
				2F85687716AE3D2300248292 /* folder-s-common.png in Resources */,
				2F85687816AE3D2300248292 /* folder-s-select.png in Resources */,
				2F85687916AE3D2300248292 /* folder-select.png in Resources */,
				2F85687A16AE3D2300248292 /* GoogleDriveLogo.png in Resources */,
				2F85687B16AE3D2300248292 /* googleIcon.png in Resources */,
				2F85687C16AE3D2300248292 /* history.png in Resources */,
				2F85687D16AE3D2300248292 /* i.png in Resources */,
				2F85687E16AE3D2300248292 /* i_push.png in Resources */,
				2F85687F16AE3D2300248292 /* icon.png in Resources */,
				2F85688016AE3D2300248292 /* icon@2x.png in Resources */,
				2F85688116AE3D2300248292 /* ID&Password.png in Resources */,
				2F85688216AE3D2300248292 /* ID&Password_icon1024.png in Resources */,
				2F85688316AE3D2300248292 /* ID&Password_icon1024R.png in Resources */,
				2F85688416AE3D2300248292 /* ID&Password_icon512.png in Resources */,
				2F85688516AE3D2300248292 /* ID&Password_icon512R.png in Resources */,
				2F85688616AE3D2300248292 /* item-bar-select.png in Resources */,
				2F85688716AE3D2300248292 /* item-bar.png in Resources */,
				2F85688816AE3D2300248292 /* jog_keyboard.png in Resources */,
				2F85688916AE3D2300248292 /* jog_keyboard_push.png in Resources */,
				2F85688A16AE3D2300248292 /* jog_note.png in Resources */,
				2F85688B16AE3D2300248292 /* jog_note_push.png in Resources */,
				2F85688C16AE3D2300248292 /* jog_upperswitch.png in Resources */,
				2F85688D16AE3D2300248292 /* Keyboard-Changer.png in Resources */,
				2F85688E16AE3D2300248292 /* library-icon.png in Resources */,
				2F85688F16AE3D2300248292 /* master-password.png in Resources */,
				2F85689016AE3D2300248292 /* paster_bk.png in Resources */,
				2F85689116AE3D2300248292 /* refresh.png in Resources */,
				2F85689216AE3D2300248292 /* return.png in Resources */,
				2F85689316AE3D2300248292 /* return_push.png in Resources */,
				2F85689416AE3D2300248292 /* save.png in Resources */,
				2F85689516AE3D2300248292 /* save_push.png in Resources */,
				2F85689616AE3D2300248292 /* Setting.png in Resources */,
				2F85689716AE3D2300248292 /* Setting_push.png in Resources */,
				2F85689816AE3D2300248292 /* Swt-Confirm.png in Resources */,
				2F85689916AE3D2300248292 /* sync.png in Resources */,
				2F85689A16AE3D2300248292 /* sync_push.png in Resources */,
				2F85689B16AE3D2300248292 /* textSetting.png in Resources */,
				2F85689C16AE3D2300248292 /* trash-icon.png in Resources */,
				2F85689D16AE3D2300248292 /* trash-icon_push.png in Resources */,
				2F85689E16AE3D2300248292 /* wheel-icon.png in Resources */,
				2F85689F16AE3D2300248292 /* wheel-icon_push.png in Resources */,
				2F8568A516AE47E300248292 /* VALoginController.xib in Resources */,
				2F8568CA16AE681B00248292 /* Localizable.strings in Resources */,
				2F0F45A716B97C2B00288DC4 /* VATermViewController.xib in Resources */,
				2F85082316BCBFFC00084D28 /* VAImgLabelCell.xib in Resources */,
				2F85082816BCC3B100084D28 /* VAImageCell.xib in Resources */,
				2F85083916BD0A7600084D28 /* VAElementViewController.xib in Resources */,
				2F85083B16BD33B400084D28 /* VAPasswordIDView.xib in Resources */,
				2F85084116BD5F8200084D28 /* TDWebViewController.xib in Resources */,
			);
			runOnlyForDeploymentPostprocessing = 0;
		};
/* End PBXResourcesBuildPhase section */

/* Begin PBXSourcesBuildPhase section */
		2FDA03A616A47DFC00F50D40 /* Sources */ = {
			isa = PBXSourcesBuildPhase;
			buildActionMask = 2147483647;
			files = (
				2FDA03BB16A47DFC00F50D40 /* main.m in Sources */,
				2F8567EF16AE3CCE00248292 /* TDAppDelegate.m in Sources */,
				2F8567F016AE3CCE00248292 /* TDViewController.m in Sources */,
				2F8568A416AE47E300248292 /* VALoginController.m in Sources */,
				2F8568AD16AE521000248292 /* VAGlobal.m in Sources */,
				2F8568B016AE54B700248292 /* VASetting.m in Sources */,
				2F8568C316AE675A00248292 /* TDDatabase.m in Sources */,
				2F8568C416AE675A00248292 /* TDSqlManager.m in Sources */,
				2F8568C516AE675A00248292 /* TDLanguage.m in Sources */,
				2F8568C616AE675A00248292 /* TDSize.m in Sources */,
				2F8568C716AE675A00248292 /* TDString.m in Sources */,
				2F8568CF16AE696B00248292 /* VAUser.m in Sources */,
				2F0F45A616B97C2B00288DC4 /* VATermViewController.m in Sources */,
				2F0F45AF16B9885D00288DC4 /* TDPreference.m in Sources */,
				2F85049E16BB697D00084D28 /* VAGroup.m in Sources */,
				2F8504A116BB71C200084D28 /* VAPassword.m in Sources */,
				2F8504A416BB783500084D28 /* VAElementId.m in Sources */,
				2F85082616BCC01C00084D28 /* VAImgLabelCell.m in Sources */,
				2F85082B16BCC3C900084D28 /* VAImageCell.m in Sources */,
				2F85083816BD0A7600084D28 /* VAElementViewController.m in Sources */,
				2F85084016BD5F8200084D28 /* TDWebViewController.m in Sources */,
			);
			runOnlyForDeploymentPostprocessing = 0;
		};
/* End PBXSourcesBuildPhase section */

/* Begin PBXVariantGroup section */
		2F8568C816AE681B00248292 /* Localizable.strings */ = {
			isa = PBXVariantGroup;
			children = (
				2F8568C916AE681B00248292 /* en */,
			);
			name = Localizable.strings;
			sourceTree = "<group>";
		};
		2FDA03B716A47DFC00F50D40 /* InfoPlist.strings */ = {
			isa = PBXVariantGroup;
			children = (
				2FDA03B816A47DFC00F50D40 /* en */,
			);
			name = InfoPlist.strings;
			sourceTree = "<group>";
		};
		2FDA03C916A47DFC00F50D40 /* TDViewController.xib */ = {
			isa = PBXVariantGroup;
			children = (
				2FDA03CA16A47DFC00F50D40 /* en */,
			);
			name = TDViewController.xib;
			path = ../..;
			sourceTree = "<group>";
		};
/* End PBXVariantGroup section */

/* Begin XCBuildConfiguration section */
		2FDA03CC16A47DFC00F50D40 /* Debug */ = {
			isa = XCBuildConfiguration;
			buildSettings = {
				ALWAYS_SEARCH_USER_PATHS = NO;
				CLANG_CXX_LANGUAGE_STANDARD = "gnu++0x";
				CLANG_CXX_LIBRARY = "libc++";
				CLANG_WARN_EMPTY_BODY = YES;
				CLANG_WARN__DUPLICATE_METHOD_MATCH = YES;
				"CODE_SIGN_IDENTITY[sdk=iphoneos*]" = "iPhone Developer";
				COPY_PHASE_STRIP = NO;
				GCC_C_LANGUAGE_STANDARD = gnu99;
				GCC_DYNAMIC_NO_PIC = NO;
				GCC_OPTIMIZATION_LEVEL = 0;
				GCC_PREPROCESSOR_DEFINITIONS = (
					"DEBUG=1",
					"$(inherited)",
				);
				GCC_SYMBOLS_PRIVATE_EXTERN = NO;
				GCC_WARN_ABOUT_RETURN_TYPE = YES;
				GCC_WARN_UNINITIALIZED_AUTOS = YES;
				GCC_WARN_UNUSED_VARIABLE = YES;
				IPHONEOS_DEPLOYMENT_TARGET = 4.3;
				SDKROOT = iphoneos;
			};
			name = Debug;
		};
		2FDA03CD16A47DFC00F50D40 /* Release */ = {
			isa = XCBuildConfiguration;
			buildSettings = {
				ALWAYS_SEARCH_USER_PATHS = NO;
				CLANG_CXX_LANGUAGE_STANDARD = "gnu++0x";
				CLANG_CXX_LIBRARY = "libc++";
				CLANG_WARN_EMPTY_BODY = YES;
				CLANG_WARN__DUPLICATE_METHOD_MATCH = YES;
				"CODE_SIGN_IDENTITY[sdk=iphoneos*]" = "iPhone Developer";
				COPY_PHASE_STRIP = YES;
				GCC_C_LANGUAGE_STANDARD = gnu99;
				GCC_WARN_ABOUT_RETURN_TYPE = YES;
				GCC_WARN_UNINITIALIZED_AUTOS = YES;
				GCC_WARN_UNUSED_VARIABLE = YES;
				IPHONEOS_DEPLOYMENT_TARGET = 4.3;
				OTHER_CFLAGS = "-DNS_BLOCK_ASSERTIONS=1";
				SDKROOT = iphoneos;
				VALIDATE_PRODUCT = YES;
			};
			name = Release;
		};
		2FDA03CF16A47DFC00F50D40 /* Debug */ = {
			isa = XCBuildConfiguration;
			buildSettings = {
				GCC_PRECOMPILE_PREFIX_HEADER = YES;
				GCC_PREFIX_HEADER = "IDManager/IDManager-Prefix.pch";
				INFOPLIST_FILE = "IDManager/IDManager-Info.plist";
				IPHONEOS_DEPLOYMENT_TARGET = 4.3;
				PRODUCT_NAME = "$(TARGET_NAME)";
				WRAPPER_EXTENSION = app;
			};
			name = Debug;
		};
		2FDA03D016A47DFC00F50D40 /* Release */ = {
			isa = XCBuildConfiguration;
			buildSettings = {
				GCC_PRECOMPILE_PREFIX_HEADER = YES;
				GCC_PREFIX_HEADER = "IDManager/IDManager-Prefix.pch";
				INFOPLIST_FILE = "IDManager/IDManager-Info.plist";
				IPHONEOS_DEPLOYMENT_TARGET = 4.3;
				PRODUCT_NAME = "$(TARGET_NAME)";
				WRAPPER_EXTENSION = app;
			};
			name = Release;
		};
/* End XCBuildConfiguration section */

/* Begin XCConfigurationList section */
		2FDA03A416A47DFC00F50D40 /* Build configuration list for PBXProject "IDManager" */ = {
			isa = XCConfigurationList;
			buildConfigurations = (
				2FDA03CC16A47DFC00F50D40 /* Debug */,
				2FDA03CD16A47DFC00F50D40 /* Release */,
			);
			defaultConfigurationIsVisible = 0;
			defaultConfigurationName = Release;
		};
		2FDA03CE16A47DFC00F50D40 /* Build configuration list for PBXNativeTarget "IDManager" */ = {
			isa = XCConfigurationList;
			buildConfigurations = (
				2FDA03CF16A47DFC00F50D40 /* Debug */,
				2FDA03D016A47DFC00F50D40 /* Release */,
			);
			defaultConfigurationIsVisible = 0;
			defaultConfigurationName = Release;
		};
/* End XCConfigurationList section */
	};
	rootObject = 2FDA03A116A47DFC00F50D40 /* Project object */;
}
